
Microsoft Visual Studio Solution File, Format Version 12.00
# Visual Studio Version 17
VisualStudioVersion = 17.5.33530.505
MinimumVisualStudioVersion = 10.0.40219.1
Project("{FAE04EC0-301F-11D3-BF4B-00C04F79EFBC}") = "TakeAwayApp.Wpf", "TakeAwayApp.Wpf\TakeAwayApp.Wpf.csproj", "{867E2D3C-1C58-4944-819B-90A4762B6CA4}"
EndProject
Project("{9A19103F-16F7-4668-BE54-9A1E7A4F7556}") = "OOAdvantech.Json.NetStandard", "..\..\PersistenceLayer\Xamarin\OOAdvantech.Json.NetStandard\OOAdvantech.Json.NetStandard.csproj", "{3EF27717-75B9-45E2-99A0-16B54AA8E953}"
EndProject
Project("{9A19103F-16F7-4668-BE54-9A1E7A4F7556}") = "OOAdvantech.NetStandard", "..\..\PersistenceLayer\Xamarin\OOAdvantech.NetStandard\OOAdvantech.NetStandard.csproj", "{98C53533-8117-40C2-B9A6-BBE3D5DEE050}"
EndProject
Project("{9A19103F-16F7-4668-BE54-9A1E7A4F7556}") = "Parser.NetStandard", "..\..\PersistenceLayer\Xamarin\Parser.NetStandard\Parser.NetStandard.csproj", "{86EACEFC-B2D1-41B5-BC3F-4B0A56E38CAD}"
EndProject
Project("{9A19103F-16F7-4668-BE54-9A1E7A4F7556}") = "DotNetMetaDataRepository.NetStandard", "..\..\PersistenceLayer\Xamarin\DotNetMetaDataRepository.NetStandard\DotNetMetaDataRepository.NetStandard.csproj", "{DF65186A-0E3D-4DC6-B4A7-95F0B3650E46}"
EndProject
Project("{9A19103F-16F7-4668-BE54-9A1E7A4F7556}") = "Linq.NetStandard", "..\..\PersistenceLayer\Xamarin\Linq.NetStandard\Linq.NetStandard.csproj", "{0C1F2DC4-19FE-4E05-9158-E207B1F2C3DD}"
EndProject
Project("{9A19103F-16F7-4668-BE54-9A1E7A4F7556}") = "PersistenceLayerRunTime.NetStandard", "..\..\PersistenceLayer\Xamarin\PersistenceLayerRunTime.NetStandard\PersistenceLayerRunTime.NetStandard.csproj", "{91C9EC4F-5A28-4792-AC01-384910576582}"
EndProject
Project("{9A19103F-16F7-4668-BE54-9A1E7A4F7556}") = "RDBMSMetaDataRepository.NetStandard", "..\..\PersistenceLayer\Xamarin\RDBMSMetaDataRepository.NetStandard\RDBMSMetaDataRepository.NetStandard.csproj", "{F041CD9D-AB74-4561-8A73-8092D869D4ED}"
EndProject
Project("{9A19103F-16F7-4668-BE54-9A1E7A4F7556}") = "RDBMSPersistenceRunTime.NetStandard", "..\..\PersistenceLayer\Xamarin\RDBMSPersistenceRunTime.NetStandard\RDBMSPersistenceRunTime.NetStandard.csproj", "{7099B938-8E14-4F03-BE85-805B55026892}"
EndProject
Project("{9A19103F-16F7-4668-BE54-9A1E7A4F7556}") = "SQLitePersistenceRunTime.NetStardard", "..\..\PersistenceLayer\Xamarin\SQLitePersistenceRunTime.NetStardard\SQLitePersistenceRunTime.NetStardard.csproj", "{CA6365FB-0B12-4B0F-A425-3D059A026598}"
EndProject
Project("{9A19103F-16F7-4668-BE54-9A1E7A4F7556}") = "MetaDataLoadingSystem.NetStandard", "..\..\PersistenceLayer\Xamarin\MetaDataLoadingSystem.NetStandard\MetaDataLoadingSystem.NetStandard.csproj", "{1D8A0E34-1539-4116-867E-51782D829894}"
EndProject
Project("{FAE04EC0-301F-11D3-BF4B-00C04F79EFBC}") = "OOAdvantech.NetStandard.Droid", "..\..\PersistenceLayer\Xamarin\OOAdvantech.NetStandard.Droid\OOAdvantech.NetStandard.Droid.csproj", "{C654ADF4-39DE-4084-BC46-2A9268B0068C}"
EndProject
Project("{9A19103F-16F7-4668-BE54-9A1E7A4F7556}") = "FlavourBusinessFacade", "..\DontWaitAppNS\FlavourBusinessFacade\FlavourBusinessFacade.csproj", "{390F81E7-5914-4B75-B66C-44E478197E44}"
EndProject
Project("{9A19103F-16F7-4668-BE54-9A1E7A4F7556}") = "DeviceUtilities.NetStandard", "..\..\PersistenceLayer\Xamarin\DeviceUtilities.NetStandard\DeviceUtilities.NetStandard.csproj", "{B2EED2E1-D1B0-44C7-BA98-4DE4C0E7E146}"
EndProject
Project("{FAE04EC0-301F-11D3-BF4B-00C04F79EFBC}") = "OOAdvantech.NetStandard.iOS", "..\..\PersistenceLayer\Xamarin\OOAdvantech.NetStandard.iOS\OOAdvantech.NetStandard.iOS.csproj", "{97999F66-2CD1-4B6E-BBA2-41174367DF1E}"
EndProject
Project("{FAE04EC0-301F-11D3-BF4B-00C04F79EFBC}") = "OOAdvantech.Pay.Droid", "..\..\PersistenceLayer\Xamarin\OOAdvantech.Pay.Droid\OOAdvantech.Pay.Droid.csproj", "{942E7DC9-075A-4E8F-8150-ADB7D725DBCD}"
EndProject
Project("{9A19103F-16F7-4668-BE54-9A1E7A4F7556}") = "OOAdvantech.Pay", "..\..\PersistenceLayer\Xamarin\OOAdvantech.Pay\OOAdvantech.Pay.csproj", "{05A433EF-4F89-407A-A257-181557BF4C84}"
EndProject
Project("{FAE04EC0-301F-11D3-BF4B-00C04F79EFBC}") = "OOAdvantech.Pay.iOS", "..\..\PersistenceLayer\Xamarin\OOAdvantech.Pay.iOS\OOAdvantech.Pay.iOS.csproj", "{C1EDB382-11D8-49FF-B4C4-21EF3A4CF0C4}"
EndProject
Project("{9A19103F-16F7-4668-BE54-9A1E7A4F7556}") = "FinanceFacade", "..\DontWaitAppNS\FinanceFacade\FinanceFacade.csproj", "{C8F5E194-4966-47B1-9D34-9F19D14F5960}"
EndProject
Project("{9A19103F-16F7-4668-BE54-9A1E7A4F7556}") = "FlavourOrderPresentation", "..\DontWaitAppNS\FlavourOrderPresentation\FlavourOrderPresentation.csproj", "{652D3AFE-9C08-4B36-AC6F-5E2F07503696}"
EndProject
Project("{9A19103F-16F7-4668-BE54-9A1E7A4F7556}") = "TakeAwayApp", "TakeAwayApp\TakeAwayApp.csproj", "{13A99FF9-6096-44BC-80A6-A3785FE7F91E}"
EndProject
Project("{FAE04EC0-301F-11D3-BF4B-00C04F79EFBC}") = "TakeAwayApp.Android", "TakeAwayApp.Android\TakeAwayApp.Android.csproj", "{B397C92B-7800-4B23-B43D-EC00A70A422B}"
EndProject
Project("{FAE04EC0-301F-11D3-BF4B-00C04F79EFBC}") = "TakeAwayApp.iOS", "TakeAwayApp.iOS\TakeAwayApp.iOS.csproj", "{BB0F986E-EBA7-41D6-B834-2F07A07E54C2}"
EndProject
Global
	GlobalSection(SolutionConfigurationPlatforms) = preSolution
		Debug|Any CPU = Debug|Any CPU
		Debug|ARM = Debug|ARM
		Debug|iPhone = Debug|iPhone
		Debug|iPhoneSimulator = Debug|iPhoneSimulator
		Debug|x64 = Debug|x64
		Debug|x86 = Debug|x86
		Release|Any CPU = Release|Any CPU
		Release|ARM = Release|ARM
		Release|iPhone = Release|iPhone
		Release|iPhoneSimulator = Release|iPhoneSimulator
		Release|x64 = Release|x64
		Release|x86 = Release|x86
	EndGlobalSection
	GlobalSection(ProjectConfigurationPlatforms) = postSolution
		{867E2D3C-1C58-4944-819B-90A4762B6CA4}.Debug|Any CPU.ActiveCfg = Debug|Any CPU
		{867E2D3C-1C58-4944-819B-90A4762B6CA4}.Debug|Any CPU.Build.0 = Debug|Any CPU
		{867E2D3C-1C58-4944-819B-90A4762B6CA4}.Debug|ARM.ActiveCfg = Debug|Any CPU
		{867E2D3C-1C58-4944-819B-90A4762B6CA4}.Debug|ARM.Build.0 = Debug|Any CPU
		{867E2D3C-1C58-4944-819B-90A4762B6CA4}.Debug|iPhone.ActiveCfg = Debug|Any CPU
		{867E2D3C-1C58-4944-819B-90A4762B6CA4}.Debug|iPhone.Build.0 = Debug|Any CPU
		{867E2D3C-1C58-4944-819B-90A4762B6CA4}.Debug|iPhoneSimulator.ActiveCfg = Debug|Any CPU
		{867E2D3C-1C58-4944-819B-90A4762B6CA4}.Debug|iPhoneSimulator.Build.0 = Debug|Any CPU
		{867E2D3C-1C58-4944-819B-90A4762B6CA4}.Debug|x64.ActiveCfg = Debug|Any CPU
		{867E2D3C-1C58-4944-819B-90A4762B6CA4}.Debug|x64.Build.0 = Debug|Any CPU
		{867E2D3C-1C58-4944-819B-90A4762B6CA4}.Debug|x86.ActiveCfg = Debug|Any CPU
		{867E2D3C-1C58-4944-819B-90A4762B6CA4}.Debug|x86.Build.0 = Debug|Any CPU
		{867E2D3C-1C58-4944-819B-90A4762B6CA4}.Release|Any CPU.ActiveCfg = Release|Any CPU
		{867E2D3C-1C58-4944-819B-90A4762B6CA4}.Release|Any CPU.Build.0 = Release|Any CPU
		{867E2D3C-1C58-4944-819B-90A4762B6CA4}.Release|ARM.ActiveCfg = Release|Any CPU
		{867E2D3C-1C58-4944-819B-90A4762B6CA4}.Release|ARM.Build.0 = Release|Any CPU
		{867E2D3C-1C58-4944-819B-90A4762B6CA4}.Release|iPhone.ActiveCfg = Release|Any CPU
		{867E2D3C-1C58-4944-819B-90A4762B6CA4}.Release|iPhone.Build.0 = Release|Any CPU
		{867E2D3C-1C58-4944-819B-90A4762B6CA4}.Release|iPhoneSimulator.ActiveCfg = Release|Any CPU
		{867E2D3C-1C58-4944-819B-90A4762B6CA4}.Release|iPhoneSimulator.Build.0 = Release|Any CPU
		{867E2D3C-1C58-4944-819B-90A4762B6CA4}.Release|x64.ActiveCfg = Release|Any CPU
		{867E2D3C-1C58-4944-819B-90A4762B6CA4}.Release|x64.Build.0 = Release|Any CPU
		{867E2D3C-1C58-4944-819B-90A4762B6CA4}.Release|x86.ActiveCfg = Release|Any CPU
		{867E2D3C-1C58-4944-819B-90A4762B6CA4}.Release|x86.Build.0 = Release|Any CPU
		{3EF27717-75B9-45E2-99A0-16B54AA8E953}.Debug|Any CPU.ActiveCfg = Debug|Any CPU
		{3EF27717-75B9-45E2-99A0-16B54AA8E953}.Debug|Any CPU.Build.0 = Debug|Any CPU
		{3EF27717-75B9-45E2-99A0-16B54AA8E953}.Debug|ARM.ActiveCfg = Debug|Any CPU
		{3EF27717-75B9-45E2-99A0-16B54AA8E953}.Debug|ARM.Build.0 = Debug|Any CPU
		{3EF27717-75B9-45E2-99A0-16B54AA8E953}.Debug|iPhone.ActiveCfg = Debug|Any CPU
		{3EF27717-75B9-45E2-99A0-16B54AA8E953}.Debug|iPhone.Build.0 = Debug|Any CPU
		{3EF27717-75B9-45E2-99A0-16B54AA8E953}.Debug|iPhoneSimulator.ActiveCfg = Debug|Any CPU
		{3EF27717-75B9-45E2-99A0-16B54AA8E953}.Debug|iPhoneSimulator.Build.0 = Debug|Any CPU
		{3EF27717-75B9-45E2-99A0-16B54AA8E953}.Debug|x64.ActiveCfg = Debug|Any CPU
		{3EF27717-75B9-45E2-99A0-16B54AA8E953}.Debug|x64.Build.0 = Debug|Any CPU
		{3EF27717-75B9-45E2-99A0-16B54AA8E953}.Debug|x86.ActiveCfg = Debug|Any CPU
		{3EF27717-75B9-45E2-99A0-16B54AA8E953}.Debug|x86.Build.0 = Debug|Any CPU
		{3EF27717-75B9-45E2-99A0-16B54AA8E953}.Release|Any CPU.ActiveCfg = Release|Any CPU
		{3EF27717-75B9-45E2-99A0-16B54AA8E953}.Release|Any CPU.Build.0 = Release|Any CPU
		{3EF27717-75B9-45E2-99A0-16B54AA8E953}.Release|ARM.ActiveCfg = Release|Any CPU
		{3EF27717-75B9-45E2-99A0-16B54AA8E953}.Release|ARM.Build.0 = Release|Any CPU
		{3EF27717-75B9-45E2-99A0-16B54AA8E953}.Release|iPhone.ActiveCfg = Release|Any CPU
		{3EF27717-75B9-45E2-99A0-16B54AA8E953}.Release|iPhone.Build.0 = Release|Any CPU
		{3EF27717-75B9-45E2-99A0-16B54AA8E953}.Release|iPhoneSimulator.ActiveCfg = Release|Any CPU
		{3EF27717-75B9-45E2-99A0-16B54AA8E953}.Release|iPhoneSimulator.Build.0 = Release|Any CPU
		{3EF27717-75B9-45E2-99A0-16B54AA8E953}.Release|x64.ActiveCfg = Release|Any CPU
		{3EF27717-75B9-45E2-99A0-16B54AA8E953}.Release|x64.Build.0 = Release|Any CPU
		{3EF27717-75B9-45E2-99A0-16B54AA8E953}.Release|x86.ActiveCfg = Release|Any CPU
		{3EF27717-75B9-45E2-99A0-16B54AA8E953}.Release|x86.Build.0 = Release|Any CPU
		{98C53533-8117-40C2-B9A6-BBE3D5DEE050}.Debug|Any CPU.ActiveCfg = Debug|Any CPU
		{98C53533-8117-40C2-B9A6-BBE3D5DEE050}.Debug|Any CPU.Build.0 = Debug|Any CPU
		{98C53533-8117-40C2-B9A6-BBE3D5DEE050}.Debug|ARM.ActiveCfg = Debug|Any CPU
		{98C53533-8117-40C2-B9A6-BBE3D5DEE050}.Debug|ARM.Build.0 = Debug|Any CPU
		{98C53533-8117-40C2-B9A6-BBE3D5DEE050}.Debug|iPhone.ActiveCfg = Debug|Any CPU
		{98C53533-8117-40C2-B9A6-BBE3D5DEE050}.Debug|iPhone.Build.0 = Debug|Any CPU
		{98C53533-8117-40C2-B9A6-BBE3D5DEE050}.Debug|iPhoneSimulator.ActiveCfg = Debug|Any CPU
		{98C53533-8117-40C2-B9A6-BBE3D5DEE050}.Debug|iPhoneSimulator.Build.0 = Debug|Any CPU
		{98C53533-8117-40C2-B9A6-BBE3D5DEE050}.Debug|x64.ActiveCfg = Debug|Any CPU
		{98C53533-8117-40C2-B9A6-BBE3D5DEE050}.Debug|x64.Build.0 = Debug|Any CPU
		{98C53533-8117-40C2-B9A6-BBE3D5DEE050}.Debug|x86.ActiveCfg = Debug|Any CPU
		{98C53533-8117-40C2-B9A6-BBE3D5DEE050}.Debug|x86.Build.0 = Debug|Any CPU
		{98C53533-8117-40C2-B9A6-BBE3D5DEE050}.Release|Any CPU.ActiveCfg = Release|Any CPU
		{98C53533-8117-40C2-B9A6-BBE3D5DEE050}.Release|Any CPU.Build.0 = Release|Any CPU
		{98C53533-8117-40C2-B9A6-BBE3D5DEE050}.Release|ARM.ActiveCfg = Release|Any CPU
		{98C53533-8117-40C2-B9A6-BBE3D5DEE050}.Release|ARM.Build.0 = Release|Any CPU
		{98C53533-8117-40C2-B9A6-BBE3D5DEE050}.Release|iPhone.ActiveCfg = Release|Any CPU
		{98C53533-8117-40C2-B9A6-BBE3D5DEE050}.Release|iPhone.Build.0 = Release|Any CPU
		{98C53533-8117-40C2-B9A6-BBE3D5DEE050}.Release|iPhoneSimulator.ActiveCfg = Release|Any CPU
		{98C53533-8117-40C2-B9A6-BBE3D5DEE050}.Release|iPhoneSimulator.Build.0 = Release|Any CPU
		{98C53533-8117-40C2-B9A6-BBE3D5DEE050}.Release|x64.ActiveCfg = Release|Any CPU
		{98C53533-8117-40C2-B9A6-BBE3D5DEE050}.Release|x64.Build.0 = Release|Any CPU
		{98C53533-8117-40C2-B9A6-BBE3D5DEE050}.Release|x86.ActiveCfg = Release|Any CPU
		{98C53533-8117-40C2-B9A6-BBE3D5DEE050}.Release|x86.Build.0 = Release|Any CPU
		{86EACEFC-B2D1-41B5-BC3F-4B0A56E38CAD}.Debug|Any CPU.ActiveCfg = Debug|Any CPU
		{86EACEFC-B2D1-41B5-BC3F-4B0A56E38CAD}.Debug|Any CPU.Build.0 = Debug|Any CPU
		{86EACEFC-B2D1-41B5-BC3F-4B0A56E38CAD}.Debug|ARM.ActiveCfg = Debug|Any CPU
		{86EACEFC-B2D1-41B5-BC3F-4B0A56E38CAD}.Debug|ARM.Build.0 = Debug|Any CPU
		{86EACEFC-B2D1-41B5-BC3F-4B0A56E38CAD}.Debug|iPhone.ActiveCfg = Debug|Any CPU
		{86EACEFC-B2D1-41B5-BC3F-4B0A56E38CAD}.Debug|iPhone.Build.0 = Debug|Any CPU
		{86EACEFC-B2D1-41B5-BC3F-4B0A56E38CAD}.Debug|iPhoneSimulator.ActiveCfg = Debug|Any CPU
		{86EACEFC-B2D1-41B5-BC3F-4B0A56E38CAD}.Debug|iPhoneSimulator.Build.0 = Debug|Any CPU
		{86EACEFC-B2D1-41B5-BC3F-4B0A56E38CAD}.Debug|x64.ActiveCfg = Debug|Any CPU
		{86EACEFC-B2D1-41B5-BC3F-4B0A56E38CAD}.Debug|x64.Build.0 = Debug|Any CPU
		{86EACEFC-B2D1-41B5-BC3F-4B0A56E38CAD}.Debug|x86.ActiveCfg = Debug|Any CPU
		{86EACEFC-B2D1-41B5-BC3F-4B0A56E38CAD}.Debug|x86.Build.0 = Debug|Any CPU
		{86EACEFC-B2D1-41B5-BC3F-4B0A56E38CAD}.Release|Any CPU.ActiveCfg = Release|Any CPU
		{86EACEFC-B2D1-41B5-BC3F-4B0A56E38CAD}.Release|Any CPU.Build.0 = Release|Any CPU
		{86EACEFC-B2D1-41B5-BC3F-4B0A56E38CAD}.Release|ARM.ActiveCfg = Release|Any CPU
		{86EACEFC-B2D1-41B5-BC3F-4B0A56E38CAD}.Release|ARM.Build.0 = Release|Any CPU
		{86EACEFC-B2D1-41B5-BC3F-4B0A56E38CAD}.Release|iPhone.ActiveCfg = Release|Any CPU
		{86EACEFC-B2D1-41B5-BC3F-4B0A56E38CAD}.Release|iPhone.Build.0 = Release|Any CPU
		{86EACEFC-B2D1-41B5-BC3F-4B0A56E38CAD}.Release|iPhoneSimulator.ActiveCfg = Release|Any CPU
		{86EACEFC-B2D1-41B5-BC3F-4B0A56E38CAD}.Release|iPhoneSimulator.Build.0 = Release|Any CPU
		{86EACEFC-B2D1-41B5-BC3F-4B0A56E38CAD}.Release|x64.ActiveCfg = Release|Any CPU
		{86EACEFC-B2D1-41B5-BC3F-4B0A56E38CAD}.Release|x64.Build.0 = Release|Any CPU
		{86EACEFC-B2D1-41B5-BC3F-4B0A56E38CAD}.Release|x86.ActiveCfg = Release|Any CPU
		{86EACEFC-B2D1-41B5-BC3F-4B0A56E38CAD}.Release|x86.Build.0 = Release|Any CPU
		{DF65186A-0E3D-4DC6-B4A7-95F0B3650E46}.Debug|Any CPU.ActiveCfg = Debug|Any CPU
		{DF65186A-0E3D-4DC6-B4A7-95F0B3650E46}.Debug|Any CPU.Build.0 = Debug|Any CPU
		{DF65186A-0E3D-4DC6-B4A7-95F0B3650E46}.Debug|ARM.ActiveCfg = Debug|Any CPU
		{DF65186A-0E3D-4DC6-B4A7-95F0B3650E46}.Debug|ARM.Build.0 = Debug|Any CPU
		{DF65186A-0E3D-4DC6-B4A7-95F0B3650E46}.Debug|iPhone.ActiveCfg = Debug|Any CPU
		{DF65186A-0E3D-4DC6-B4A7-95F0B3650E46}.Debug|iPhone.Build.0 = Debug|Any CPU
		{DF65186A-0E3D-4DC6-B4A7-95F0B3650E46}.Debug|iPhoneSimulator.ActiveCfg = Debug|Any CPU
		{DF65186A-0E3D-4DC6-B4A7-95F0B3650E46}.Debug|iPhoneSimulator.Build.0 = Debug|Any CPU
		{DF65186A-0E3D-4DC6-B4A7-95F0B3650E46}.Debug|x64.ActiveCfg = Debug|Any CPU
		{DF65186A-0E3D-4DC6-B4A7-95F0B3650E46}.Debug|x64.Build.0 = Debug|Any CPU
		{DF65186A-0E3D-4DC6-B4A7-95F0B3650E46}.Debug|x86.ActiveCfg = Debug|Any CPU
		{DF65186A-0E3D-4DC6-B4A7-95F0B3650E46}.Debug|x86.Build.0 = Debug|Any CPU
		{DF65186A-0E3D-4DC6-B4A7-95F0B3650E46}.Release|Any CPU.ActiveCfg = Release|Any CPU
		{DF65186A-0E3D-4DC6-B4A7-95F0B3650E46}.Release|Any CPU.Build.0 = Release|Any CPU
		{DF65186A-0E3D-4DC6-B4A7-95F0B3650E46}.Release|ARM.ActiveCfg = Release|Any CPU
		{DF65186A-0E3D-4DC6-B4A7-95F0B3650E46}.Release|ARM.Build.0 = Release|Any CPU
		{DF65186A-0E3D-4DC6-B4A7-95F0B3650E46}.Release|iPhone.ActiveCfg = Release|Any CPU
		{DF65186A-0E3D-4DC6-B4A7-95F0B3650E46}.Release|iPhone.Build.0 = Release|Any CPU
		{DF65186A-0E3D-4DC6-B4A7-95F0B3650E46}.Release|iPhoneSimulator.ActiveCfg = Release|Any CPU
		{DF65186A-0E3D-4DC6-B4A7-95F0B3650E46}.Release|iPhoneSimulator.Build.0 = Release|Any CPU
		{DF65186A-0E3D-4DC6-B4A7-95F0B3650E46}.Release|x64.ActiveCfg = Release|Any CPU
		{DF65186A-0E3D-4DC6-B4A7-95F0B3650E46}.Release|x64.Build.0 = Release|Any CPU
		{DF65186A-0E3D-4DC6-B4A7-95F0B3650E46}.Release|x86.ActiveCfg = Release|Any CPU
		{DF65186A-0E3D-4DC6-B4A7-95F0B3650E46}.Release|x86.Build.0 = Release|Any CPU
		{0C1F2DC4-19FE-4E05-9158-E207B1F2C3DD}.Debug|Any CPU.ActiveCfg = Debug|Any CPU
		{0C1F2DC4-19FE-4E05-9158-E207B1F2C3DD}.Debug|Any CPU.Build.0 = Debug|Any CPU
		{0C1F2DC4-19FE-4E05-9158-E207B1F2C3DD}.Debug|ARM.ActiveCfg = Debug|Any CPU
		{0C1F2DC4-19FE-4E05-9158-E207B1F2C3DD}.Debug|ARM.Build.0 = Debug|Any CPU
		{0C1F2DC4-19FE-4E05-9158-E207B1F2C3DD}.Debug|iPhone.ActiveCfg = Debug|Any CPU
		{0C1F2DC4-19FE-4E05-9158-E207B1F2C3DD}.Debug|iPhone.Build.0 = Debug|Any CPU
		{0C1F2DC4-19FE-4E05-9158-E207B1F2C3DD}.Debug|iPhoneSimulator.ActiveCfg = Debug|Any CPU
		{0C1F2DC4-19FE-4E05-9158-E207B1F2C3DD}.Debug|iPhoneSimulator.Build.0 = Debug|Any CPU
		{0C1F2DC4-19FE-4E05-9158-E207B1F2C3DD}.Debug|x64.ActiveCfg = Debug|Any CPU
		{0C1F2DC4-19FE-4E05-9158-E207B1F2C3DD}.Debug|x64.Build.0 = Debug|Any CPU
		{0C1F2DC4-19FE-4E05-9158-E207B1F2C3DD}.Debug|x86.ActiveCfg = Debug|Any CPU
		{0C1F2DC4-19FE-4E05-9158-E207B1F2C3DD}.Debug|x86.Build.0 = Debug|Any CPU
		{0C1F2DC4-19FE-4E05-9158-E207B1F2C3DD}.Release|Any CPU.ActiveCfg = Release|Any CPU
		{0C1F2DC4-19FE-4E05-9158-E207B1F2C3DD}.Release|Any CPU.Build.0 = Release|Any CPU
		{0C1F2DC4-19FE-4E05-9158-E207B1F2C3DD}.Release|ARM.ActiveCfg = Release|Any CPU
		{0C1F2DC4-19FE-4E05-9158-E207B1F2C3DD}.Release|ARM.Build.0 = Release|Any CPU
		{0C1F2DC4-19FE-4E05-9158-E207B1F2C3DD}.Release|iPhone.ActiveCfg = Release|Any CPU
		{0C1F2DC4-19FE-4E05-9158-E207B1F2C3DD}.Release|iPhone.Build.0 = Release|Any CPU
		{0C1F2DC4-19FE-4E05-9158-E207B1F2C3DD}.Release|iPhoneSimulator.ActiveCfg = Release|Any CPU
		{0C1F2DC4-19FE-4E05-9158-E207B1F2C3DD}.Release|iPhoneSimulator.Build.0 = Release|Any CPU
		{0C1F2DC4-19FE-4E05-9158-E207B1F2C3DD}.Release|x64.ActiveCfg = Release|Any CPU
		{0C1F2DC4-19FE-4E05-9158-E207B1F2C3DD}.Release|x64.Build.0 = Release|Any CPU
		{0C1F2DC4-19FE-4E05-9158-E207B1F2C3DD}.Release|x86.ActiveCfg = Release|Any CPU
		{0C1F2DC4-19FE-4E05-9158-E207B1F2C3DD}.Release|x86.Build.0 = Release|Any CPU
		{91C9EC4F-5A28-4792-AC01-384910576582}.Debug|Any CPU.ActiveCfg = Debug|Any CPU
		{91C9EC4F-5A28-4792-AC01-384910576582}.Debug|Any CPU.Build.0 = Debug|Any CPU
		{91C9EC4F-5A28-4792-AC01-384910576582}.Debug|ARM.ActiveCfg = Debug|Any CPU
		{91C9EC4F-5A28-4792-AC01-384910576582}.Debug|ARM.Build.0 = Debug|Any CPU
		{91C9EC4F-5A28-4792-AC01-384910576582}.Debug|iPhone.ActiveCfg = Debug|Any CPU
		{91C9EC4F-5A28-4792-AC01-384910576582}.Debug|iPhone.Build.0 = Debug|Any CPU
		{91C9EC4F-5A28-4792-AC01-384910576582}.Debug|iPhoneSimulator.ActiveCfg = Debug|Any CPU
		{91C9EC4F-5A28-4792-AC01-384910576582}.Debug|iPhoneSimulator.Build.0 = Debug|Any CPU
		{91C9EC4F-5A28-4792-AC01-384910576582}.Debug|x64.ActiveCfg = Debug|Any CPU
		{91C9EC4F-5A28-4792-AC01-384910576582}.Debug|x64.Build.0 = Debug|Any CPU
		{91C9EC4F-5A28-4792-AC01-384910576582}.Debug|x86.ActiveCfg = Debug|Any CPU
		{91C9EC4F-5A28-4792-AC01-384910576582}.Debug|x86.Build.0 = Debug|Any CPU
		{91C9EC4F-5A28-4792-AC01-384910576582}.Release|Any CPU.ActiveCfg = Release|Any CPU
		{91C9EC4F-5A28-4792-AC01-384910576582}.Release|Any CPU.Build.0 = Release|Any CPU
		{91C9EC4F-5A28-4792-AC01-384910576582}.Release|ARM.ActiveCfg = Release|Any CPU
		{91C9EC4F-5A28-4792-AC01-384910576582}.Release|ARM.Build.0 = Release|Any CPU
		{91C9EC4F-5A28-4792-AC01-384910576582}.Release|iPhone.ActiveCfg = Release|Any CPU
		{91C9EC4F-5A28-4792-AC01-384910576582}.Release|iPhone.Build.0 = Release|Any CPU
		{91C9EC4F-5A28-4792-AC01-384910576582}.Release|iPhoneSimulator.ActiveCfg = Release|Any CPU
		{91C9EC4F-5A28-4792-AC01-384910576582}.Release|iPhoneSimulator.Build.0 = Release|Any CPU
		{91C9EC4F-5A28-4792-AC01-384910576582}.Release|x64.ActiveCfg = Release|Any CPU
		{91C9EC4F-5A28-4792-AC01-384910576582}.Release|x64.Build.0 = Release|Any CPU
		{91C9EC4F-5A28-4792-AC01-384910576582}.Release|x86.ActiveCfg = Release|Any CPU
		{91C9EC4F-5A28-4792-AC01-384910576582}.Release|x86.Build.0 = Release|Any CPU
		{F041CD9D-AB74-4561-8A73-8092D869D4ED}.Debug|Any CPU.ActiveCfg = Debug|Any CPU
		{F041CD9D-AB74-4561-8A73-8092D869D4ED}.Debug|Any CPU.Build.0 = Debug|Any CPU
		{F041CD9D-AB74-4561-8A73-8092D869D4ED}.Debug|ARM.ActiveCfg = Debug|Any CPU
		{F041CD9D-AB74-4561-8A73-8092D869D4ED}.Debug|ARM.Build.0 = Debug|Any CPU
		{F041CD9D-AB74-4561-8A73-8092D869D4ED}.Debug|iPhone.ActiveCfg = Debug|Any CPU
		{F041CD9D-AB74-4561-8A73-8092D869D4ED}.Debug|iPhone.Build.0 = Debug|Any CPU
		{F041CD9D-AB74-4561-8A73-8092D869D4ED}.Debug|iPhoneSimulator.ActiveCfg = Debug|Any CPU
		{F041CD9D-AB74-4561-8A73-8092D869D4ED}.Debug|iPhoneSimulator.Build.0 = Debug|Any CPU
		{F041CD9D-AB74-4561-8A73-8092D869D4ED}.Debug|x64.ActiveCfg = Debug|Any CPU
		{F041CD9D-AB74-4561-8A73-8092D869D4ED}.Debug|x64.Build.0 = Debug|Any CPU
		{F041CD9D-AB74-4561-8A73-8092D869D4ED}.Debug|x86.ActiveCfg = Debug|Any CPU
		{F041CD9D-AB74-4561-8A73-8092D869D4ED}.Debug|x86.Build.0 = Debug|Any CPU
		{F041CD9D-AB74-4561-8A73-8092D869D4ED}.Release|Any CPU.ActiveCfg = Release|Any CPU
		{F041CD9D-AB74-4561-8A73-8092D869D4ED}.Release|Any CPU.Build.0 = Release|Any CPU
		{F041CD9D-AB74-4561-8A73-8092D869D4ED}.Release|ARM.ActiveCfg = Release|Any CPU
		{F041CD9D-AB74-4561-8A73-8092D869D4ED}.Release|ARM.Build.0 = Release|Any CPU
		{F041CD9D-AB74-4561-8A73-8092D869D4ED}.Release|iPhone.ActiveCfg = Release|Any CPU
		{F041CD9D-AB74-4561-8A73-8092D869D4ED}.Release|iPhone.Build.0 = Release|Any CPU
		{F041CD9D-AB74-4561-8A73-8092D869D4ED}.Release|iPhoneSimulator.ActiveCfg = Release|Any CPU
		{F041CD9D-AB74-4561-8A73-8092D869D4ED}.Release|iPhoneSimulator.Build.0 = Release|Any CPU
		{F041CD9D-AB74-4561-8A73-8092D869D4ED}.Release|x64.ActiveCfg = Release|Any CPU
		{F041CD9D-AB74-4561-8A73-8092D869D4ED}.Release|x64.Build.0 = Release|Any CPU
		{F041CD9D-AB74-4561-8A73-8092D869D4ED}.Release|x86.ActiveCfg = Release|Any CPU
		{F041CD9D-AB74-4561-8A73-8092D869D4ED}.Release|x86.Build.0 = Release|Any CPU
		{7099B938-8E14-4F03-BE85-805B55026892}.Debug|Any CPU.ActiveCfg = Debug|Any CPU
		{7099B938-8E14-4F03-BE85-805B55026892}.Debug|Any CPU.Build.0 = Debug|Any CPU
		{7099B938-8E14-4F03-BE85-805B55026892}.Debug|ARM.ActiveCfg = Debug|Any CPU
		{7099B938-8E14-4F03-BE85-805B55026892}.Debug|ARM.Build.0 = Debug|Any CPU
		{7099B938-8E14-4F03-BE85-805B55026892}.Debug|iPhone.ActiveCfg = Debug|Any CPU
		{7099B938-8E14-4F03-BE85-805B55026892}.Debug|iPhone.Build.0 = Debug|Any CPU
		{7099B938-8E14-4F03-BE85-805B55026892}.Debug|iPhoneSimulator.ActiveCfg = Debug|Any CPU
		{7099B938-8E14-4F03-BE85-805B55026892}.Debug|iPhoneSimulator.Build.0 = Debug|Any CPU
		{7099B938-8E14-4F03-BE85-805B55026892}.Debug|x64.ActiveCfg = Debug|Any CPU
		{7099B938-8E14-4F03-BE85-805B55026892}.Debug|x64.Build.0 = Debug|Any CPU
		{7099B938-8E14-4F03-BE85-805B55026892}.Debug|x86.ActiveCfg = Debug|Any CPU
		{7099B938-8E14-4F03-BE85-805B55026892}.Debug|x86.Build.0 = Debug|Any CPU
		{7099B938-8E14-4F03-BE85-805B55026892}.Release|Any CPU.ActiveCfg = Release|Any CPU
		{7099B938-8E14-4F03-BE85-805B55026892}.Release|Any CPU.Build.0 = Release|Any CPU
		{7099B938-8E14-4F03-BE85-805B55026892}.Release|ARM.ActiveCfg = Release|Any CPU
		{7099B938-8E14-4F03-BE85-805B55026892}.Release|ARM.Build.0 = Release|Any CPU
		{7099B938-8E14-4F03-BE85-805B55026892}.Release|iPhone.ActiveCfg = Release|Any CPU
		{7099B938-8E14-4F03-BE85-805B55026892}.Release|iPhone.Build.0 = Release|Any CPU
		{7099B938-8E14-4F03-BE85-805B55026892}.Release|iPhoneSimulator.ActiveCfg = Release|Any CPU
		{7099B938-8E14-4F03-BE85-805B55026892}.Release|iPhoneSimulator.Build.0 = Release|Any CPU
		{7099B938-8E14-4F03-BE85-805B55026892}.Release|x64.ActiveCfg = Release|Any CPU
		{7099B938-8E14-4F03-BE85-805B55026892}.Release|x64.Build.0 = Release|Any CPU
		{7099B938-8E14-4F03-BE85-805B55026892}.Release|x86.ActiveCfg = Release|Any CPU
		{7099B938-8E14-4F03-BE85-805B55026892}.Release|x86.Build.0 = Release|Any CPU
		{CA6365FB-0B12-4B0F-A425-3D059A026598}.Debug|Any CPU.ActiveCfg = Debug|Any CPU
		{CA6365FB-0B12-4B0F-A425-3D059A026598}.Debug|Any CPU.Build.0 = Debug|Any CPU
		{CA6365FB-0B12-4B0F-A425-3D059A026598}.Debug|ARM.ActiveCfg = Debug|Any CPU
		{CA6365FB-0B12-4B0F-A425-3D059A026598}.Debug|ARM.Build.0 = Debug|Any CPU
		{CA6365FB-0B12-4B0F-A425-3D059A026598}.Debug|iPhone.ActiveCfg = Debug|Any CPU
		{CA6365FB-0B12-4B0F-A425-3D059A026598}.Debug|iPhone.Build.0 = Debug|Any CPU
		{CA6365FB-0B12-4B0F-A425-3D059A026598}.Debug|iPhoneSimulator.ActiveCfg = Debug|Any CPU
		{CA6365FB-0B12-4B0F-A425-3D059A026598}.Debug|iPhoneSimulator.Build.0 = Debug|Any CPU
		{CA6365FB-0B12-4B0F-A425-3D059A026598}.Debug|x64.ActiveCfg = Debug|Any CPU
		{CA6365FB-0B12-4B0F-A425-3D059A026598}.Debug|x64.Build.0 = Debug|Any CPU
		{CA6365FB-0B12-4B0F-A425-3D059A026598}.Debug|x86.ActiveCfg = Debug|Any CPU
		{CA6365FB-0B12-4B0F-A425-3D059A026598}.Debug|x86.Build.0 = Debug|Any CPU
		{CA6365FB-0B12-4B0F-A425-3D059A026598}.Release|Any CPU.ActiveCfg = Release|Any CPU
		{CA6365FB-0B12-4B0F-A425-3D059A026598}.Release|Any CPU.Build.0 = Release|Any CPU
		{CA6365FB-0B12-4B0F-A425-3D059A026598}.Release|ARM.ActiveCfg = Release|Any CPU
		{CA6365FB-0B12-4B0F-A425-3D059A026598}.Release|ARM.Build.0 = Release|Any CPU
		{CA6365FB-0B12-4B0F-A425-3D059A026598}.Release|iPhone.ActiveCfg = Release|Any CPU
		{CA6365FB-0B12-4B0F-A425-3D059A026598}.Release|iPhone.Build.0 = Release|Any CPU
		{CA6365FB-0B12-4B0F-A425-3D059A026598}.Release|iPhoneSimulator.ActiveCfg = Release|Any CPU
		{CA6365FB-0B12-4B0F-A425-3D059A026598}.Release|iPhoneSimulator.Build.0 = Release|Any CPU
		{CA6365FB-0B12-4B0F-A425-3D059A026598}.Release|x64.ActiveCfg = Release|Any CPU
		{CA6365FB-0B12-4B0F-A425-3D059A026598}.Release|x64.Build.0 = Release|Any CPU
		{CA6365FB-0B12-4B0F-A425-3D059A026598}.Release|x86.ActiveCfg = Release|Any CPU
		{CA6365FB-0B12-4B0F-A425-3D059A026598}.Release|x86.Build.0 = Release|Any CPU
		{1D8A0E34-1539-4116-867E-51782D829894}.Debug|Any CPU.ActiveCfg = Debug|Any CPU
		{1D8A0E34-1539-4116-867E-51782D829894}.Debug|Any CPU.Build.0 = Debug|Any CPU
		{1D8A0E34-1539-4116-867E-51782D829894}.Debug|ARM.ActiveCfg = Debug|Any CPU
		{1D8A0E34-1539-4116-867E-51782D829894}.Debug|ARM.Build.0 = Debug|Any CPU
		{1D8A0E34-1539-4116-867E-51782D829894}.Debug|iPhone.ActiveCfg = Debug|Any CPU
		{1D8A0E34-1539-4116-867E-51782D829894}.Debug|iPhone.Build.0 = Debug|Any CPU
		{1D8A0E34-1539-4116-867E-51782D829894}.Debug|iPhoneSimulator.ActiveCfg = Debug|Any CPU
		{1D8A0E34-1539-4116-867E-51782D829894}.Debug|iPhoneSimulator.Build.0 = Debug|Any CPU
		{1D8A0E34-1539-4116-867E-51782D829894}.Debug|x64.ActiveCfg = Debug|Any CPU
		{1D8A0E34-1539-4116-867E-51782D829894}.Debug|x64.Build.0 = Debug|Any CPU
		{1D8A0E34-1539-4116-867E-51782D829894}.Debug|x86.ActiveCfg = Debug|Any CPU
		{1D8A0E34-1539-4116-867E-51782D829894}.Debug|x86.Build.0 = Debug|Any CPU
		{1D8A0E34-1539-4116-867E-51782D829894}.Release|Any CPU.ActiveCfg = Release|Any CPU
		{1D8A0E34-1539-4116-867E-51782D829894}.Release|Any CPU.Build.0 = Release|Any CPU
		{1D8A0E34-1539-4116-867E-51782D829894}.Release|ARM.ActiveCfg = Release|Any CPU
		{1D8A0E34-1539-4116-867E-51782D829894}.Release|ARM.Build.0 = Release|Any CPU
		{1D8A0E34-1539-4116-867E-51782D829894}.Release|iPhone.ActiveCfg = Release|Any CPU
		{1D8A0E34-1539-4116-867E-51782D829894}.Release|iPhone.Build.0 = Release|Any CPU
		{1D8A0E34-1539-4116-867E-51782D829894}.Release|iPhoneSimulator.ActiveCfg = Release|Any CPU
		{1D8A0E34-1539-4116-867E-51782D829894}.Release|iPhoneSimulator.Build.0 = Release|Any CPU
		{1D8A0E34-1539-4116-867E-51782D829894}.Release|x64.ActiveCfg = Release|Any CPU
		{1D8A0E34-1539-4116-867E-51782D829894}.Release|x64.Build.0 = Release|Any CPU
		{1D8A0E34-1539-4116-867E-51782D829894}.Release|x86.ActiveCfg = Release|Any CPU
		{1D8A0E34-1539-4116-867E-51782D829894}.Release|x86.Build.0 = Release|Any CPU
		{C654ADF4-39DE-4084-BC46-2A9268B0068C}.Debug|Any CPU.ActiveCfg = Debug|Any CPU
		{C654ADF4-39DE-4084-BC46-2A9268B0068C}.Debug|Any CPU.Build.0 = Debug|Any CPU
		{C654ADF4-39DE-4084-BC46-2A9268B0068C}.Debug|ARM.ActiveCfg = Debug|Any CPU
		{C654ADF4-39DE-4084-BC46-2A9268B0068C}.Debug|ARM.Build.0 = Debug|Any CPU
		{C654ADF4-39DE-4084-BC46-2A9268B0068C}.Debug|iPhone.ActiveCfg = Debug|Any CPU
		{C654ADF4-39DE-4084-BC46-2A9268B0068C}.Debug|iPhone.Build.0 = Debug|Any CPU
		{C654ADF4-39DE-4084-BC46-2A9268B0068C}.Debug|iPhoneSimulator.ActiveCfg = Debug|Any CPU
		{C654ADF4-39DE-4084-BC46-2A9268B0068C}.Debug|iPhoneSimulator.Build.0 = Debug|Any CPU
		{C654ADF4-39DE-4084-BC46-2A9268B0068C}.Debug|x64.ActiveCfg = Debug|Any CPU
		{C654ADF4-39DE-4084-BC46-2A9268B0068C}.Debug|x64.Build.0 = Debug|Any CPU
		{C654ADF4-39DE-4084-BC46-2A9268B0068C}.Debug|x86.ActiveCfg = Debug|Any CPU
		{C654ADF4-39DE-4084-BC46-2A9268B0068C}.Debug|x86.Build.0 = Debug|Any CPU
		{C654ADF4-39DE-4084-BC46-2A9268B0068C}.Release|Any CPU.ActiveCfg = Release|Any CPU
		{C654ADF4-39DE-4084-BC46-2A9268B0068C}.Release|Any CPU.Build.0 = Release|Any CPU
		{C654ADF4-39DE-4084-BC46-2A9268B0068C}.Release|ARM.ActiveCfg = Release|Any CPU
		{C654ADF4-39DE-4084-BC46-2A9268B0068C}.Release|ARM.Build.0 = Release|Any CPU
		{C654ADF4-39DE-4084-BC46-2A9268B0068C}.Release|iPhone.ActiveCfg = Release|Any CPU
		{C654ADF4-39DE-4084-BC46-2A9268B0068C}.Release|iPhone.Build.0 = Release|Any CPU
		{C654ADF4-39DE-4084-BC46-2A9268B0068C}.Release|iPhoneSimulator.ActiveCfg = Release|Any CPU
		{C654ADF4-39DE-4084-BC46-2A9268B0068C}.Release|iPhoneSimulator.Build.0 = Release|Any CPU
		{C654ADF4-39DE-4084-BC46-2A9268B0068C}.Release|x64.ActiveCfg = Release|Any CPU
		{C654ADF4-39DE-4084-BC46-2A9268B0068C}.Release|x64.Build.0 = Release|Any CPU
		{C654ADF4-39DE-4084-BC46-2A9268B0068C}.Release|x86.ActiveCfg = Release|Any CPU
		{C654ADF4-39DE-4084-BC46-2A9268B0068C}.Release|x86.Build.0 = Release|Any CPU
		{390F81E7-5914-4B75-B66C-44E478197E44}.Debug|Any CPU.ActiveCfg = Debug|Any CPU
		{390F81E7-5914-4B75-B66C-44E478197E44}.Debug|Any CPU.Build.0 = Debug|Any CPU
		{390F81E7-5914-4B75-B66C-44E478197E44}.Debug|ARM.ActiveCfg = Debug|Any CPU
		{390F81E7-5914-4B75-B66C-44E478197E44}.Debug|ARM.Build.0 = Debug|Any CPU
		{390F81E7-5914-4B75-B66C-44E478197E44}.Debug|iPhone.ActiveCfg = Debug|Any CPU
		{390F81E7-5914-4B75-B66C-44E478197E44}.Debug|iPhone.Build.0 = Debug|Any CPU
		{390F81E7-5914-4B75-B66C-44E478197E44}.Debug|iPhoneSimulator.ActiveCfg = Debug|Any CPU
		{390F81E7-5914-4B75-B66C-44E478197E44}.Debug|iPhoneSimulator.Build.0 = Debug|Any CPU
		{390F81E7-5914-4B75-B66C-44E478197E44}.Debug|x64.ActiveCfg = Debug|Any CPU
		{390F81E7-5914-4B75-B66C-44E478197E44}.Debug|x64.Build.0 = Debug|Any CPU
		{390F81E7-5914-4B75-B66C-44E478197E44}.Debug|x86.ActiveCfg = Debug|Any CPU
		{390F81E7-5914-4B75-B66C-44E478197E44}.Debug|x86.Build.0 = Debug|Any CPU
		{390F81E7-5914-4B75-B66C-44E478197E44}.Release|Any CPU.ActiveCfg = Release|Any CPU
		{390F81E7-5914-4B75-B66C-44E478197E44}.Release|Any CPU.Build.0 = Release|Any CPU
		{390F81E7-5914-4B75-B66C-44E478197E44}.Release|ARM.ActiveCfg = Release|Any CPU
		{390F81E7-5914-4B75-B66C-44E478197E44}.Release|ARM.Build.0 = Release|Any CPU
		{390F81E7-5914-4B75-B66C-44E478197E44}.Release|iPhone.ActiveCfg = Release|Any CPU
		{390F81E7-5914-4B75-B66C-44E478197E44}.Release|iPhone.Build.0 = Release|Any CPU
		{390F81E7-5914-4B75-B66C-44E478197E44}.Release|iPhoneSimulator.ActiveCfg = Release|Any CPU
		{390F81E7-5914-4B75-B66C-44E478197E44}.Release|iPhoneSimulator.Build.0 = Release|Any CPU
		{390F81E7-5914-4B75-B66C-44E478197E44}.Release|x64.ActiveCfg = Release|Any CPU
		{390F81E7-5914-4B75-B66C-44E478197E44}.Release|x64.Build.0 = Release|Any CPU
		{390F81E7-5914-4B75-B66C-44E478197E44}.Release|x86.ActiveCfg = Release|Any CPU
		{390F81E7-5914-4B75-B66C-44E478197E44}.Release|x86.Build.0 = Release|Any CPU
		{B2EED2E1-D1B0-44C7-BA98-4DE4C0E7E146}.Debug|Any CPU.ActiveCfg = Debug|Any CPU
		{B2EED2E1-D1B0-44C7-BA98-4DE4C0E7E146}.Debug|Any CPU.Build.0 = Debug|Any CPU
		{B2EED2E1-D1B0-44C7-BA98-4DE4C0E7E146}.Debug|ARM.ActiveCfg = Debug|Any CPU
		{B2EED2E1-D1B0-44C7-BA98-4DE4C0E7E146}.Debug|ARM.Build.0 = Debug|Any CPU
		{B2EED2E1-D1B0-44C7-BA98-4DE4C0E7E146}.Debug|iPhone.ActiveCfg = Debug|Any CPU
		{B2EED2E1-D1B0-44C7-BA98-4DE4C0E7E146}.Debug|iPhone.Build.0 = Debug|Any CPU
		{B2EED2E1-D1B0-44C7-BA98-4DE4C0E7E146}.Debug|iPhoneSimulator.ActiveCfg = Debug|Any CPU
		{B2EED2E1-D1B0-44C7-BA98-4DE4C0E7E146}.Debug|iPhoneSimulator.Build.0 = Debug|Any CPU
		{B2EED2E1-D1B0-44C7-BA98-4DE4C0E7E146}.Debug|x64.ActiveCfg = Debug|Any CPU
		{B2EED2E1-D1B0-44C7-BA98-4DE4C0E7E146}.Debug|x64.Build.0 = Debug|Any CPU
		{B2EED2E1-D1B0-44C7-BA98-4DE4C0E7E146}.Debug|x86.ActiveCfg = Debug|Any CPU
		{B2EED2E1-D1B0-44C7-BA98-4DE4C0E7E146}.Debug|x86.Build.0 = Debug|Any CPU
		{B2EED2E1-D1B0-44C7-BA98-4DE4C0E7E146}.Release|Any CPU.ActiveCfg = Release|Any CPU
		{B2EED2E1-D1B0-44C7-BA98-4DE4C0E7E146}.Release|Any CPU.Build.0 = Release|Any CPU
		{B2EED2E1-D1B0-44C7-BA98-4DE4C0E7E146}.Release|ARM.ActiveCfg = Release|Any CPU
		{B2EED2E1-D1B0-44C7-BA98-4DE4C0E7E146}.Release|ARM.Build.0 = Release|Any CPU
		{B2EED2E1-D1B0-44C7-BA98-4DE4C0E7E146}.Release|iPhone.ActiveCfg = Release|Any CPU
		{B2EED2E1-D1B0-44C7-BA98-4DE4C0E7E146}.Release|iPhone.Build.0 = Release|Any CPU
		{B2EED2E1-D1B0-44C7-BA98-4DE4C0E7E146}.Release|iPhoneSimulator.ActiveCfg = Release|Any CPU
		{B2EED2E1-D1B0-44C7-BA98-4DE4C0E7E146}.Release|iPhoneSimulator.Build.0 = Release|Any CPU
		{B2EED2E1-D1B0-44C7-BA98-4DE4C0E7E146}.Release|x64.ActiveCfg = Release|Any CPU
		{B2EED2E1-D1B0-44C7-BA98-4DE4C0E7E146}.Release|x64.Build.0 = Release|Any CPU
		{B2EED2E1-D1B0-44C7-BA98-4DE4C0E7E146}.Release|x86.ActiveCfg = Release|Any CPU
		{B2EED2E1-D1B0-44C7-BA98-4DE4C0E7E146}.Release|x86.Build.0 = Release|Any CPU
		{97999F66-2CD1-4B6E-BBA2-41174367DF1E}.Debug|Any CPU.ActiveCfg = Debug|Any CPU
		{97999F66-2CD1-4B6E-BBA2-41174367DF1E}.Debug|Any CPU.Build.0 = Debug|Any CPU
		{97999F66-2CD1-4B6E-BBA2-41174367DF1E}.Debug|ARM.ActiveCfg = Debug|Any CPU
		{97999F66-2CD1-4B6E-BBA2-41174367DF1E}.Debug|ARM.Build.0 = Debug|Any CPU
		{97999F66-2CD1-4B6E-BBA2-41174367DF1E}.Debug|iPhone.ActiveCfg = Debug|Any CPU
		{97999F66-2CD1-4B6E-BBA2-41174367DF1E}.Debug|iPhone.Build.0 = Debug|Any CPU
		{97999F66-2CD1-4B6E-BBA2-41174367DF1E}.Debug|iPhoneSimulator.ActiveCfg = Debug|Any CPU
		{97999F66-2CD1-4B6E-BBA2-41174367DF1E}.Debug|iPhoneSimulator.Build.0 = Debug|Any CPU
		{97999F66-2CD1-4B6E-BBA2-41174367DF1E}.Debug|x64.ActiveCfg = Debug|Any CPU
		{97999F66-2CD1-4B6E-BBA2-41174367DF1E}.Debug|x64.Build.0 = Debug|Any CPU
		{97999F66-2CD1-4B6E-BBA2-41174367DF1E}.Debug|x86.ActiveCfg = Debug|Any CPU
		{97999F66-2CD1-4B6E-BBA2-41174367DF1E}.Debug|x86.Build.0 = Debug|Any CPU
		{97999F66-2CD1-4B6E-BBA2-41174367DF1E}.Release|Any CPU.ActiveCfg = Release|Any CPU
		{97999F66-2CD1-4B6E-BBA2-41174367DF1E}.Release|Any CPU.Build.0 = Release|Any CPU
		{97999F66-2CD1-4B6E-BBA2-41174367DF1E}.Release|ARM.ActiveCfg = Release|Any CPU
		{97999F66-2CD1-4B6E-BBA2-41174367DF1E}.Release|ARM.Build.0 = Release|Any CPU
		{97999F66-2CD1-4B6E-BBA2-41174367DF1E}.Release|iPhone.ActiveCfg = Release|Any CPU
		{97999F66-2CD1-4B6E-BBA2-41174367DF1E}.Release|iPhone.Build.0 = Release|Any CPU
		{97999F66-2CD1-4B6E-BBA2-41174367DF1E}.Release|iPhoneSimulator.ActiveCfg = Release|Any CPU
		{97999F66-2CD1-4B6E-BBA2-41174367DF1E}.Release|iPhoneSimulator.Build.0 = Release|Any CPU
		{97999F66-2CD1-4B6E-BBA2-41174367DF1E}.Release|x64.ActiveCfg = Release|Any CPU
		{97999F66-2CD1-4B6E-BBA2-41174367DF1E}.Release|x64.Build.0 = Release|Any CPU
		{97999F66-2CD1-4B6E-BBA2-41174367DF1E}.Release|x86.ActiveCfg = Release|Any CPU
		{97999F66-2CD1-4B6E-BBA2-41174367DF1E}.Release|x86.Build.0 = Release|Any CPU
		{942E7DC9-075A-4E8F-8150-ADB7D725DBCD}.Debug|Any CPU.ActiveCfg = Debug|Any CPU
		{942E7DC9-075A-4E8F-8150-ADB7D725DBCD}.Debug|Any CPU.Build.0 = Debug|Any CPU
		{942E7DC9-075A-4E8F-8150-ADB7D725DBCD}.Debug|ARM.ActiveCfg = Debug|Any CPU
		{942E7DC9-075A-4E8F-8150-ADB7D725DBCD}.Debug|ARM.Build.0 = Debug|Any CPU
		{942E7DC9-075A-4E8F-8150-ADB7D725DBCD}.Debug|iPhone.ActiveCfg = Debug|Any CPU
		{942E7DC9-075A-4E8F-8150-ADB7D725DBCD}.Debug|iPhone.Build.0 = Debug|Any CPU
		{942E7DC9-075A-4E8F-8150-ADB7D725DBCD}.Debug|iPhoneSimulator.ActiveCfg = Debug|Any CPU
		{942E7DC9-075A-4E8F-8150-ADB7D725DBCD}.Debug|iPhoneSimulator.Build.0 = Debug|Any CPU
		{942E7DC9-075A-4E8F-8150-ADB7D725DBCD}.Debug|x64.ActiveCfg = Debug|Any CPU
		{942E7DC9-075A-4E8F-8150-ADB7D725DBCD}.Debug|x64.Build.0 = Debug|Any CPU
		{942E7DC9-075A-4E8F-8150-ADB7D725DBCD}.Debug|x86.ActiveCfg = Debug|Any CPU
		{942E7DC9-075A-4E8F-8150-ADB7D725DBCD}.Debug|x86.Build.0 = Debug|Any CPU
		{942E7DC9-075A-4E8F-8150-ADB7D725DBCD}.Release|Any CPU.ActiveCfg = Release|Any CPU
		{942E7DC9-075A-4E8F-8150-ADB7D725DBCD}.Release|Any CPU.Build.0 = Release|Any CPU
		{942E7DC9-075A-4E8F-8150-ADB7D725DBCD}.Release|ARM.ActiveCfg = Release|Any CPU
		{942E7DC9-075A-4E8F-8150-ADB7D725DBCD}.Release|ARM.Build.0 = Release|Any CPU
		{942E7DC9-075A-4E8F-8150-ADB7D725DBCD}.Release|iPhone.ActiveCfg = Release|Any CPU
		{942E7DC9-075A-4E8F-8150-ADB7D725DBCD}.Release|iPhone.Build.0 = Release|Any CPU
		{942E7DC9-075A-4E8F-8150-ADB7D725DBCD}.Release|iPhoneSimulator.ActiveCfg = Release|Any CPU
		{942E7DC9-075A-4E8F-8150-ADB7D725DBCD}.Release|iPhoneSimulator.Build.0 = Release|Any CPU
		{942E7DC9-075A-4E8F-8150-ADB7D725DBCD}.Release|x64.ActiveCfg = Release|Any CPU
		{942E7DC9-075A-4E8F-8150-ADB7D725DBCD}.Release|x64.Build.0 = Release|Any CPU
		{942E7DC9-075A-4E8F-8150-ADB7D725DBCD}.Release|x86.ActiveCfg = Release|Any CPU
		{942E7DC9-075A-4E8F-8150-ADB7D725DBCD}.Release|x86.Build.0 = Release|Any CPU
		{05A433EF-4F89-407A-A257-181557BF4C84}.Debug|Any CPU.ActiveCfg = Debug|Any CPU
		{05A433EF-4F89-407A-A257-181557BF4C84}.Debug|Any CPU.Build.0 = Debug|Any CPU
		{05A433EF-4F89-407A-A257-181557BF4C84}.Debug|ARM.ActiveCfg = Debug|Any CPU
		{05A433EF-4F89-407A-A257-181557BF4C84}.Debug|ARM.Build.0 = Debug|Any CPU
		{05A433EF-4F89-407A-A257-181557BF4C84}.Debug|iPhone.ActiveCfg = Debug|Any CPU
		{05A433EF-4F89-407A-A257-181557BF4C84}.Debug|iPhone.Build.0 = Debug|Any CPU
		{05A433EF-4F89-407A-A257-181557BF4C84}.Debug|iPhoneSimulator.ActiveCfg = Debug|Any CPU
		{05A433EF-4F89-407A-A257-181557BF4C84}.Debug|iPhoneSimulator.Build.0 = Debug|Any CPU
		{05A433EF-4F89-407A-A257-181557BF4C84}.Debug|x64.ActiveCfg = Debug|Any CPU
		{05A433EF-4F89-407A-A257-181557BF4C84}.Debug|x64.Build.0 = Debug|Any CPU
		{05A433EF-4F89-407A-A257-181557BF4C84}.Debug|x86.ActiveCfg = Debug|Any CPU
		{05A433EF-4F89-407A-A257-181557BF4C84}.Debug|x86.Build.0 = Debug|Any CPU
		{05A433EF-4F89-407A-A257-181557BF4C84}.Release|Any CPU.ActiveCfg = Release|Any CPU
		{05A433EF-4F89-407A-A257-181557BF4C84}.Release|Any CPU.Build.0 = Release|Any CPU
		{05A433EF-4F89-407A-A257-181557BF4C84}.Release|ARM.ActiveCfg = Release|Any CPU
		{05A433EF-4F89-407A-A257-181557BF4C84}.Release|ARM.Build.0 = Release|Any CPU
		{05A433EF-4F89-407A-A257-181557BF4C84}.Release|iPhone.ActiveCfg = Release|Any CPU
		{05A433EF-4F89-407A-A257-181557BF4C84}.Release|iPhone.Build.0 = Release|Any CPU
		{05A433EF-4F89-407A-A257-181557BF4C84}.Release|iPhoneSimulator.ActiveCfg = Release|Any CPU
		{05A433EF-4F89-407A-A257-181557BF4C84}.Release|iPhoneSimulator.Build.0 = Release|Any CPU
		{05A433EF-4F89-407A-A257-181557BF4C84}.Release|x64.ActiveCfg = Release|Any CPU
		{05A433EF-4F89-407A-A257-181557BF4C84}.Release|x64.Build.0 = Release|Any CPU
		{05A433EF-4F89-407A-A257-181557BF4C84}.Release|x86.ActiveCfg = Release|Any CPU
		{05A433EF-4F89-407A-A257-181557BF4C84}.Release|x86.Build.0 = Release|Any CPU
		{C1EDB382-11D8-49FF-B4C4-21EF3A4CF0C4}.Debug|Any CPU.ActiveCfg = Debug|Any CPU
		{C1EDB382-11D8-49FF-B4C4-21EF3A4CF0C4}.Debug|Any CPU.Build.0 = Debug|Any CPU
		{C1EDB382-11D8-49FF-B4C4-21EF3A4CF0C4}.Debug|ARM.ActiveCfg = Debug|Any CPU
		{C1EDB382-11D8-49FF-B4C4-21EF3A4CF0C4}.Debug|ARM.Build.0 = Debug|Any CPU
		{C1EDB382-11D8-49FF-B4C4-21EF3A4CF0C4}.Debug|iPhone.ActiveCfg = Debug|Any CPU
		{C1EDB382-11D8-49FF-B4C4-21EF3A4CF0C4}.Debug|iPhone.Build.0 = Debug|Any CPU
		{C1EDB382-11D8-49FF-B4C4-21EF3A4CF0C4}.Debug|iPhoneSimulator.ActiveCfg = Debug|Any CPU
		{C1EDB382-11D8-49FF-B4C4-21EF3A4CF0C4}.Debug|iPhoneSimulator.Build.0 = Debug|Any CPU
		{C1EDB382-11D8-49FF-B4C4-21EF3A4CF0C4}.Debug|x64.ActiveCfg = Debug|Any CPU
		{C1EDB382-11D8-49FF-B4C4-21EF3A4CF0C4}.Debug|x64.Build.0 = Debug|Any CPU
		{C1EDB382-11D8-49FF-B4C4-21EF3A4CF0C4}.Debug|x86.ActiveCfg = Debug|Any CPU
		{C1EDB382-11D8-49FF-B4C4-21EF3A4CF0C4}.Debug|x86.Build.0 = Debug|Any CPU
		{C1EDB382-11D8-49FF-B4C4-21EF3A4CF0C4}.Release|Any CPU.ActiveCfg = Release|Any CPU
		{C1EDB382-11D8-49FF-B4C4-21EF3A4CF0C4}.Release|Any CPU.Build.0 = Release|Any CPU
		{C1EDB382-11D8-49FF-B4C4-21EF3A4CF0C4}.Release|ARM.ActiveCfg = Release|Any CPU
		{C1EDB382-11D8-49FF-B4C4-21EF3A4CF0C4}.Release|ARM.Build.0 = Release|Any CPU
		{C1EDB382-11D8-49FF-B4C4-21EF3A4CF0C4}.Release|iPhone.ActiveCfg = Release|Any CPU
		{C1EDB382-11D8-49FF-B4C4-21EF3A4CF0C4}.Release|iPhone.Build.0 = Release|Any CPU
		{C1EDB382-11D8-49FF-B4C4-21EF3A4CF0C4}.Release|iPhoneSimulator.ActiveCfg = Release|Any CPU
		{C1EDB382-11D8-49FF-B4C4-21EF3A4CF0C4}.Release|iPhoneSimulator.Build.0 = Release|Any CPU
		{C1EDB382-11D8-49FF-B4C4-21EF3A4CF0C4}.Release|x64.ActiveCfg = Release|Any CPU
		{C1EDB382-11D8-49FF-B4C4-21EF3A4CF0C4}.Release|x64.Build.0 = Release|Any CPU
		{C1EDB382-11D8-49FF-B4C4-21EF3A4CF0C4}.Release|x86.ActiveCfg = Release|Any CPU
		{C1EDB382-11D8-49FF-B4C4-21EF3A4CF0C4}.Release|x86.Build.0 = Release|Any CPU
		{C8F5E194-4966-47B1-9D34-9F19D14F5960}.Debug|Any CPU.ActiveCfg = Debug|Any CPU
		{C8F5E194-4966-47B1-9D34-9F19D14F5960}.Debug|Any CPU.Build.0 = Debug|Any CPU
		{C8F5E194-4966-47B1-9D34-9F19D14F5960}.Debug|ARM.ActiveCfg = Debug|Any CPU
		{C8F5E194-4966-47B1-9D34-9F19D14F5960}.Debug|ARM.Build.0 = Debug|Any CPU
		{C8F5E194-4966-47B1-9D34-9F19D14F5960}.Debug|iPhone.ActiveCfg = Debug|Any CPU
		{C8F5E194-4966-47B1-9D34-9F19D14F5960}.Debug|iPhone.Build.0 = Debug|Any CPU
		{C8F5E194-4966-47B1-9D34-9F19D14F5960}.Debug|iPhoneSimulator.ActiveCfg = Debug|Any CPU
		{C8F5E194-4966-47B1-9D34-9F19D14F5960}.Debug|iPhoneSimulator.Build.0 = Debug|Any CPU
		{C8F5E194-4966-47B1-9D34-9F19D14F5960}.Debug|x64.ActiveCfg = Debug|Any CPU
		{C8F5E194-4966-47B1-9D34-9F19D14F5960}.Debug|x64.Build.0 = Debug|Any CPU
		{C8F5E194-4966-47B1-9D34-9F19D14F5960}.Debug|x86.ActiveCfg = Debug|Any CPU
		{C8F5E194-4966-47B1-9D34-9F19D14F5960}.Debug|x86.Build.0 = Debug|Any CPU
		{C8F5E194-4966-47B1-9D34-9F19D14F5960}.Release|Any CPU.ActiveCfg = Release|Any CPU
		{C8F5E194-4966-47B1-9D34-9F19D14F5960}.Release|Any CPU.Build.0 = Release|Any CPU
		{C8F5E194-4966-47B1-9D34-9F19D14F5960}.Release|ARM.ActiveCfg = Release|Any CPU
		{C8F5E194-4966-47B1-9D34-9F19D14F5960}.Release|ARM.Build.0 = Release|Any CPU
		{C8F5E194-4966-47B1-9D34-9F19D14F5960}.Release|iPhone.ActiveCfg = Release|Any CPU
		{C8F5E194-4966-47B1-9D34-9F19D14F5960}.Release|iPhone.Build.0 = Release|Any CPU
		{C8F5E194-4966-47B1-9D34-9F19D14F5960}.Release|iPhoneSimulator.ActiveCfg = Release|Any CPU
		{C8F5E194-4966-47B1-9D34-9F19D14F5960}.Release|iPhoneSimulator.Build.0 = Release|Any CPU
		{C8F5E194-4966-47B1-9D34-9F19D14F5960}.Release|x64.ActiveCfg = Release|Any CPU
		{C8F5E194-4966-47B1-9D34-9F19D14F5960}.Release|x64.Build.0 = Release|Any CPU
		{C8F5E194-4966-47B1-9D34-9F19D14F5960}.Release|x86.ActiveCfg = Release|Any CPU
		{C8F5E194-4966-47B1-9D34-9F19D14F5960}.Release|x86.Build.0 = Release|Any CPU
		{652D3AFE-9C08-4B36-AC6F-5E2F07503696}.Debug|Any CPU.ActiveCfg = Debug|Any CPU
		{652D3AFE-9C08-4B36-AC6F-5E2F07503696}.Debug|Any CPU.Build.0 = Debug|Any CPU
		{652D3AFE-9C08-4B36-AC6F-5E2F07503696}.Debug|ARM.ActiveCfg = Debug|Any CPU
		{652D3AFE-9C08-4B36-AC6F-5E2F07503696}.Debug|ARM.Build.0 = Debug|Any CPU
		{652D3AFE-9C08-4B36-AC6F-5E2F07503696}.Debug|iPhone.ActiveCfg = Debug|Any CPU
		{652D3AFE-9C08-4B36-AC6F-5E2F07503696}.Debug|iPhone.Build.0 = Debug|Any CPU
		{652D3AFE-9C08-4B36-AC6F-5E2F07503696}.Debug|iPhoneSimulator.ActiveCfg = Debug|Any CPU
		{652D3AFE-9C08-4B36-AC6F-5E2F07503696}.Debug|iPhoneSimulator.Build.0 = Debug|Any CPU
		{652D3AFE-9C08-4B36-AC6F-5E2F07503696}.Debug|x64.ActiveCfg = Debug|Any CPU
		{652D3AFE-9C08-4B36-AC6F-5E2F07503696}.Debug|x64.Build.0 = Debug|Any CPU
		{652D3AFE-9C08-4B36-AC6F-5E2F07503696}.Debug|x86.ActiveCfg = Debug|Any CPU
		{652D3AFE-9C08-4B36-AC6F-5E2F07503696}.Debug|x86.Build.0 = Debug|Any CPU
		{652D3AFE-9C08-4B36-AC6F-5E2F07503696}.Release|Any CPU.ActiveCfg = Release|Any CPU
		{652D3AFE-9C08-4B36-AC6F-5E2F07503696}.Release|Any CPU.Build.0 = Release|Any CPU
		{652D3AFE-9C08-4B36-AC6F-5E2F07503696}.Release|ARM.ActiveCfg = Release|Any CPU
		{652D3AFE-9C08-4B36-AC6F-5E2F07503696}.Release|ARM.Build.0 = Release|Any CPU
		{652D3AFE-9C08-4B36-AC6F-5E2F07503696}.Release|iPhone.ActiveCfg = Release|Any CPU
		{652D3AFE-9C08-4B36-AC6F-5E2F07503696}.Release|iPhone.Build.0 = Release|Any CPU
		{652D3AFE-9C08-4B36-AC6F-5E2F07503696}.Release|iPhoneSimulator.ActiveCfg = Release|Any CPU
		{652D3AFE-9C08-4B36-AC6F-5E2F07503696}.Release|iPhoneSimulator.Build.0 = Release|Any CPU
		{652D3AFE-9C08-4B36-AC6F-5E2F07503696}.Release|x64.ActiveCfg = Release|Any CPU
		{652D3AFE-9C08-4B36-AC6F-5E2F07503696}.Release|x64.Build.0 = Release|Any CPU
		{652D3AFE-9C08-4B36-AC6F-5E2F07503696}.Release|x86.ActiveCfg = Release|Any CPU
		{652D3AFE-9C08-4B36-AC6F-5E2F07503696}.Release|x86.Build.0 = Release|Any CPU
		{13A99FF9-6096-44BC-80A6-A3785FE7F91E}.Debug|Any CPU.ActiveCfg = Debug|Any CPU
		{13A99FF9-6096-44BC-80A6-A3785FE7F91E}.Debug|Any CPU.Build.0 = Debug|Any CPU
		{13A99FF9-6096-44BC-80A6-A3785FE7F91E}.Debug|ARM.ActiveCfg = Debug|Any CPU
		{13A99FF9-6096-44BC-80A6-A3785FE7F91E}.Debug|ARM.Build.0 = Debug|Any CPU
		{13A99FF9-6096-44BC-80A6-A3785FE7F91E}.Debug|iPhone.ActiveCfg = Debug|Any CPU
		{13A99FF9-6096-44BC-80A6-A3785FE7F91E}.Debug|iPhone.Build.0 = Debug|Any CPU
		{13A99FF9-6096-44BC-80A6-A3785FE7F91E}.Debug|iPhoneSimulator.ActiveCfg = Debug|Any CPU
		{13A99FF9-6096-44BC-80A6-A3785FE7F91E}.Debug|iPhoneSimulator.Build.0 = Debug|Any CPU
		{13A99FF9-6096-44BC-80A6-A3785FE7F91E}.Debug|x64.ActiveCfg = Debug|Any CPU
		{13A99FF9-6096-44BC-80A6-A3785FE7F91E}.Debug|x64.Build.0 = Debug|Any CPU
		{13A99FF9-6096-44BC-80A6-A3785FE7F91E}.Debug|x86.ActiveCfg = Debug|Any CPU
		{13A99FF9-6096-44BC-80A6-A3785FE7F91E}.Debug|x86.Build.0 = Debug|Any CPU
		{13A99FF9-6096-44BC-80A6-A3785FE7F91E}.Release|Any CPU.ActiveCfg = Release|Any CPU
		{13A99FF9-6096-44BC-80A6-A3785FE7F91E}.Release|Any CPU.Build.0 = Release|Any CPU
		{13A99FF9-6096-44BC-80A6-A3785FE7F91E}.Release|ARM.ActiveCfg = Release|Any CPU
		{13A99FF9-6096-44BC-80A6-A3785FE7F91E}.Release|ARM.Build.0 = Release|Any CPU
		{13A99FF9-6096-44BC-80A6-A3785FE7F91E}.Release|iPhone.ActiveCfg = Release|Any CPU
		{13A99FF9-6096-44BC-80A6-A3785FE7F91E}.Release|iPhone.Build.0 = Release|Any CPU
		{13A99FF9-6096-44BC-80A6-A3785FE7F91E}.Release|iPhoneSimulator.ActiveCfg = Release|Any CPU
		{13A99FF9-6096-44BC-80A6-A3785FE7F91E}.Release|iPhoneSimulator.Build.0 = Release|Any CPU
		{13A99FF9-6096-44BC-80A6-A3785FE7F91E}.Release|x64.ActiveCfg = Release|Any CPU
		{13A99FF9-6096-44BC-80A6-A3785FE7F91E}.Release|x64.Build.0 = Release|Any CPU
		{13A99FF9-6096-44BC-80A6-A3785FE7F91E}.Release|x86.ActiveCfg = Release|Any CPU
		{13A99FF9-6096-44BC-80A6-A3785FE7F91E}.Release|x86.Build.0 = Release|Any CPU
		{B397C92B-7800-4B23-B43D-EC00A70A422B}.Debug|Any CPU.ActiveCfg = Debug|Any CPU
		{B397C92B-7800-4B23-B43D-EC00A70A422B}.Debug|Any CPU.Build.0 = Debug|Any CPU
		{B397C92B-7800-4B23-B43D-EC00A70A422B}.Debug|Any CPU.Deploy.0 = Debug|Any CPU
		{B397C92B-7800-4B23-B43D-EC00A70A422B}.Debug|ARM.ActiveCfg = Debug|Any CPU
		{B397C92B-7800-4B23-B43D-EC00A70A422B}.Debug|ARM.Build.0 = Debug|Any CPU
		{B397C92B-7800-4B23-B43D-EC00A70A422B}.Debug|ARM.Deploy.0 = Debug|Any CPU
		{B397C92B-7800-4B23-B43D-EC00A70A422B}.Debug|iPhone.ActiveCfg = Debug|Any CPU
		{B397C92B-7800-4B23-B43D-EC00A70A422B}.Debug|iPhone.Build.0 = Debug|Any CPU
		{B397C92B-7800-4B23-B43D-EC00A70A422B}.Debug|iPhone.Deploy.0 = Debug|Any CPU
		{B397C92B-7800-4B23-B43D-EC00A70A422B}.Debug|iPhoneSimulator.ActiveCfg = Debug|Any CPU
		{B397C92B-7800-4B23-B43D-EC00A70A422B}.Debug|iPhoneSimulator.Build.0 = Debug|Any CPU
		{B397C92B-7800-4B23-B43D-EC00A70A422B}.Debug|iPhoneSimulator.Deploy.0 = Debug|Any CPU
		{B397C92B-7800-4B23-B43D-EC00A70A422B}.Debug|x64.ActiveCfg = Debug|Any CPU
		{B397C92B-7800-4B23-B43D-EC00A70A422B}.Debug|x64.Build.0 = Debug|Any CPU
		{B397C92B-7800-4B23-B43D-EC00A70A422B}.Debug|x64.Deploy.0 = Debug|Any CPU
		{B397C92B-7800-4B23-B43D-EC00A70A422B}.Debug|x86.ActiveCfg = Debug|Any CPU
		{B397C92B-7800-4B23-B43D-EC00A70A422B}.Debug|x86.Build.0 = Debug|Any CPU
		{B397C92B-7800-4B23-B43D-EC00A70A422B}.Debug|x86.Deploy.0 = Debug|Any CPU
		{B397C92B-7800-4B23-B43D-EC00A70A422B}.Release|Any CPU.ActiveCfg = Release|Any CPU
		{B397C92B-7800-4B23-B43D-EC00A70A422B}.Release|Any CPU.Build.0 = Release|Any CPU
		{B397C92B-7800-4B23-B43D-EC00A70A422B}.Release|Any CPU.Deploy.0 = Release|Any CPU
		{B397C92B-7800-4B23-B43D-EC00A70A422B}.Release|ARM.ActiveCfg = Release|Any CPU
		{B397C92B-7800-4B23-B43D-EC00A70A422B}.Release|ARM.Build.0 = Release|Any CPU
		{B397C92B-7800-4B23-B43D-EC00A70A422B}.Release|ARM.Deploy.0 = Release|Any CPU
		{B397C92B-7800-4B23-B43D-EC00A70A422B}.Release|iPhone.ActiveCfg = Release|Any CPU
		{B397C92B-7800-4B23-B43D-EC00A70A422B}.Release|iPhone.Build.0 = Release|Any CPU
		{B397C92B-7800-4B23-B43D-EC00A70A422B}.Release|iPhone.Deploy.0 = Release|Any CPU
		{B397C92B-7800-4B23-B43D-EC00A70A422B}.Release|iPhoneSimulator.ActiveCfg = Release|Any CPU
		{B397C92B-7800-4B23-B43D-EC00A70A422B}.Release|iPhoneSimulator.Build.0 = Release|Any CPU
		{B397C92B-7800-4B23-B43D-EC00A70A422B}.Release|iPhoneSimulator.Deploy.0 = Release|Any CPU
		{B397C92B-7800-4B23-B43D-EC00A70A422B}.Release|x64.ActiveCfg = Release|Any CPU
		{B397C92B-7800-4B23-B43D-EC00A70A422B}.Release|x64.Build.0 = Release|Any CPU
		{B397C92B-7800-4B23-B43D-EC00A70A422B}.Release|x64.Deploy.0 = Release|Any CPU
		{B397C92B-7800-4B23-B43D-EC00A70A422B}.Release|x86.ActiveCfg = Release|Any CPU
		{B397C92B-7800-4B23-B43D-EC00A70A422B}.Release|x86.Build.0 = Release|Any CPU
		{B397C92B-7800-4B23-B43D-EC00A70A422B}.Release|x86.Deploy.0 = Release|Any CPU
		{BB0F986E-EBA7-41D6-B834-2F07A07E54C2}.Debug|Any CPU.ActiveCfg = Debug|iPhoneSimulator
		{BB0F986E-EBA7-41D6-B834-2F07A07E54C2}.Debug|Any CPU.Build.0 = Debug|iPhoneSimulator
		{BB0F986E-EBA7-41D6-B834-2F07A07E54C2}.Debug|ARM.ActiveCfg = Debug|iPhoneSimulator
		{BB0F986E-EBA7-41D6-B834-2F07A07E54C2}.Debug|ARM.Build.0 = Debug|iPhoneSimulator
		{BB0F986E-EBA7-41D6-B834-2F07A07E54C2}.Debug|iPhone.ActiveCfg = Debug|iPhone
		{BB0F986E-EBA7-41D6-B834-2F07A07E54C2}.Debug|iPhone.Build.0 = Debug|iPhone
		{BB0F986E-EBA7-41D6-B834-2F07A07E54C2}.Debug|iPhoneSimulator.ActiveCfg = Debug|iPhoneSimulator
		{BB0F986E-EBA7-41D6-B834-2F07A07E54C2}.Debug|iPhoneSimulator.Build.0 = Debug|iPhoneSimulator
		{BB0F986E-EBA7-41D6-B834-2F07A07E54C2}.Debug|x64.ActiveCfg = Debug|iPhoneSimulator
		{BB0F986E-EBA7-41D6-B834-2F07A07E54C2}.Debug|x64.Build.0 = Debug|iPhoneSimulator
		{BB0F986E-EBA7-41D6-B834-2F07A07E54C2}.Debug|x86.ActiveCfg = Debug|iPhoneSimulator
		{BB0F986E-EBA7-41D6-B834-2F07A07E54C2}.Debug|x86.Build.0 = Debug|iPhoneSimulator
		{BB0F986E-EBA7-41D6-B834-2F07A07E54C2}.Release|Any CPU.ActiveCfg = Release|iPhoneSimulator
		{BB0F986E-EBA7-41D6-B834-2F07A07E54C2}.Release|Any CPU.Build.0 = Release|iPhoneSimulator
		{BB0F986E-EBA7-41D6-B834-2F07A07E54C2}.Release|ARM.ActiveCfg = Release|iPhoneSimulator
		{BB0F986E-EBA7-41D6-B834-2F07A07E54C2}.Release|ARM.Build.0 = Release|iPhoneSimulator
		{BB0F986E-EBA7-41D6-B834-2F07A07E54C2}.Release|iPhone.ActiveCfg = Release|iPhone
		{BB0F986E-EBA7-41D6-B834-2F07A07E54C2}.Release|iPhone.Build.0 = Release|iPhone
		{BB0F986E-EBA7-41D6-B834-2F07A07E54C2}.Release|iPhoneSimulator.ActiveCfg = Release|iPhoneSimulator
		{BB0F986E-EBA7-41D6-B834-2F07A07E54C2}.Release|iPhoneSimulator.Build.0 = Release|iPhoneSimulator
		{BB0F986E-EBA7-41D6-B834-2F07A07E54C2}.Release|x64.ActiveCfg = Release|iPhoneSimulator
		{BB0F986E-EBA7-41D6-B834-2F07A07E54C2}.Release|x64.Build.0 = Release|iPhoneSimulator
		{BB0F986E-EBA7-41D6-B834-2F07A07E54C2}.Release|x86.ActiveCfg = Release|iPhoneSimulator
		{BB0F986E-EBA7-41D6-B834-2F07A07E54C2}.Release|x86.Build.0 = Release|iPhoneSimulator
	EndGlobalSection
	GlobalSection(SolutionProperties) = preSolution
		HideSolutionNode = FALSE
	EndGlobalSection
	GlobalSection(ExtensibilityGlobals) = postSolution
		SolutionGuid = {F942D96B-2BB6-4058-8E5D-EFFC6FDC58C7}
	EndGlobalSection
EndGlobal
