
Microsoft Visual Studio Solution File, Format Version 12.00
# Visual Studio Version 17
VisualStudioVersion = 17.5.33530.505
MinimumVisualStudioVersion = 10.0.40219.1
Project("{FAE04EC0-301F-11D3-BF4B-00C04F79EFBC}") = "TakeAwayApp.UWP", "TakeAwayApp\TakeAwayApp.UWP\TakeAwayApp.UWP.csproj", "{1A58EABA-829F-4597-9FF8-FE62F7A4B366}"
EndProject
Project("{FAE04EC0-301F-11D3-BF4B-00C04F79EFBC}") = "TakeAwayApp.Android", "TakeAwayApp\TakeAwayApp.Android\TakeAwayApp.Android.csproj", "{B397C92B-7800-4B23-B43D-EC00A70A422B}"
EndProject
Project("{FAE04EC0-301F-11D3-BF4B-00C04F79EFBC}") = "TakeAwayApp.iOS", "TakeAwayApp\TakeAwayApp.iOS\TakeAwayApp.iOS.csproj", "{BB0F986E-EBA7-41D6-B834-2F07A07E54C2}"
EndProject
Project("{FAE04EC0-301F-11D3-BF4B-00C04F79EFBC}") = "TakeAwayApp", "TakeAwayApp\TakeAwayApp\TakeAwayApp.csproj", "{FB9A7C6C-8A4C-450C-A01A-E43644AB1D09}"
EndProject
Project("{FAE04EC0-301F-11D3-BF4B-00C04F79EFBC}") = "TakeAwayApp.Wpf", "TakeAwayApp.Wpf\TakeAwayApp.Wpf.csproj", "{867E2D3C-1C58-4944-819B-90A4762B6CA4}"
EndProject
Global
	GlobalSection(SolutionConfigurationPlatforms) = preSolution
		Debug|Any CPU = Debug|Any CPU
		Debug|ARM = Debug|ARM
		Debug|iPhone = Debug|iPhone
		Debug|iPhoneSimulator = Debug|iPhoneSimulator
		Debug|x64 = Debug|x64
		Debug|x86 = Debug|x86
		Release|Any CPU = Release|Any CPU
		Release|ARM = Release|ARM
		Release|iPhone = Release|iPhone
		Release|iPhoneSimulator = Release|iPhoneSimulator
		Release|x64 = Release|x64
		Release|x86 = Release|x86
	EndGlobalSection
	GlobalSection(ProjectConfigurationPlatforms) = postSolution
		{1A58EABA-829F-4597-9FF8-FE62F7A4B366}.Debug|Any CPU.ActiveCfg = Debug|x64
		{1A58EABA-829F-4597-9FF8-FE62F7A4B366}.Debug|Any CPU.Build.0 = Debug|x64
		{1A58EABA-829F-4597-9FF8-FE62F7A4B366}.Debug|Any CPU.Deploy.0 = Debug|x64
		{1A58EABA-829F-4597-9FF8-FE62F7A4B366}.Debug|ARM.ActiveCfg = Debug|ARM
		{1A58EABA-829F-4597-9FF8-FE62F7A4B366}.Debug|ARM.Build.0 = Debug|ARM
		{1A58EABA-829F-4597-9FF8-FE62F7A4B366}.Debug|ARM.Deploy.0 = Debug|ARM
		{1A58EABA-829F-4597-9FF8-FE62F7A4B366}.Debug|iPhone.ActiveCfg = Debug|x64
		{1A58EABA-829F-4597-9FF8-FE62F7A4B366}.Debug|iPhone.Build.0 = Debug|x64
		{1A58EABA-829F-4597-9FF8-FE62F7A4B366}.Debug|iPhone.Deploy.0 = Debug|x64
		{1A58EABA-829F-4597-9FF8-FE62F7A4B366}.Debug|iPhoneSimulator.ActiveCfg = Debug|x64
		{1A58EABA-829F-4597-9FF8-FE62F7A4B366}.Debug|iPhoneSimulator.Build.0 = Debug|x64
		{1A58EABA-829F-4597-9FF8-FE62F7A4B366}.Debug|iPhoneSimulator.Deploy.0 = Debug|x64
		{1A58EABA-829F-4597-9FF8-FE62F7A4B366}.Debug|x64.ActiveCfg = Debug|x64
		{1A58EABA-829F-4597-9FF8-FE62F7A4B366}.Debug|x64.Build.0 = Debug|x64
		{1A58EABA-829F-4597-9FF8-FE62F7A4B366}.Debug|x64.Deploy.0 = Debug|x64
		{1A58EABA-829F-4597-9FF8-FE62F7A4B366}.Debug|x86.ActiveCfg = Debug|x86
		{1A58EABA-829F-4597-9FF8-FE62F7A4B366}.Debug|x86.Build.0 = Debug|x86
		{1A58EABA-829F-4597-9FF8-FE62F7A4B366}.Debug|x86.Deploy.0 = Debug|x86
		{1A58EABA-829F-4597-9FF8-FE62F7A4B366}.Release|Any CPU.ActiveCfg = Release|x64
		{1A58EABA-829F-4597-9FF8-FE62F7A4B366}.Release|Any CPU.Build.0 = Release|x64
		{1A58EABA-829F-4597-9FF8-FE62F7A4B366}.Release|Any CPU.Deploy.0 = Release|x64
		{1A58EABA-829F-4597-9FF8-FE62F7A4B366}.Release|ARM.ActiveCfg = Release|ARM
		{1A58EABA-829F-4597-9FF8-FE62F7A4B366}.Release|ARM.Build.0 = Release|ARM
		{1A58EABA-829F-4597-9FF8-FE62F7A4B366}.Release|ARM.Deploy.0 = Release|ARM
		{1A58EABA-829F-4597-9FF8-FE62F7A4B366}.Release|iPhone.ActiveCfg = Release|x64
		{1A58EABA-829F-4597-9FF8-FE62F7A4B366}.Release|iPhone.Build.0 = Release|x64
		{1A58EABA-829F-4597-9FF8-FE62F7A4B366}.Release|iPhone.Deploy.0 = Release|x64
		{1A58EABA-829F-4597-9FF8-FE62F7A4B366}.Release|iPhoneSimulator.ActiveCfg = Release|x64
		{1A58EABA-829F-4597-9FF8-FE62F7A4B366}.Release|iPhoneSimulator.Build.0 = Release|x64
		{1A58EABA-829F-4597-9FF8-FE62F7A4B366}.Release|iPhoneSimulator.Deploy.0 = Release|x64
		{1A58EABA-829F-4597-9FF8-FE62F7A4B366}.Release|x64.ActiveCfg = Release|x64
		{1A58EABA-829F-4597-9FF8-FE62F7A4B366}.Release|x64.Build.0 = Release|x64
		{1A58EABA-829F-4597-9FF8-FE62F7A4B366}.Release|x64.Deploy.0 = Release|x64
		{1A58EABA-829F-4597-9FF8-FE62F7A4B366}.Release|x86.ActiveCfg = Release|x86
		{1A58EABA-829F-4597-9FF8-FE62F7A4B366}.Release|x86.Build.0 = Release|x86
		{1A58EABA-829F-4597-9FF8-FE62F7A4B366}.Release|x86.Deploy.0 = Release|x86
		{B397C92B-7800-4B23-B43D-EC00A70A422B}.Debug|Any CPU.ActiveCfg = Debug|Any CPU
		{B397C92B-7800-4B23-B43D-EC00A70A422B}.Debug|Any CPU.Build.0 = Debug|Any CPU
		{B397C92B-7800-4B23-B43D-EC00A70A422B}.Debug|Any CPU.Deploy.0 = Debug|Any CPU
		{B397C92B-7800-4B23-B43D-EC00A70A422B}.Debug|ARM.ActiveCfg = Debug|Any CPU
		{B397C92B-7800-4B23-B43D-EC00A70A422B}.Debug|ARM.Build.0 = Debug|Any CPU
		{B397C92B-7800-4B23-B43D-EC00A70A422B}.Debug|ARM.Deploy.0 = Debug|Any CPU
		{B397C92B-7800-4B23-B43D-EC00A70A422B}.Debug|iPhone.ActiveCfg = Debug|Any CPU
		{B397C92B-7800-4B23-B43D-EC00A70A422B}.Debug|iPhone.Build.0 = Debug|Any CPU
		{B397C92B-7800-4B23-B43D-EC00A70A422B}.Debug|iPhone.Deploy.0 = Debug|Any CPU
		{B397C92B-7800-4B23-B43D-EC00A70A422B}.Debug|iPhoneSimulator.ActiveCfg = Debug|Any CPU
		{B397C92B-7800-4B23-B43D-EC00A70A422B}.Debug|iPhoneSimulator.Build.0 = Debug|Any CPU
		{B397C92B-7800-4B23-B43D-EC00A70A422B}.Debug|iPhoneSimulator.Deploy.0 = Debug|Any CPU
		{B397C92B-7800-4B23-B43D-EC00A70A422B}.Debug|x64.ActiveCfg = Debug|Any CPU
		{B397C92B-7800-4B23-B43D-EC00A70A422B}.Debug|x64.Build.0 = Debug|Any CPU
		{B397C92B-7800-4B23-B43D-EC00A70A422B}.Debug|x64.Deploy.0 = Debug|Any CPU
		{B397C92B-7800-4B23-B43D-EC00A70A422B}.Debug|x86.ActiveCfg = Debug|Any CPU
		{B397C92B-7800-4B23-B43D-EC00A70A422B}.Debug|x86.Build.0 = Debug|Any CPU
		{B397C92B-7800-4B23-B43D-EC00A70A422B}.Debug|x86.Deploy.0 = Debug|Any CPU
		{B397C92B-7800-4B23-B43D-EC00A70A422B}.Release|Any CPU.ActiveCfg = Release|Any CPU
		{B397C92B-7800-4B23-B43D-EC00A70A422B}.Release|Any CPU.Build.0 = Release|Any CPU
		{B397C92B-7800-4B23-B43D-EC00A70A422B}.Release|Any CPU.Deploy.0 = Release|Any CPU
		{B397C92B-7800-4B23-B43D-EC00A70A422B}.Release|ARM.ActiveCfg = Release|Any CPU
		{B397C92B-7800-4B23-B43D-EC00A70A422B}.Release|ARM.Build.0 = Release|Any CPU
		{B397C92B-7800-4B23-B43D-EC00A70A422B}.Release|ARM.Deploy.0 = Release|Any CPU
		{B397C92B-7800-4B23-B43D-EC00A70A422B}.Release|iPhone.ActiveCfg = Release|Any CPU
		{B397C92B-7800-4B23-B43D-EC00A70A422B}.Release|iPhone.Build.0 = Release|Any CPU
		{B397C92B-7800-4B23-B43D-EC00A70A422B}.Release|iPhone.Deploy.0 = Release|Any CPU
		{B397C92B-7800-4B23-B43D-EC00A70A422B}.Release|iPhoneSimulator.ActiveCfg = Release|Any CPU
		{B397C92B-7800-4B23-B43D-EC00A70A422B}.Release|iPhoneSimulator.Build.0 = Release|Any CPU
		{B397C92B-7800-4B23-B43D-EC00A70A422B}.Release|iPhoneSimulator.Deploy.0 = Release|Any CPU
		{B397C92B-7800-4B23-B43D-EC00A70A422B}.Release|x64.ActiveCfg = Release|Any CPU
		{B397C92B-7800-4B23-B43D-EC00A70A422B}.Release|x64.Build.0 = Release|Any CPU
		{B397C92B-7800-4B23-B43D-EC00A70A422B}.Release|x64.Deploy.0 = Release|Any CPU
		{B397C92B-7800-4B23-B43D-EC00A70A422B}.Release|x86.ActiveCfg = Release|Any CPU
		{B397C92B-7800-4B23-B43D-EC00A70A422B}.Release|x86.Build.0 = Release|Any CPU
		{B397C92B-7800-4B23-B43D-EC00A70A422B}.Release|x86.Deploy.0 = Release|Any CPU
		{BB0F986E-EBA7-41D6-B834-2F07A07E54C2}.Debug|Any CPU.ActiveCfg = Debug|iPhoneSimulator
		{BB0F986E-EBA7-41D6-B834-2F07A07E54C2}.Debug|Any CPU.Build.0 = Debug|iPhoneSimulator
		{BB0F986E-EBA7-41D6-B834-2F07A07E54C2}.Debug|Any CPU.Deploy.0 = Debug|iPhoneSimulator
		{BB0F986E-EBA7-41D6-B834-2F07A07E54C2}.Debug|ARM.ActiveCfg = Debug|iPhoneSimulator
		{BB0F986E-EBA7-41D6-B834-2F07A07E54C2}.Debug|ARM.Build.0 = Debug|iPhoneSimulator
		{BB0F986E-EBA7-41D6-B834-2F07A07E54C2}.Debug|ARM.Deploy.0 = Debug|iPhoneSimulator
		{BB0F986E-EBA7-41D6-B834-2F07A07E54C2}.Debug|iPhone.ActiveCfg = Debug|iPhone
		{BB0F986E-EBA7-41D6-B834-2F07A07E54C2}.Debug|iPhone.Build.0 = Debug|iPhone
		{BB0F986E-EBA7-41D6-B834-2F07A07E54C2}.Debug|iPhone.Deploy.0 = Debug|iPhone
		{BB0F986E-EBA7-41D6-B834-2F07A07E54C2}.Debug|iPhoneSimulator.ActiveCfg = Debug|iPhoneSimulator
		{BB0F986E-EBA7-41D6-B834-2F07A07E54C2}.Debug|iPhoneSimulator.Build.0 = Debug|iPhoneSimulator
		{BB0F986E-EBA7-41D6-B834-2F07A07E54C2}.Debug|iPhoneSimulator.Deploy.0 = Debug|iPhoneSimulator
		{BB0F986E-EBA7-41D6-B834-2F07A07E54C2}.Debug|x64.ActiveCfg = Debug|iPhone
		{BB0F986E-EBA7-41D6-B834-2F07A07E54C2}.Debug|x64.Build.0 = Debug|iPhone
		{BB0F986E-EBA7-41D6-B834-2F07A07E54C2}.Debug|x64.Deploy.0 = Debug|iPhone
		{BB0F986E-EBA7-41D6-B834-2F07A07E54C2}.Debug|x86.ActiveCfg = Debug|iPhoneSimulator
		{BB0F986E-EBA7-41D6-B834-2F07A07E54C2}.Debug|x86.Build.0 = Debug|iPhoneSimulator
		{BB0F986E-EBA7-41D6-B834-2F07A07E54C2}.Debug|x86.Deploy.0 = Debug|iPhoneSimulator
		{BB0F986E-EBA7-41D6-B834-2F07A07E54C2}.Release|Any CPU.ActiveCfg = Release|iPhoneSimulator
		{BB0F986E-EBA7-41D6-B834-2F07A07E54C2}.Release|Any CPU.Build.0 = Release|iPhoneSimulator
		{BB0F986E-EBA7-41D6-B834-2F07A07E54C2}.Release|Any CPU.Deploy.0 = Release|iPhoneSimulator
		{BB0F986E-EBA7-41D6-B834-2F07A07E54C2}.Release|ARM.ActiveCfg = Release|iPhoneSimulator
		{BB0F986E-EBA7-41D6-B834-2F07A07E54C2}.Release|ARM.Build.0 = Release|iPhoneSimulator
		{BB0F986E-EBA7-41D6-B834-2F07A07E54C2}.Release|ARM.Deploy.0 = Release|iPhoneSimulator
		{BB0F986E-EBA7-41D6-B834-2F07A07E54C2}.Release|iPhone.ActiveCfg = Release|iPhone
		{BB0F986E-EBA7-41D6-B834-2F07A07E54C2}.Release|iPhone.Build.0 = Release|iPhone
		{BB0F986E-EBA7-41D6-B834-2F07A07E54C2}.Release|iPhone.Deploy.0 = Release|iPhone
		{BB0F986E-EBA7-41D6-B834-2F07A07E54C2}.Release|iPhoneSimulator.ActiveCfg = Release|iPhoneSimulator
		{BB0F986E-EBA7-41D6-B834-2F07A07E54C2}.Release|iPhoneSimulator.Build.0 = Release|iPhoneSimulator
		{BB0F986E-EBA7-41D6-B834-2F07A07E54C2}.Release|iPhoneSimulator.Deploy.0 = Release|iPhoneSimulator
		{BB0F986E-EBA7-41D6-B834-2F07A07E54C2}.Release|x64.ActiveCfg = Release|iPhoneSimulator
		{BB0F986E-EBA7-41D6-B834-2F07A07E54C2}.Release|x64.Build.0 = Release|iPhoneSimulator
		{BB0F986E-EBA7-41D6-B834-2F07A07E54C2}.Release|x64.Deploy.0 = Release|iPhoneSimulator
		{BB0F986E-EBA7-41D6-B834-2F07A07E54C2}.Release|x86.ActiveCfg = Release|iPhoneSimulator
		{BB0F986E-EBA7-41D6-B834-2F07A07E54C2}.Release|x86.Build.0 = Release|iPhoneSimulator
		{BB0F986E-EBA7-41D6-B834-2F07A07E54C2}.Release|x86.Deploy.0 = Release|iPhoneSimulator
		{FB9A7C6C-8A4C-450C-A01A-E43644AB1D09}.Debug|Any CPU.ActiveCfg = Debug|Any CPU
		{FB9A7C6C-8A4C-450C-A01A-E43644AB1D09}.Debug|Any CPU.Build.0 = Debug|Any CPU
		{FB9A7C6C-8A4C-450C-A01A-E43644AB1D09}.Debug|Any CPU.Deploy.0 = Debug|Any CPU
		{FB9A7C6C-8A4C-450C-A01A-E43644AB1D09}.Debug|ARM.ActiveCfg = Debug|Any CPU
		{FB9A7C6C-8A4C-450C-A01A-E43644AB1D09}.Debug|ARM.Build.0 = Debug|Any CPU
		{FB9A7C6C-8A4C-450C-A01A-E43644AB1D09}.Debug|ARM.Deploy.0 = Debug|Any CPU
		{FB9A7C6C-8A4C-450C-A01A-E43644AB1D09}.Debug|iPhone.ActiveCfg = Debug|Any CPU
		{FB9A7C6C-8A4C-450C-A01A-E43644AB1D09}.Debug|iPhone.Build.0 = Debug|Any CPU
		{FB9A7C6C-8A4C-450C-A01A-E43644AB1D09}.Debug|iPhone.Deploy.0 = Debug|Any CPU
		{FB9A7C6C-8A4C-450C-A01A-E43644AB1D09}.Debug|iPhoneSimulator.ActiveCfg = Debug|Any CPU
		{FB9A7C6C-8A4C-450C-A01A-E43644AB1D09}.Debug|iPhoneSimulator.Build.0 = Debug|Any CPU
		{FB9A7C6C-8A4C-450C-A01A-E43644AB1D09}.Debug|iPhoneSimulator.Deploy.0 = Debug|Any CPU
		{FB9A7C6C-8A4C-450C-A01A-E43644AB1D09}.Debug|x64.ActiveCfg = Debug|Any CPU
		{FB9A7C6C-8A4C-450C-A01A-E43644AB1D09}.Debug|x64.Build.0 = Debug|Any CPU
		{FB9A7C6C-8A4C-450C-A01A-E43644AB1D09}.Debug|x64.Deploy.0 = Debug|Any CPU
		{FB9A7C6C-8A4C-450C-A01A-E43644AB1D09}.Debug|x86.ActiveCfg = Debug|Any CPU
		{FB9A7C6C-8A4C-450C-A01A-E43644AB1D09}.Debug|x86.Build.0 = Debug|Any CPU
		{FB9A7C6C-8A4C-450C-A01A-E43644AB1D09}.Debug|x86.Deploy.0 = Debug|Any CPU
		{FB9A7C6C-8A4C-450C-A01A-E43644AB1D09}.Release|Any CPU.ActiveCfg = Release|Any CPU
		{FB9A7C6C-8A4C-450C-A01A-E43644AB1D09}.Release|Any CPU.Build.0 = Release|Any CPU
		{FB9A7C6C-8A4C-450C-A01A-E43644AB1D09}.Release|Any CPU.Deploy.0 = Release|Any CPU
		{FB9A7C6C-8A4C-450C-A01A-E43644AB1D09}.Release|ARM.ActiveCfg = Release|Any CPU
		{FB9A7C6C-8A4C-450C-A01A-E43644AB1D09}.Release|ARM.Build.0 = Release|Any CPU
		{FB9A7C6C-8A4C-450C-A01A-E43644AB1D09}.Release|ARM.Deploy.0 = Release|Any CPU
		{FB9A7C6C-8A4C-450C-A01A-E43644AB1D09}.Release|iPhone.ActiveCfg = Release|Any CPU
		{FB9A7C6C-8A4C-450C-A01A-E43644AB1D09}.Release|iPhone.Build.0 = Release|Any CPU
		{FB9A7C6C-8A4C-450C-A01A-E43644AB1D09}.Release|iPhone.Deploy.0 = Release|Any CPU
		{FB9A7C6C-8A4C-450C-A01A-E43644AB1D09}.Release|iPhoneSimulator.ActiveCfg = Release|Any CPU
		{FB9A7C6C-8A4C-450C-A01A-E43644AB1D09}.Release|iPhoneSimulator.Build.0 = Release|Any CPU
		{FB9A7C6C-8A4C-450C-A01A-E43644AB1D09}.Release|iPhoneSimulator.Deploy.0 = Release|Any CPU
		{FB9A7C6C-8A4C-450C-A01A-E43644AB1D09}.Release|x64.ActiveCfg = Release|Any CPU
		{FB9A7C6C-8A4C-450C-A01A-E43644AB1D09}.Release|x64.Build.0 = Release|Any CPU
		{FB9A7C6C-8A4C-450C-A01A-E43644AB1D09}.Release|x64.Deploy.0 = Release|Any CPU
		{FB9A7C6C-8A4C-450C-A01A-E43644AB1D09}.Release|x86.ActiveCfg = Release|Any CPU
		{FB9A7C6C-8A4C-450C-A01A-E43644AB1D09}.Release|x86.Build.0 = Release|Any CPU
		{FB9A7C6C-8A4C-450C-A01A-E43644AB1D09}.Release|x86.Deploy.0 = Release|Any CPU
		{867E2D3C-1C58-4944-819B-90A4762B6CA4}.Debug|Any CPU.ActiveCfg = Debug|Any CPU
		{867E2D3C-1C58-4944-819B-90A4762B6CA4}.Debug|Any CPU.Build.0 = Debug|Any CPU
		{867E2D3C-1C58-4944-819B-90A4762B6CA4}.Debug|ARM.ActiveCfg = Debug|Any CPU
		{867E2D3C-1C58-4944-819B-90A4762B6CA4}.Debug|ARM.Build.0 = Debug|Any CPU
		{867E2D3C-1C58-4944-819B-90A4762B6CA4}.Debug|iPhone.ActiveCfg = Debug|Any CPU
		{867E2D3C-1C58-4944-819B-90A4762B6CA4}.Debug|iPhone.Build.0 = Debug|Any CPU
		{867E2D3C-1C58-4944-819B-90A4762B6CA4}.Debug|iPhoneSimulator.ActiveCfg = Debug|Any CPU
		{867E2D3C-1C58-4944-819B-90A4762B6CA4}.Debug|iPhoneSimulator.Build.0 = Debug|Any CPU
		{867E2D3C-1C58-4944-819B-90A4762B6CA4}.Debug|x64.ActiveCfg = Debug|Any CPU
		{867E2D3C-1C58-4944-819B-90A4762B6CA4}.Debug|x64.Build.0 = Debug|Any CPU
		{867E2D3C-1C58-4944-819B-90A4762B6CA4}.Debug|x86.ActiveCfg = Debug|Any CPU
		{867E2D3C-1C58-4944-819B-90A4762B6CA4}.Debug|x86.Build.0 = Debug|Any CPU
		{867E2D3C-1C58-4944-819B-90A4762B6CA4}.Release|Any CPU.ActiveCfg = Release|Any CPU
		{867E2D3C-1C58-4944-819B-90A4762B6CA4}.Release|Any CPU.Build.0 = Release|Any CPU
		{867E2D3C-1C58-4944-819B-90A4762B6CA4}.Release|ARM.ActiveCfg = Release|Any CPU
		{867E2D3C-1C58-4944-819B-90A4762B6CA4}.Release|ARM.Build.0 = Release|Any CPU
		{867E2D3C-1C58-4944-819B-90A4762B6CA4}.Release|iPhone.ActiveCfg = Release|Any CPU
		{867E2D3C-1C58-4944-819B-90A4762B6CA4}.Release|iPhone.Build.0 = Release|Any CPU
		{867E2D3C-1C58-4944-819B-90A4762B6CA4}.Release|iPhoneSimulator.ActiveCfg = Release|Any CPU
		{867E2D3C-1C58-4944-819B-90A4762B6CA4}.Release|iPhoneSimulator.Build.0 = Release|Any CPU
		{867E2D3C-1C58-4944-819B-90A4762B6CA4}.Release|x64.ActiveCfg = Release|Any CPU
		{867E2D3C-1C58-4944-819B-90A4762B6CA4}.Release|x64.Build.0 = Release|Any CPU
		{867E2D3C-1C58-4944-819B-90A4762B6CA4}.Release|x86.ActiveCfg = Release|Any CPU
		{867E2D3C-1C58-4944-819B-90A4762B6CA4}.Release|x86.Build.0 = Release|Any CPU
	EndGlobalSection
	GlobalSection(SolutionProperties) = preSolution
		HideSolutionNode = FALSE
	EndGlobalSection
	GlobalSection(ExtensibilityGlobals) = postSolution
		SolutionGuid = {F942D96B-2BB6-4058-8E5D-EFFC6FDC58C7}
	EndGlobalSection
EndGlobal
