
Microsoft Visual Studio Solution File, Format Version 12.00
# Visual Studio Version 16
VisualStudioVersion = 16.0.30011.22
MinimumVisualStudioVersion = 10.0.40219.1
Project("{CC5FD16D-436D-48AD-A40C-5A424C6E3E79}") = "FlavourBusinessCloudServices", "FlavourBusinessCloudServices\FlavourBusinessCloudServices.ccproj", "{78660E26-36CE-424D-8DF6-37CEECA8059E}"
EndProject
Project("{FAE04EC0-301F-11D3-BF4B-00C04F79EFBC}") = "FlavourBusinessWorkerRole", "FlavourBusinessWorkerRole\FlavourBusinessWorkerRole.csproj", "{E1C14B7A-AD69-451E-BC37-5CD091301219}"
EndProject
Project("{FAE04EC0-301F-11D3-BF4B-00C04F79EFBC}") = "FlavourBusinessFacade", "FlavourBusinessFacade\FlavourBusinessFacade.csproj", "{0072F0D5-644D-4343-A34D-03AE24EBA9FE}"
EndProject
Project("{FAE04EC0-301F-11D3-BF4B-00C04F79EFBC}") = "FlavourBusinessTestApplication", "FlavourBusinessTestApplication\FlavourBusinessTestApplication.csproj", "{C3D8F7B0-6650-45C4-89BD-AD17A1EBD8E2}"
EndProject
Project("{FAE04EC0-301F-11D3-BF4B-00C04F79EFBC}") = "FlavourBusinessWebRole", "FlavourBusinessWebRole\FlavourBusinessWebRole.csproj", "{D674E6D5-9284-4B98-8705-4BCE89046E10}"
EndProject
Project("{FAE04EC0-301F-11D3-BF4B-00C04F79EFBC}") = "FlavourBusinessToolKit", "FlavourBusinessToolKit\FlavourBusinessToolKit.csproj", "{51ACA19C-B6BC-4E33-B65B-F3112E93DEF9}"
EndProject
Project("{FAE04EC0-301F-11D3-BF4B-00C04F79EFBC}") = "FlavourBusinessWebApiRole", "FlavourBusinessWebApiRole\FlavourBusinessWebApiRole.csproj", "{F8A1CBA7-5975-4608-8F02-6618EAFBEEEF}"
EndProject
Project("{FAE04EC0-301F-11D3-BF4B-00C04F79EFBC}") = "FlavourBusinessManager", "..\FlavourBusinessManager\FlavourBusinessManager.csproj", "{25AEC1BF-1882-41C8-8B4A-B3B3E1EF624D}"
EndProject
Project("{FAE04EC0-301F-11D3-BF4B-00C04F79EFBC}") = "RestApiRemoting", "..\..\PersistenceLayer\DotNetPersistenceLayer\RestApiRemoting\RestApiRemoting.csproj", "{A2DB1DF7-3B99-4251-891D-0D7F40848C6C}"
EndProject
Project("{FAE04EC0-301F-11D3-BF4B-00C04F79EFBC}") = "WindowsAzureTablesPersistenceRunTime", "..\..\PersistenceLayer\DotNetPersistenceLayer\WindowsAzureTablesPersistenceRunTime\WindowsAzureTablesPersistenceRunTime.csproj", "{EACD0D55-E5E1-4288-BA55-7BC566B4722E}"
EndProject
Project("{FAE04EC0-301F-11D3-BF4B-00C04F79EFBC}") = "OOAdvantechFacade -VS10", "..\..\PersistenceLayer\DotNetPersistenceLayer\OOAdvantechFacade\OOAdvantechFacade -VS10.csproj", "{09083B37-96EF-4867-AA51-4D698AD34344}"
EndProject
Project("{FAE04EC0-301F-11D3-BF4B-00C04F79EFBC}") = "OOAdvantech - VS10", "..\..\PersistenceLayer\DotNetPersistenceLayer\OOAdvantech\OOAdvantech - VS10.csproj", "{83492998-8E8B-44A9-BCC8-9A6E979E3EB6}"
EndProject
Project("{FAE04EC0-301F-11D3-BF4B-00C04F79EFBC}") = "MenuModel", "..\MenuModel\MenuModel.csproj", "{3BD146EA-5976-40DB-8D3A-68B7C20054C5}"
EndProject
Project("{FAE04EC0-301F-11D3-BF4B-00C04F79EFBC}") = "MenuPresentationModel", "..\MenuPresentationModel\MenuPresentationModel.csproj", "{5C51FA19-E5E2-493D-84C8-2CD88567F908}"
EndProject
Project("{FAE04EC0-301F-11D3-BF4B-00C04F79EFBC}") = "Linq - VS10", "..\..\PersistenceLayer\DotNetPersistenceLayer\Linq\Linq - VS10.csproj", "{B5802B17-B3A0-4E40-A393-D1C57A53EDCB}"
EndProject
Project("{FAE04EC0-301F-11D3-BF4B-00C04F79EFBC}") = "ModulePublisher - VS10", "..\..\Visual Studio.NET Projects\ModulePublisher\ModulePublisher - VS10.csproj", "{8D4656BC-51D1-4E2D-AE5B-6F530DF69333}"
EndProject
Project("{FAE04EC0-301F-11D3-BF4B-00C04F79EFBC}") = "WPFUIElementObjectBind-VS10", "..\..\UserInterface\WPFUserInterfaceLibrary\WPFUIElementObjectBind\WPFUIElementObjectBind-VS10.csproj", "{8DFEC0F3-C2EC-4D16-9E1D-09D33199E73F}"
EndProject
Project("{FAE04EC0-301F-11D3-BF4B-00C04F79EFBC}") = "DotNetMetaDataRepository - VS10", "..\..\PersistenceLayer\DotNetPersistenceLayer\DotNetMetaDataRepository\DotNetMetaDataRepository - VS10.csproj", "{CFEA0A11-F583-4751-BE83-2EA0363B868B}"
EndProject
Project("{FAE04EC0-301F-11D3-BF4B-00C04F79EFBC}") = "Parser - VS10", "..\..\PersistenceLayer\DotNetPersistenceLayer\Parser\Parser - VS10.csproj", "{7BBFF192-81B1-474C-856C-391D9012D0E7}"
EndProject
Project("{FAE04EC0-301F-11D3-BF4B-00C04F79EFBC}") = "MetaDataLoadingSystem - VS10", "..\..\PersistenceLayer\DotNetPersistenceLayer\MetaDataLoadingSystem\MetaDataLoadingSystem - VS10.csproj", "{1D685176-89DB-4086-A084-48D487506390}"
EndProject
Project("{FAE04EC0-301F-11D3-BF4B-00C04F79EFBC}") = "PersistenceLayerRunTime - VS10", "..\..\PersistenceLayer\DotNetPersistenceLayer\PersistenceLayerRunTime\PersistenceLayerRunTime - VS10.csproj", "{535EF442-4F9B-4B5B-B2E2-3939CFF13C58}"
EndProject
Project("{FAE04EC0-301F-11D3-BF4B-00C04F79EFBC}") = "PersistenceLayerRunTimeFacade - VS10", "..\..\PersistenceLayer\DotNetPersistenceLayer\PersistenceLayerRunTimeFacade\PersistenceLayerRunTimeFacade - VS10.csproj", "{F3823B06-8FB8-4B69-828F-18D2BE232DF8}"
EndProject
Project("{FAE04EC0-301F-11D3-BF4B-00C04F79EFBC}") = "RDBMSMetaDataRepository - VS10", "..\..\PersistenceLayer\DotNetPersistenceLayer\RDBMSMetaDataRepository\RDBMSMetaDataRepository - VS10.csproj", "{332C008B-4EEB-422B-A694-04C915F6769D}"
EndProject
Project("{FAE04EC0-301F-11D3-BF4B-00C04F79EFBC}") = "FacadeProxiesGenerator", "..\..\PersistenceLayer\DotNetPersistenceLayer\FacadeProxiesGenerator\FacadeProxiesGenerator.csproj", "{D535BD18-2401-427C-85FF-3BCD147A17D6}"
EndProject
Project("{FAE04EC0-301F-11D3-BF4B-00C04F79EFBC}") = "FlavourBusinessInfrastructure", "FlavourBusinessInfrastructure\FlavourBusinessInfrastructure.csproj", "{10976AE6-CE89-4AFE-A156-4DEFE88AEFCB}"
EndProject
Project("{FAE04EC0-301F-11D3-BF4B-00C04F79EFBC}") = "CallerIDDevice", "CallerIDDevice\CallerIDDevice.csproj", "{FCC629D5-5FB1-4D5B-9599-CA5483E453DC}"
EndProject
Project("{FAE04EC0-301F-11D3-BF4B-00C04F79EFBC}") = "OOAdvantech.Net", "..\..\PersistenceLayer\DotNetPersistenceLayer\OOAdvantech.Net\OOAdvantech.Net.csproj", "{CEB65441-0A94-444A-AF99-5E4850AE623C}"
EndProject
Project("{FAE04EC0-301F-11D3-BF4B-00C04F79EFBC}") = "ComputationalResources", "ComputationalResources\ComputationalResources.csproj", "{E58D9F23-6236-4587-913C-F5FADCF11C9C}"
EndProject
Project("{FAE04EC0-301F-11D3-BF4B-00C04F79EFBC}") = "Perfon.Core", "..\..\PersistenceLayer\DotNetPersistenceLayer\Perfon.Core\Perfon.Core.csproj", "{15EA05E4-0BCF-4A35-B177-59B932869414}"
EndProject
Project("{FAE04EC0-301F-11D3-BF4B-00C04F79EFBC}") = "FinanceFacade", "FinanceFacade\FinanceFacade.csproj", "{BC023782-2913-447E-90C1-AF934F8F2CE1}"
EndProject
Project("{FAE04EC0-301F-11D3-BF4B-00C04F79EFBC}") = "MicronemeCommon", "..\MicronemeCommon\MicronemeCommon.csproj", "{40F1D627-8E66-43D5-923E-318A5D67E3C1}"
EndProject
Project("{FAE04EC0-301F-11D3-BF4B-00C04F79EFBC}") = "SvgAccentModifier", "..\SvgAccentModifier\SvgAccentModifier.csproj", "{3ECE3C45-143E-40FE-9C9E-A21FA57FC421}"
EndProject
Project("{FAE04EC0-301F-11D3-BF4B-00C04F79EFBC}") = "MenuModelFacade", "..\MenuModel\MenuModelFacade\MenuModelFacade.csproj", "{D85BE368-8C63-4BAC-A287-B111A5D25EFF}"
EndProject
Project("{FAE04EC0-301F-11D3-BF4B-00C04F79EFBC}") = "RestaurantHallLayoutModel", "..\RestaurantHallLayoutModel\RestaurantHallLayoutModel.csproj", "{0111E912-93A7-4E95-81C6-1F565684336A}"
EndProject
Project("{FAE04EC0-301F-11D3-BF4B-00C04F79EFBC}") = "OOAdvantech.Json", "..\..\PersistenceLayer\DotNetPersistenceLayer\OOAdvantech.Json\OOAdvantech.Json.csproj", "{F20E4565-5DDB-4E1E-A343-369927C01277}"
EndProject
Project("{FAE04EC0-301F-11D3-BF4B-00C04F79EFBC}") = "FlavoursServicesWorkerRole", "..\FlavoursServicesWorkerRole\FlavoursServicesWorkerRole.csproj", "{E34DF33A-4755-43AC-A652-11AF8ED6ABB0}"
EndProject
Project("{CC5FD16D-436D-48AD-A40C-5A424C6E3E79}") = "FlavoursServices", "..\FlavoursServices\FlavoursServices.ccproj", "{1E9121AA-49AF-4D28-8C5A-DB8F417B7786}"
EndProject
Global
	GlobalSection(SolutionConfigurationPlatforms) = preSolution
		Debug|Any CPU = Debug|Any CPU
		Debug|x64 = Debug|x64
		Debug|x86 = Debug|x86
		Net4Debug|Any CPU = Net4Debug|Any CPU
		Net4Debug|x64 = Net4Debug|x64
		Net4Debug|x86 = Net4Debug|x86
		Net4Release|Any CPU = Net4Release|Any CPU
		Net4Release|x64 = Net4Release|x64
		Net4Release|x86 = Net4Release|x86
		Release|Any CPU = Release|Any CPU
		Release|x64 = Release|x64
		Release|x86 = Release|x86
	EndGlobalSection
	GlobalSection(ProjectConfigurationPlatforms) = postSolution
		{78660E26-36CE-424D-8DF6-37CEECA8059E}.Debug|Any CPU.ActiveCfg = Debug|Any CPU
		{78660E26-36CE-424D-8DF6-37CEECA8059E}.Debug|Any CPU.Build.0 = Debug|Any CPU
		{78660E26-36CE-424D-8DF6-37CEECA8059E}.Debug|x64.ActiveCfg = Debug|Any CPU
		{78660E26-36CE-424D-8DF6-37CEECA8059E}.Debug|x64.Build.0 = Debug|Any CPU
		{78660E26-36CE-424D-8DF6-37CEECA8059E}.Debug|x86.ActiveCfg = Debug|Any CPU
		{78660E26-36CE-424D-8DF6-37CEECA8059E}.Debug|x86.Build.0 = Debug|Any CPU
		{78660E26-36CE-424D-8DF6-37CEECA8059E}.Net4Debug|Any CPU.ActiveCfg = Debug|Any CPU
		{78660E26-36CE-424D-8DF6-37CEECA8059E}.Net4Debug|Any CPU.Build.0 = Debug|Any CPU
		{78660E26-36CE-424D-8DF6-37CEECA8059E}.Net4Debug|x64.ActiveCfg = Debug|Any CPU
		{78660E26-36CE-424D-8DF6-37CEECA8059E}.Net4Debug|x64.Build.0 = Debug|Any CPU
		{78660E26-36CE-424D-8DF6-37CEECA8059E}.Net4Debug|x86.ActiveCfg = Debug|Any CPU
		{78660E26-36CE-424D-8DF6-37CEECA8059E}.Net4Debug|x86.Build.0 = Debug|Any CPU
		{78660E26-36CE-424D-8DF6-37CEECA8059E}.Net4Release|Any CPU.ActiveCfg = Release|Any CPU
		{78660E26-36CE-424D-8DF6-37CEECA8059E}.Net4Release|Any CPU.Build.0 = Release|Any CPU
		{78660E26-36CE-424D-8DF6-37CEECA8059E}.Net4Release|x64.ActiveCfg = Release|Any CPU
		{78660E26-36CE-424D-8DF6-37CEECA8059E}.Net4Release|x64.Build.0 = Release|Any CPU
		{78660E26-36CE-424D-8DF6-37CEECA8059E}.Net4Release|x86.ActiveCfg = Release|Any CPU
		{78660E26-36CE-424D-8DF6-37CEECA8059E}.Net4Release|x86.Build.0 = Release|Any CPU
		{78660E26-36CE-424D-8DF6-37CEECA8059E}.Release|Any CPU.ActiveCfg = Release|Any CPU
		{78660E26-36CE-424D-8DF6-37CEECA8059E}.Release|Any CPU.Build.0 = Release|Any CPU
		{78660E26-36CE-424D-8DF6-37CEECA8059E}.Release|x64.ActiveCfg = Release|Any CPU
		{78660E26-36CE-424D-8DF6-37CEECA8059E}.Release|x64.Build.0 = Release|Any CPU
		{78660E26-36CE-424D-8DF6-37CEECA8059E}.Release|x86.ActiveCfg = Release|Any CPU
		{78660E26-36CE-424D-8DF6-37CEECA8059E}.Release|x86.Build.0 = Release|Any CPU
		{E1C14B7A-AD69-451E-BC37-5CD091301219}.Debug|Any CPU.ActiveCfg = Debug|Any CPU
		{E1C14B7A-AD69-451E-BC37-5CD091301219}.Debug|Any CPU.Build.0 = Debug|Any CPU
		{E1C14B7A-AD69-451E-BC37-5CD091301219}.Debug|x64.ActiveCfg = Debug|Any CPU
		{E1C14B7A-AD69-451E-BC37-5CD091301219}.Debug|x64.Build.0 = Debug|Any CPU
		{E1C14B7A-AD69-451E-BC37-5CD091301219}.Debug|x86.ActiveCfg = Debug|Any CPU
		{E1C14B7A-AD69-451E-BC37-5CD091301219}.Debug|x86.Build.0 = Debug|Any CPU
		{E1C14B7A-AD69-451E-BC37-5CD091301219}.Net4Debug|Any CPU.ActiveCfg = Debug|Any CPU
		{E1C14B7A-AD69-451E-BC37-5CD091301219}.Net4Debug|Any CPU.Build.0 = Debug|Any CPU
		{E1C14B7A-AD69-451E-BC37-5CD091301219}.Net4Debug|x64.ActiveCfg = Debug|Any CPU
		{E1C14B7A-AD69-451E-BC37-5CD091301219}.Net4Debug|x64.Build.0 = Debug|Any CPU
		{E1C14B7A-AD69-451E-BC37-5CD091301219}.Net4Debug|x86.ActiveCfg = Debug|Any CPU
		{E1C14B7A-AD69-451E-BC37-5CD091301219}.Net4Debug|x86.Build.0 = Debug|Any CPU
		{E1C14B7A-AD69-451E-BC37-5CD091301219}.Net4Release|Any CPU.ActiveCfg = Release|Any CPU
		{E1C14B7A-AD69-451E-BC37-5CD091301219}.Net4Release|Any CPU.Build.0 = Release|Any CPU
		{E1C14B7A-AD69-451E-BC37-5CD091301219}.Net4Release|x64.ActiveCfg = Release|Any CPU
		{E1C14B7A-AD69-451E-BC37-5CD091301219}.Net4Release|x64.Build.0 = Release|Any CPU
		{E1C14B7A-AD69-451E-BC37-5CD091301219}.Net4Release|x86.ActiveCfg = Release|Any CPU
		{E1C14B7A-AD69-451E-BC37-5CD091301219}.Net4Release|x86.Build.0 = Release|Any CPU
		{E1C14B7A-AD69-451E-BC37-5CD091301219}.Release|Any CPU.ActiveCfg = Release|Any CPU
		{E1C14B7A-AD69-451E-BC37-5CD091301219}.Release|Any CPU.Build.0 = Release|Any CPU
		{E1C14B7A-AD69-451E-BC37-5CD091301219}.Release|x64.ActiveCfg = Release|Any CPU
		{E1C14B7A-AD69-451E-BC37-5CD091301219}.Release|x64.Build.0 = Release|Any CPU
		{E1C14B7A-AD69-451E-BC37-5CD091301219}.Release|x86.ActiveCfg = Release|Any CPU
		{E1C14B7A-AD69-451E-BC37-5CD091301219}.Release|x86.Build.0 = Release|Any CPU
		{0072F0D5-644D-4343-A34D-03AE24EBA9FE}.Debug|Any CPU.ActiveCfg = Debug|Any CPU
		{0072F0D5-644D-4343-A34D-03AE24EBA9FE}.Debug|Any CPU.Build.0 = Debug|Any CPU
		{0072F0D5-644D-4343-A34D-03AE24EBA9FE}.Debug|x64.ActiveCfg = Debug|Any CPU
		{0072F0D5-644D-4343-A34D-03AE24EBA9FE}.Debug|x64.Build.0 = Debug|Any CPU
		{0072F0D5-644D-4343-A34D-03AE24EBA9FE}.Debug|x86.ActiveCfg = Debug|Any CPU
		{0072F0D5-644D-4343-A34D-03AE24EBA9FE}.Debug|x86.Build.0 = Debug|Any CPU
		{0072F0D5-644D-4343-A34D-03AE24EBA9FE}.Net4Debug|Any CPU.ActiveCfg = Debug|Any CPU
		{0072F0D5-644D-4343-A34D-03AE24EBA9FE}.Net4Debug|Any CPU.Build.0 = Debug|Any CPU
		{0072F0D5-644D-4343-A34D-03AE24EBA9FE}.Net4Debug|x64.ActiveCfg = Debug|Any CPU
		{0072F0D5-644D-4343-A34D-03AE24EBA9FE}.Net4Debug|x64.Build.0 = Debug|Any CPU
		{0072F0D5-644D-4343-A34D-03AE24EBA9FE}.Net4Debug|x86.ActiveCfg = Debug|Any CPU
		{0072F0D5-644D-4343-A34D-03AE24EBA9FE}.Net4Debug|x86.Build.0 = Debug|Any CPU
		{0072F0D5-644D-4343-A34D-03AE24EBA9FE}.Net4Release|Any CPU.ActiveCfg = Release|Any CPU
		{0072F0D5-644D-4343-A34D-03AE24EBA9FE}.Net4Release|Any CPU.Build.0 = Release|Any CPU
		{0072F0D5-644D-4343-A34D-03AE24EBA9FE}.Net4Release|x64.ActiveCfg = Release|Any CPU
		{0072F0D5-644D-4343-A34D-03AE24EBA9FE}.Net4Release|x64.Build.0 = Release|Any CPU
		{0072F0D5-644D-4343-A34D-03AE24EBA9FE}.Net4Release|x86.ActiveCfg = Release|Any CPU
		{0072F0D5-644D-4343-A34D-03AE24EBA9FE}.Net4Release|x86.Build.0 = Release|Any CPU
		{0072F0D5-644D-4343-A34D-03AE24EBA9FE}.Release|Any CPU.ActiveCfg = Release|Any CPU
		{0072F0D5-644D-4343-A34D-03AE24EBA9FE}.Release|Any CPU.Build.0 = Release|Any CPU
		{0072F0D5-644D-4343-A34D-03AE24EBA9FE}.Release|x64.ActiveCfg = Release|Any CPU
		{0072F0D5-644D-4343-A34D-03AE24EBA9FE}.Release|x64.Build.0 = Release|Any CPU
		{0072F0D5-644D-4343-A34D-03AE24EBA9FE}.Release|x86.ActiveCfg = Release|Any CPU
		{0072F0D5-644D-4343-A34D-03AE24EBA9FE}.Release|x86.Build.0 = Release|Any CPU
		{C3D8F7B0-6650-45C4-89BD-AD17A1EBD8E2}.Debug|Any CPU.ActiveCfg = Debug|x86
		{C3D8F7B0-6650-45C4-89BD-AD17A1EBD8E2}.Debug|Any CPU.Build.0 = Debug|x86
		{C3D8F7B0-6650-45C4-89BD-AD17A1EBD8E2}.Debug|x64.ActiveCfg = Debug|Any CPU
		{C3D8F7B0-6650-45C4-89BD-AD17A1EBD8E2}.Debug|x64.Build.0 = Debug|Any CPU
		{C3D8F7B0-6650-45C4-89BD-AD17A1EBD8E2}.Debug|x86.ActiveCfg = Debug|x86
		{C3D8F7B0-6650-45C4-89BD-AD17A1EBD8E2}.Debug|x86.Build.0 = Debug|x86
		{C3D8F7B0-6650-45C4-89BD-AD17A1EBD8E2}.Net4Debug|Any CPU.ActiveCfg = Debug|Any CPU
		{C3D8F7B0-6650-45C4-89BD-AD17A1EBD8E2}.Net4Debug|Any CPU.Build.0 = Debug|Any CPU
		{C3D8F7B0-6650-45C4-89BD-AD17A1EBD8E2}.Net4Debug|x64.ActiveCfg = Debug|Any CPU
		{C3D8F7B0-6650-45C4-89BD-AD17A1EBD8E2}.Net4Debug|x64.Build.0 = Debug|Any CPU
		{C3D8F7B0-6650-45C4-89BD-AD17A1EBD8E2}.Net4Debug|x86.ActiveCfg = Debug|x86
		{C3D8F7B0-6650-45C4-89BD-AD17A1EBD8E2}.Net4Debug|x86.Build.0 = Debug|x86
		{C3D8F7B0-6650-45C4-89BD-AD17A1EBD8E2}.Net4Release|Any CPU.ActiveCfg = Release|Any CPU
		{C3D8F7B0-6650-45C4-89BD-AD17A1EBD8E2}.Net4Release|Any CPU.Build.0 = Release|Any CPU
		{C3D8F7B0-6650-45C4-89BD-AD17A1EBD8E2}.Net4Release|x64.ActiveCfg = Release|Any CPU
		{C3D8F7B0-6650-45C4-89BD-AD17A1EBD8E2}.Net4Release|x64.Build.0 = Release|Any CPU
		{C3D8F7B0-6650-45C4-89BD-AD17A1EBD8E2}.Net4Release|x86.ActiveCfg = Release|x86
		{C3D8F7B0-6650-45C4-89BD-AD17A1EBD8E2}.Net4Release|x86.Build.0 = Release|x86
		{C3D8F7B0-6650-45C4-89BD-AD17A1EBD8E2}.Release|Any CPU.ActiveCfg = Release|Any CPU
		{C3D8F7B0-6650-45C4-89BD-AD17A1EBD8E2}.Release|Any CPU.Build.0 = Release|Any CPU
		{C3D8F7B0-6650-45C4-89BD-AD17A1EBD8E2}.Release|x64.ActiveCfg = Release|Any CPU
		{C3D8F7B0-6650-45C4-89BD-AD17A1EBD8E2}.Release|x64.Build.0 = Release|Any CPU
		{C3D8F7B0-6650-45C4-89BD-AD17A1EBD8E2}.Release|x86.ActiveCfg = Release|x86
		{C3D8F7B0-6650-45C4-89BD-AD17A1EBD8E2}.Release|x86.Build.0 = Release|x86
		{D674E6D5-9284-4B98-8705-4BCE89046E10}.Debug|Any CPU.ActiveCfg = Debug|Any CPU
		{D674E6D5-9284-4B98-8705-4BCE89046E10}.Debug|Any CPU.Build.0 = Debug|Any CPU
		{D674E6D5-9284-4B98-8705-4BCE89046E10}.Debug|x64.ActiveCfg = Debug|Any CPU
		{D674E6D5-9284-4B98-8705-4BCE89046E10}.Debug|x64.Build.0 = Debug|Any CPU
		{D674E6D5-9284-4B98-8705-4BCE89046E10}.Debug|x86.ActiveCfg = Debug|Any CPU
		{D674E6D5-9284-4B98-8705-4BCE89046E10}.Debug|x86.Build.0 = Debug|Any CPU
		{D674E6D5-9284-4B98-8705-4BCE89046E10}.Net4Debug|Any CPU.ActiveCfg = Debug|Any CPU
		{D674E6D5-9284-4B98-8705-4BCE89046E10}.Net4Debug|Any CPU.Build.0 = Debug|Any CPU
		{D674E6D5-9284-4B98-8705-4BCE89046E10}.Net4Debug|x64.ActiveCfg = Debug|Any CPU
		{D674E6D5-9284-4B98-8705-4BCE89046E10}.Net4Debug|x64.Build.0 = Debug|Any CPU
		{D674E6D5-9284-4B98-8705-4BCE89046E10}.Net4Debug|x86.ActiveCfg = Debug|Any CPU
		{D674E6D5-9284-4B98-8705-4BCE89046E10}.Net4Debug|x86.Build.0 = Debug|Any CPU
		{D674E6D5-9284-4B98-8705-4BCE89046E10}.Net4Release|Any CPU.ActiveCfg = Release|Any CPU
		{D674E6D5-9284-4B98-8705-4BCE89046E10}.Net4Release|Any CPU.Build.0 = Release|Any CPU
		{D674E6D5-9284-4B98-8705-4BCE89046E10}.Net4Release|x64.ActiveCfg = Release|Any CPU
		{D674E6D5-9284-4B98-8705-4BCE89046E10}.Net4Release|x64.Build.0 = Release|Any CPU
		{D674E6D5-9284-4B98-8705-4BCE89046E10}.Net4Release|x86.ActiveCfg = Release|Any CPU
		{D674E6D5-9284-4B98-8705-4BCE89046E10}.Net4Release|x86.Build.0 = Release|Any CPU
		{D674E6D5-9284-4B98-8705-4BCE89046E10}.Release|Any CPU.ActiveCfg = Release|Any CPU
		{D674E6D5-9284-4B98-8705-4BCE89046E10}.Release|Any CPU.Build.0 = Release|Any CPU
		{D674E6D5-9284-4B98-8705-4BCE89046E10}.Release|x64.ActiveCfg = Release|Any CPU
		{D674E6D5-9284-4B98-8705-4BCE89046E10}.Release|x64.Build.0 = Release|Any CPU
		{D674E6D5-9284-4B98-8705-4BCE89046E10}.Release|x86.ActiveCfg = Release|Any CPU
		{D674E6D5-9284-4B98-8705-4BCE89046E10}.Release|x86.Build.0 = Release|Any CPU
		{51ACA19C-B6BC-4E33-B65B-F3112E93DEF9}.Debug|Any CPU.ActiveCfg = Debug|Any CPU
		{51ACA19C-B6BC-4E33-B65B-F3112E93DEF9}.Debug|Any CPU.Build.0 = Debug|Any CPU
		{51ACA19C-B6BC-4E33-B65B-F3112E93DEF9}.Debug|x64.ActiveCfg = Debug|Any CPU
		{51ACA19C-B6BC-4E33-B65B-F3112E93DEF9}.Debug|x64.Build.0 = Debug|Any CPU
		{51ACA19C-B6BC-4E33-B65B-F3112E93DEF9}.Debug|x86.ActiveCfg = Debug|Any CPU
		{51ACA19C-B6BC-4E33-B65B-F3112E93DEF9}.Debug|x86.Build.0 = Debug|Any CPU
		{51ACA19C-B6BC-4E33-B65B-F3112E93DEF9}.Net4Debug|Any CPU.ActiveCfg = Debug|Any CPU
		{51ACA19C-B6BC-4E33-B65B-F3112E93DEF9}.Net4Debug|Any CPU.Build.0 = Debug|Any CPU
		{51ACA19C-B6BC-4E33-B65B-F3112E93DEF9}.Net4Debug|x64.ActiveCfg = Debug|Any CPU
		{51ACA19C-B6BC-4E33-B65B-F3112E93DEF9}.Net4Debug|x64.Build.0 = Debug|Any CPU
		{51ACA19C-B6BC-4E33-B65B-F3112E93DEF9}.Net4Debug|x86.ActiveCfg = Debug|Any CPU
		{51ACA19C-B6BC-4E33-B65B-F3112E93DEF9}.Net4Debug|x86.Build.0 = Debug|Any CPU
		{51ACA19C-B6BC-4E33-B65B-F3112E93DEF9}.Net4Release|Any CPU.ActiveCfg = Release|Any CPU
		{51ACA19C-B6BC-4E33-B65B-F3112E93DEF9}.Net4Release|Any CPU.Build.0 = Release|Any CPU
		{51ACA19C-B6BC-4E33-B65B-F3112E93DEF9}.Net4Release|x64.ActiveCfg = Release|Any CPU
		{51ACA19C-B6BC-4E33-B65B-F3112E93DEF9}.Net4Release|x64.Build.0 = Release|Any CPU
		{51ACA19C-B6BC-4E33-B65B-F3112E93DEF9}.Net4Release|x86.ActiveCfg = Release|Any CPU
		{51ACA19C-B6BC-4E33-B65B-F3112E93DEF9}.Net4Release|x86.Build.0 = Release|Any CPU
		{51ACA19C-B6BC-4E33-B65B-F3112E93DEF9}.Release|Any CPU.ActiveCfg = Release|Any CPU
		{51ACA19C-B6BC-4E33-B65B-F3112E93DEF9}.Release|Any CPU.Build.0 = Release|Any CPU
		{51ACA19C-B6BC-4E33-B65B-F3112E93DEF9}.Release|x64.ActiveCfg = Release|Any CPU
		{51ACA19C-B6BC-4E33-B65B-F3112E93DEF9}.Release|x64.Build.0 = Release|Any CPU
		{51ACA19C-B6BC-4E33-B65B-F3112E93DEF9}.Release|x86.ActiveCfg = Release|Any CPU
		{51ACA19C-B6BC-4E33-B65B-F3112E93DEF9}.Release|x86.Build.0 = Release|Any CPU
		{F8A1CBA7-5975-4608-8F02-6618EAFBEEEF}.Debug|Any CPU.ActiveCfg = Debug|Any CPU
		{F8A1CBA7-5975-4608-8F02-6618EAFBEEEF}.Debug|Any CPU.Build.0 = Debug|Any CPU
		{F8A1CBA7-5975-4608-8F02-6618EAFBEEEF}.Debug|x64.ActiveCfg = Debug|Any CPU
		{F8A1CBA7-5975-4608-8F02-6618EAFBEEEF}.Debug|x64.Build.0 = Debug|Any CPU
		{F8A1CBA7-5975-4608-8F02-6618EAFBEEEF}.Debug|x86.ActiveCfg = Debug|Any CPU
		{F8A1CBA7-5975-4608-8F02-6618EAFBEEEF}.Debug|x86.Build.0 = Debug|Any CPU
		{F8A1CBA7-5975-4608-8F02-6618EAFBEEEF}.Net4Debug|Any CPU.ActiveCfg = Debug|Any CPU
		{F8A1CBA7-5975-4608-8F02-6618EAFBEEEF}.Net4Debug|Any CPU.Build.0 = Debug|Any CPU
		{F8A1CBA7-5975-4608-8F02-6618EAFBEEEF}.Net4Debug|x64.ActiveCfg = Debug|Any CPU
		{F8A1CBA7-5975-4608-8F02-6618EAFBEEEF}.Net4Debug|x64.Build.0 = Debug|Any CPU
		{F8A1CBA7-5975-4608-8F02-6618EAFBEEEF}.Net4Debug|x86.ActiveCfg = Debug|Any CPU
		{F8A1CBA7-5975-4608-8F02-6618EAFBEEEF}.Net4Debug|x86.Build.0 = Debug|Any CPU
		{F8A1CBA7-5975-4608-8F02-6618EAFBEEEF}.Net4Release|Any CPU.ActiveCfg = Release|Any CPU
		{F8A1CBA7-5975-4608-8F02-6618EAFBEEEF}.Net4Release|Any CPU.Build.0 = Release|Any CPU
		{F8A1CBA7-5975-4608-8F02-6618EAFBEEEF}.Net4Release|x64.ActiveCfg = Release|Any CPU
		{F8A1CBA7-5975-4608-8F02-6618EAFBEEEF}.Net4Release|x64.Build.0 = Release|Any CPU
		{F8A1CBA7-5975-4608-8F02-6618EAFBEEEF}.Net4Release|x86.ActiveCfg = Release|Any CPU
		{F8A1CBA7-5975-4608-8F02-6618EAFBEEEF}.Net4Release|x86.Build.0 = Release|Any CPU
		{F8A1CBA7-5975-4608-8F02-6618EAFBEEEF}.Release|Any CPU.ActiveCfg = Release|Any CPU
		{F8A1CBA7-5975-4608-8F02-6618EAFBEEEF}.Release|Any CPU.Build.0 = Release|Any CPU
		{F8A1CBA7-5975-4608-8F02-6618EAFBEEEF}.Release|x64.ActiveCfg = Release|Any CPU
		{F8A1CBA7-5975-4608-8F02-6618EAFBEEEF}.Release|x64.Build.0 = Release|Any CPU
		{F8A1CBA7-5975-4608-8F02-6618EAFBEEEF}.Release|x86.ActiveCfg = Release|Any CPU
		{F8A1CBA7-5975-4608-8F02-6618EAFBEEEF}.Release|x86.Build.0 = Release|Any CPU
		{25AEC1BF-1882-41C8-8B4A-B3B3E1EF624D}.Debug|Any CPU.ActiveCfg = Debug|Any CPU
		{25AEC1BF-1882-41C8-8B4A-B3B3E1EF624D}.Debug|Any CPU.Build.0 = Debug|Any CPU
		{25AEC1BF-1882-41C8-8B4A-B3B3E1EF624D}.Debug|x64.ActiveCfg = Debug|Any CPU
		{25AEC1BF-1882-41C8-8B4A-B3B3E1EF624D}.Debug|x64.Build.0 = Debug|Any CPU
		{25AEC1BF-1882-41C8-8B4A-B3B3E1EF624D}.Debug|x86.ActiveCfg = Debug|Any CPU
		{25AEC1BF-1882-41C8-8B4A-B3B3E1EF624D}.Debug|x86.Build.0 = Debug|Any CPU
		{25AEC1BF-1882-41C8-8B4A-B3B3E1EF624D}.Net4Debug|Any CPU.ActiveCfg = Debug|Any CPU
		{25AEC1BF-1882-41C8-8B4A-B3B3E1EF624D}.Net4Debug|Any CPU.Build.0 = Debug|Any CPU
		{25AEC1BF-1882-41C8-8B4A-B3B3E1EF624D}.Net4Debug|x64.ActiveCfg = Debug|Any CPU
		{25AEC1BF-1882-41C8-8B4A-B3B3E1EF624D}.Net4Debug|x64.Build.0 = Debug|Any CPU
		{25AEC1BF-1882-41C8-8B4A-B3B3E1EF624D}.Net4Debug|x86.ActiveCfg = Debug|Any CPU
		{25AEC1BF-1882-41C8-8B4A-B3B3E1EF624D}.Net4Debug|x86.Build.0 = Debug|Any CPU
		{25AEC1BF-1882-41C8-8B4A-B3B3E1EF624D}.Net4Release|Any CPU.ActiveCfg = Release|Any CPU
		{25AEC1BF-1882-41C8-8B4A-B3B3E1EF624D}.Net4Release|Any CPU.Build.0 = Release|Any CPU
		{25AEC1BF-1882-41C8-8B4A-B3B3E1EF624D}.Net4Release|x64.ActiveCfg = Release|Any CPU
		{25AEC1BF-1882-41C8-8B4A-B3B3E1EF624D}.Net4Release|x64.Build.0 = Release|Any CPU
		{25AEC1BF-1882-41C8-8B4A-B3B3E1EF624D}.Net4Release|x86.ActiveCfg = Release|Any CPU
		{25AEC1BF-1882-41C8-8B4A-B3B3E1EF624D}.Net4Release|x86.Build.0 = Release|Any CPU
		{25AEC1BF-1882-41C8-8B4A-B3B3E1EF624D}.Release|Any CPU.ActiveCfg = Release|Any CPU
		{25AEC1BF-1882-41C8-8B4A-B3B3E1EF624D}.Release|Any CPU.Build.0 = Release|Any CPU
		{25AEC1BF-1882-41C8-8B4A-B3B3E1EF624D}.Release|x64.ActiveCfg = Release|Any CPU
		{25AEC1BF-1882-41C8-8B4A-B3B3E1EF624D}.Release|x64.Build.0 = Release|Any CPU
		{25AEC1BF-1882-41C8-8B4A-B3B3E1EF624D}.Release|x86.ActiveCfg = Release|Any CPU
		{25AEC1BF-1882-41C8-8B4A-B3B3E1EF624D}.Release|x86.Build.0 = Release|Any CPU
		{A2DB1DF7-3B99-4251-891D-0D7F40848C6C}.Debug|Any CPU.ActiveCfg = Debug|Any CPU
		{A2DB1DF7-3B99-4251-891D-0D7F40848C6C}.Debug|Any CPU.Build.0 = Debug|Any CPU
		{A2DB1DF7-3B99-4251-891D-0D7F40848C6C}.Debug|x64.ActiveCfg = Debug|Any CPU
		{A2DB1DF7-3B99-4251-891D-0D7F40848C6C}.Debug|x64.Build.0 = Debug|Any CPU
		{A2DB1DF7-3B99-4251-891D-0D7F40848C6C}.Debug|x86.ActiveCfg = Debug|Any CPU
		{A2DB1DF7-3B99-4251-891D-0D7F40848C6C}.Debug|x86.Build.0 = Debug|Any CPU
		{A2DB1DF7-3B99-4251-891D-0D7F40848C6C}.Net4Debug|Any CPU.ActiveCfg = Debug|Any CPU
		{A2DB1DF7-3B99-4251-891D-0D7F40848C6C}.Net4Debug|Any CPU.Build.0 = Debug|Any CPU
		{A2DB1DF7-3B99-4251-891D-0D7F40848C6C}.Net4Debug|x64.ActiveCfg = Debug|Any CPU
		{A2DB1DF7-3B99-4251-891D-0D7F40848C6C}.Net4Debug|x64.Build.0 = Debug|Any CPU
		{A2DB1DF7-3B99-4251-891D-0D7F40848C6C}.Net4Debug|x86.ActiveCfg = Debug|Any CPU
		{A2DB1DF7-3B99-4251-891D-0D7F40848C6C}.Net4Debug|x86.Build.0 = Debug|Any CPU
		{A2DB1DF7-3B99-4251-891D-0D7F40848C6C}.Net4Release|Any CPU.ActiveCfg = Release|Any CPU
		{A2DB1DF7-3B99-4251-891D-0D7F40848C6C}.Net4Release|Any CPU.Build.0 = Release|Any CPU
		{A2DB1DF7-3B99-4251-891D-0D7F40848C6C}.Net4Release|x64.ActiveCfg = Release|Any CPU
		{A2DB1DF7-3B99-4251-891D-0D7F40848C6C}.Net4Release|x64.Build.0 = Release|Any CPU
		{A2DB1DF7-3B99-4251-891D-0D7F40848C6C}.Net4Release|x86.ActiveCfg = Release|Any CPU
		{A2DB1DF7-3B99-4251-891D-0D7F40848C6C}.Net4Release|x86.Build.0 = Release|Any CPU
		{A2DB1DF7-3B99-4251-891D-0D7F40848C6C}.Release|Any CPU.ActiveCfg = Release|Any CPU
		{A2DB1DF7-3B99-4251-891D-0D7F40848C6C}.Release|Any CPU.Build.0 = Release|Any CPU
		{A2DB1DF7-3B99-4251-891D-0D7F40848C6C}.Release|x64.ActiveCfg = Release|Any CPU
		{A2DB1DF7-3B99-4251-891D-0D7F40848C6C}.Release|x64.Build.0 = Release|Any CPU
		{A2DB1DF7-3B99-4251-891D-0D7F40848C6C}.Release|x86.ActiveCfg = Release|Any CPU
		{A2DB1DF7-3B99-4251-891D-0D7F40848C6C}.Release|x86.Build.0 = Release|Any CPU
		{EACD0D55-E5E1-4288-BA55-7BC566B4722E}.Debug|Any CPU.ActiveCfg = Debug|Any CPU
		{EACD0D55-E5E1-4288-BA55-7BC566B4722E}.Debug|Any CPU.Build.0 = Debug|Any CPU
		{EACD0D55-E5E1-4288-BA55-7BC566B4722E}.Debug|x64.ActiveCfg = Debug|Any CPU
		{EACD0D55-E5E1-4288-BA55-7BC566B4722E}.Debug|x64.Build.0 = Debug|Any CPU
		{EACD0D55-E5E1-4288-BA55-7BC566B4722E}.Debug|x86.ActiveCfg = Debug|Any CPU
		{EACD0D55-E5E1-4288-BA55-7BC566B4722E}.Debug|x86.Build.0 = Debug|Any CPU
		{EACD0D55-E5E1-4288-BA55-7BC566B4722E}.Net4Debug|Any CPU.ActiveCfg = Debug|Any CPU
		{EACD0D55-E5E1-4288-BA55-7BC566B4722E}.Net4Debug|Any CPU.Build.0 = Debug|Any CPU
		{EACD0D55-E5E1-4288-BA55-7BC566B4722E}.Net4Debug|x64.ActiveCfg = Debug|Any CPU
		{EACD0D55-E5E1-4288-BA55-7BC566B4722E}.Net4Debug|x64.Build.0 = Debug|Any CPU
		{EACD0D55-E5E1-4288-BA55-7BC566B4722E}.Net4Debug|x86.ActiveCfg = Debug|Any CPU
		{EACD0D55-E5E1-4288-BA55-7BC566B4722E}.Net4Debug|x86.Build.0 = Debug|Any CPU
		{EACD0D55-E5E1-4288-BA55-7BC566B4722E}.Net4Release|Any CPU.ActiveCfg = Net4Release|Any CPU
		{EACD0D55-E5E1-4288-BA55-7BC566B4722E}.Net4Release|Any CPU.Build.0 = Net4Release|Any CPU
		{EACD0D55-E5E1-4288-BA55-7BC566B4722E}.Net4Release|x64.ActiveCfg = Net4Release|Any CPU
		{EACD0D55-E5E1-4288-BA55-7BC566B4722E}.Net4Release|x64.Build.0 = Net4Release|Any CPU
		{EACD0D55-E5E1-4288-BA55-7BC566B4722E}.Net4Release|x86.ActiveCfg = Net4Release|Any CPU
		{EACD0D55-E5E1-4288-BA55-7BC566B4722E}.Net4Release|x86.Build.0 = Net4Release|Any CPU
		{EACD0D55-E5E1-4288-BA55-7BC566B4722E}.Release|Any CPU.ActiveCfg = Release|Any CPU
		{EACD0D55-E5E1-4288-BA55-7BC566B4722E}.Release|Any CPU.Build.0 = Release|Any CPU
		{EACD0D55-E5E1-4288-BA55-7BC566B4722E}.Release|x64.ActiveCfg = Release|Any CPU
		{EACD0D55-E5E1-4288-BA55-7BC566B4722E}.Release|x64.Build.0 = Release|Any CPU
		{EACD0D55-E5E1-4288-BA55-7BC566B4722E}.Release|x86.ActiveCfg = Release|Any CPU
		{EACD0D55-E5E1-4288-BA55-7BC566B4722E}.Release|x86.Build.0 = Release|Any CPU
		{09083B37-96EF-4867-AA51-4D698AD34344}.Debug|Any CPU.ActiveCfg = Debug|Any CPU
		{09083B37-96EF-4867-AA51-4D698AD34344}.Debug|Any CPU.Build.0 = Debug|Any CPU
		{09083B37-96EF-4867-AA51-4D698AD34344}.Debug|x64.ActiveCfg = Debug|Any CPU
		{09083B37-96EF-4867-AA51-4D698AD34344}.Debug|x64.Build.0 = Debug|Any CPU
		{09083B37-96EF-4867-AA51-4D698AD34344}.Debug|x86.ActiveCfg = Debug|Any CPU
		{09083B37-96EF-4867-AA51-4D698AD34344}.Debug|x86.Build.0 = Debug|Any CPU
		{09083B37-96EF-4867-AA51-4D698AD34344}.Net4Debug|Any CPU.ActiveCfg = Debug|Any CPU
		{09083B37-96EF-4867-AA51-4D698AD34344}.Net4Debug|Any CPU.Build.0 = Debug|Any CPU
		{09083B37-96EF-4867-AA51-4D698AD34344}.Net4Debug|x64.ActiveCfg = Debug|Any CPU
		{09083B37-96EF-4867-AA51-4D698AD34344}.Net4Debug|x64.Build.0 = Debug|Any CPU
		{09083B37-96EF-4867-AA51-4D698AD34344}.Net4Debug|x86.ActiveCfg = Debug|Any CPU
		{09083B37-96EF-4867-AA51-4D698AD34344}.Net4Debug|x86.Build.0 = Debug|Any CPU
		{09083B37-96EF-4867-AA51-4D698AD34344}.Net4Release|Any CPU.ActiveCfg = Net4Release|Any CPU
		{09083B37-96EF-4867-AA51-4D698AD34344}.Net4Release|Any CPU.Build.0 = Net4Release|Any CPU
		{09083B37-96EF-4867-AA51-4D698AD34344}.Net4Release|x64.ActiveCfg = Net4Release|Any CPU
		{09083B37-96EF-4867-AA51-4D698AD34344}.Net4Release|x64.Build.0 = Net4Release|Any CPU
		{09083B37-96EF-4867-AA51-4D698AD34344}.Net4Release|x86.ActiveCfg = Net4Release|Any CPU
		{09083B37-96EF-4867-AA51-4D698AD34344}.Net4Release|x86.Build.0 = Net4Release|Any CPU
		{09083B37-96EF-4867-AA51-4D698AD34344}.Release|Any CPU.ActiveCfg = Release|Any CPU
		{09083B37-96EF-4867-AA51-4D698AD34344}.Release|Any CPU.Build.0 = Release|Any CPU
		{09083B37-96EF-4867-AA51-4D698AD34344}.Release|x64.ActiveCfg = Release|Any CPU
		{09083B37-96EF-4867-AA51-4D698AD34344}.Release|x64.Build.0 = Release|Any CPU
		{09083B37-96EF-4867-AA51-4D698AD34344}.Release|x86.ActiveCfg = Release|Any CPU
		{09083B37-96EF-4867-AA51-4D698AD34344}.Release|x86.Build.0 = Release|Any CPU
		{83492998-8E8B-44A9-BCC8-9A6E979E3EB6}.Debug|Any CPU.ActiveCfg = Debug|Any CPU
		{83492998-8E8B-44A9-BCC8-9A6E979E3EB6}.Debug|Any CPU.Build.0 = Debug|Any CPU
		{83492998-8E8B-44A9-BCC8-9A6E979E3EB6}.Debug|x64.ActiveCfg = Debug|x64
		{83492998-8E8B-44A9-BCC8-9A6E979E3EB6}.Debug|x64.Build.0 = Debug|x64
		{83492998-8E8B-44A9-BCC8-9A6E979E3EB6}.Debug|x86.ActiveCfg = Debug|Any CPU
		{83492998-8E8B-44A9-BCC8-9A6E979E3EB6}.Debug|x86.Build.0 = Debug|Any CPU
		{83492998-8E8B-44A9-BCC8-9A6E979E3EB6}.Net4Debug|Any CPU.ActiveCfg = Debug|Any CPU
		{83492998-8E8B-44A9-BCC8-9A6E979E3EB6}.Net4Debug|Any CPU.Build.0 = Debug|Any CPU
		{83492998-8E8B-44A9-BCC8-9A6E979E3EB6}.Net4Debug|x64.ActiveCfg = Debug|x64
		{83492998-8E8B-44A9-BCC8-9A6E979E3EB6}.Net4Debug|x64.Build.0 = Debug|x64
		{83492998-8E8B-44A9-BCC8-9A6E979E3EB6}.Net4Debug|x86.ActiveCfg = Debug|Any CPU
		{83492998-8E8B-44A9-BCC8-9A6E979E3EB6}.Net4Debug|x86.Build.0 = Debug|Any CPU
		{83492998-8E8B-44A9-BCC8-9A6E979E3EB6}.Net4Release|Any CPU.ActiveCfg = Net4Release|Any CPU
		{83492998-8E8B-44A9-BCC8-9A6E979E3EB6}.Net4Release|Any CPU.Build.0 = Net4Release|Any CPU
		{83492998-8E8B-44A9-BCC8-9A6E979E3EB6}.Net4Release|x64.ActiveCfg = Net4Release|x64
		{83492998-8E8B-44A9-BCC8-9A6E979E3EB6}.Net4Release|x64.Build.0 = Net4Release|x64
		{83492998-8E8B-44A9-BCC8-9A6E979E3EB6}.Net4Release|x86.ActiveCfg = Net4Release|Any CPU
		{83492998-8E8B-44A9-BCC8-9A6E979E3EB6}.Net4Release|x86.Build.0 = Net4Release|Any CPU
		{83492998-8E8B-44A9-BCC8-9A6E979E3EB6}.Release|Any CPU.ActiveCfg = Release|Any CPU
		{83492998-8E8B-44A9-BCC8-9A6E979E3EB6}.Release|Any CPU.Build.0 = Release|Any CPU
		{83492998-8E8B-44A9-BCC8-9A6E979E3EB6}.Release|x64.ActiveCfg = Release|x64
		{83492998-8E8B-44A9-BCC8-9A6E979E3EB6}.Release|x64.Build.0 = Release|x64
		{83492998-8E8B-44A9-BCC8-9A6E979E3EB6}.Release|x86.ActiveCfg = Release|Any CPU
		{83492998-8E8B-44A9-BCC8-9A6E979E3EB6}.Release|x86.Build.0 = Release|Any CPU
		{3BD146EA-5976-40DB-8D3A-68B7C20054C5}.Debug|Any CPU.ActiveCfg = Debug|Any CPU
		{3BD146EA-5976-40DB-8D3A-68B7C20054C5}.Debug|Any CPU.Build.0 = Debug|Any CPU
		{3BD146EA-5976-40DB-8D3A-68B7C20054C5}.Debug|x64.ActiveCfg = Debug|Any CPU
		{3BD146EA-5976-40DB-8D3A-68B7C20054C5}.Debug|x64.Build.0 = Debug|Any CPU
		{3BD146EA-5976-40DB-8D3A-68B7C20054C5}.Debug|x86.ActiveCfg = Debug|Any CPU
		{3BD146EA-5976-40DB-8D3A-68B7C20054C5}.Debug|x86.Build.0 = Debug|Any CPU
		{3BD146EA-5976-40DB-8D3A-68B7C20054C5}.Net4Debug|Any CPU.ActiveCfg = Debug|Any CPU
		{3BD146EA-5976-40DB-8D3A-68B7C20054C5}.Net4Debug|Any CPU.Build.0 = Debug|Any CPU
		{3BD146EA-5976-40DB-8D3A-68B7C20054C5}.Net4Debug|x64.ActiveCfg = Debug|Any CPU
		{3BD146EA-5976-40DB-8D3A-68B7C20054C5}.Net4Debug|x64.Build.0 = Debug|Any CPU
		{3BD146EA-5976-40DB-8D3A-68B7C20054C5}.Net4Debug|x86.ActiveCfg = Debug|Any CPU
		{3BD146EA-5976-40DB-8D3A-68B7C20054C5}.Net4Debug|x86.Build.0 = Debug|Any CPU
		{3BD146EA-5976-40DB-8D3A-68B7C20054C5}.Net4Release|Any CPU.ActiveCfg = Release|Any CPU
		{3BD146EA-5976-40DB-8D3A-68B7C20054C5}.Net4Release|Any CPU.Build.0 = Release|Any CPU
		{3BD146EA-5976-40DB-8D3A-68B7C20054C5}.Net4Release|x64.ActiveCfg = Release|Any CPU
		{3BD146EA-5976-40DB-8D3A-68B7C20054C5}.Net4Release|x64.Build.0 = Release|Any CPU
		{3BD146EA-5976-40DB-8D3A-68B7C20054C5}.Net4Release|x86.ActiveCfg = Release|Any CPU
		{3BD146EA-5976-40DB-8D3A-68B7C20054C5}.Net4Release|x86.Build.0 = Release|Any CPU
		{3BD146EA-5976-40DB-8D3A-68B7C20054C5}.Release|Any CPU.ActiveCfg = Release|Any CPU
		{3BD146EA-5976-40DB-8D3A-68B7C20054C5}.Release|Any CPU.Build.0 = Release|Any CPU
		{3BD146EA-5976-40DB-8D3A-68B7C20054C5}.Release|x64.ActiveCfg = Release|Any CPU
		{3BD146EA-5976-40DB-8D3A-68B7C20054C5}.Release|x64.Build.0 = Release|Any CPU
		{3BD146EA-5976-40DB-8D3A-68B7C20054C5}.Release|x86.ActiveCfg = Release|Any CPU
		{3BD146EA-5976-40DB-8D3A-68B7C20054C5}.Release|x86.Build.0 = Release|Any CPU
		{5C51FA19-E5E2-493D-84C8-2CD88567F908}.Debug|Any CPU.ActiveCfg = Debug|Any CPU
		{5C51FA19-E5E2-493D-84C8-2CD88567F908}.Debug|Any CPU.Build.0 = Debug|Any CPU
		{5C51FA19-E5E2-493D-84C8-2CD88567F908}.Debug|x64.ActiveCfg = Debug|Any CPU
		{5C51FA19-E5E2-493D-84C8-2CD88567F908}.Debug|x64.Build.0 = Debug|Any CPU
		{5C51FA19-E5E2-493D-84C8-2CD88567F908}.Debug|x86.ActiveCfg = Debug|Any CPU
		{5C51FA19-E5E2-493D-84C8-2CD88567F908}.Debug|x86.Build.0 = Debug|Any CPU
		{5C51FA19-E5E2-493D-84C8-2CD88567F908}.Net4Debug|Any CPU.ActiveCfg = Debug|Any CPU
		{5C51FA19-E5E2-493D-84C8-2CD88567F908}.Net4Debug|Any CPU.Build.0 = Debug|Any CPU
		{5C51FA19-E5E2-493D-84C8-2CD88567F908}.Net4Debug|x64.ActiveCfg = Debug|Any CPU
		{5C51FA19-E5E2-493D-84C8-2CD88567F908}.Net4Debug|x64.Build.0 = Debug|Any CPU
		{5C51FA19-E5E2-493D-84C8-2CD88567F908}.Net4Debug|x86.ActiveCfg = Debug|Any CPU
		{5C51FA19-E5E2-493D-84C8-2CD88567F908}.Net4Debug|x86.Build.0 = Debug|Any CPU
		{5C51FA19-E5E2-493D-84C8-2CD88567F908}.Net4Release|Any CPU.ActiveCfg = Release|Any CPU
		{5C51FA19-E5E2-493D-84C8-2CD88567F908}.Net4Release|Any CPU.Build.0 = Release|Any CPU
		{5C51FA19-E5E2-493D-84C8-2CD88567F908}.Net4Release|x64.ActiveCfg = Release|Any CPU
		{5C51FA19-E5E2-493D-84C8-2CD88567F908}.Net4Release|x64.Build.0 = Release|Any CPU
		{5C51FA19-E5E2-493D-84C8-2CD88567F908}.Net4Release|x86.ActiveCfg = Release|Any CPU
		{5C51FA19-E5E2-493D-84C8-2CD88567F908}.Net4Release|x86.Build.0 = Release|Any CPU
		{5C51FA19-E5E2-493D-84C8-2CD88567F908}.Release|Any CPU.ActiveCfg = Release|Any CPU
		{5C51FA19-E5E2-493D-84C8-2CD88567F908}.Release|Any CPU.Build.0 = Release|Any CPU
		{5C51FA19-E5E2-493D-84C8-2CD88567F908}.Release|x64.ActiveCfg = Release|Any CPU
		{5C51FA19-E5E2-493D-84C8-2CD88567F908}.Release|x64.Build.0 = Release|Any CPU
		{5C51FA19-E5E2-493D-84C8-2CD88567F908}.Release|x86.ActiveCfg = Release|Any CPU
		{5C51FA19-E5E2-493D-84C8-2CD88567F908}.Release|x86.Build.0 = Release|Any CPU
		{B5802B17-B3A0-4E40-A393-D1C57A53EDCB}.Debug|Any CPU.ActiveCfg = Debug|Any CPU
		{B5802B17-B3A0-4E40-A393-D1C57A53EDCB}.Debug|Any CPU.Build.0 = Debug|Any CPU
		{B5802B17-B3A0-4E40-A393-D1C57A53EDCB}.Debug|x64.ActiveCfg = Debug|Any CPU
		{B5802B17-B3A0-4E40-A393-D1C57A53EDCB}.Debug|x64.Build.0 = Debug|Any CPU
		{B5802B17-B3A0-4E40-A393-D1C57A53EDCB}.Debug|x86.ActiveCfg = Debug|Any CPU
		{B5802B17-B3A0-4E40-A393-D1C57A53EDCB}.Debug|x86.Build.0 = Debug|Any CPU
		{B5802B17-B3A0-4E40-A393-D1C57A53EDCB}.Net4Debug|Any CPU.ActiveCfg = Debug|Any CPU
		{B5802B17-B3A0-4E40-A393-D1C57A53EDCB}.Net4Debug|Any CPU.Build.0 = Debug|Any CPU
		{B5802B17-B3A0-4E40-A393-D1C57A53EDCB}.Net4Debug|x64.ActiveCfg = Debug|Any CPU
		{B5802B17-B3A0-4E40-A393-D1C57A53EDCB}.Net4Debug|x64.Build.0 = Debug|Any CPU
		{B5802B17-B3A0-4E40-A393-D1C57A53EDCB}.Net4Debug|x86.ActiveCfg = Debug|Any CPU
		{B5802B17-B3A0-4E40-A393-D1C57A53EDCB}.Net4Debug|x86.Build.0 = Debug|Any CPU
		{B5802B17-B3A0-4E40-A393-D1C57A53EDCB}.Net4Release|Any CPU.ActiveCfg = Net4Release|Any CPU
		{B5802B17-B3A0-4E40-A393-D1C57A53EDCB}.Net4Release|Any CPU.Build.0 = Net4Release|Any CPU
		{B5802B17-B3A0-4E40-A393-D1C57A53EDCB}.Net4Release|x64.ActiveCfg = Net4Release|Any CPU
		{B5802B17-B3A0-4E40-A393-D1C57A53EDCB}.Net4Release|x64.Build.0 = Net4Release|Any CPU
		{B5802B17-B3A0-4E40-A393-D1C57A53EDCB}.Net4Release|x86.ActiveCfg = Net4Release|Any CPU
		{B5802B17-B3A0-4E40-A393-D1C57A53EDCB}.Net4Release|x86.Build.0 = Net4Release|Any CPU
		{B5802B17-B3A0-4E40-A393-D1C57A53EDCB}.Release|Any CPU.ActiveCfg = Release|Any CPU
		{B5802B17-B3A0-4E40-A393-D1C57A53EDCB}.Release|Any CPU.Build.0 = Release|Any CPU
		{B5802B17-B3A0-4E40-A393-D1C57A53EDCB}.Release|x64.ActiveCfg = Release|Any CPU
		{B5802B17-B3A0-4E40-A393-D1C57A53EDCB}.Release|x64.Build.0 = Release|Any CPU
		{B5802B17-B3A0-4E40-A393-D1C57A53EDCB}.Release|x86.ActiveCfg = Release|Any CPU
		{B5802B17-B3A0-4E40-A393-D1C57A53EDCB}.Release|x86.Build.0 = Release|Any CPU
		{8D4656BC-51D1-4E2D-AE5B-6F530DF69333}.Debug|Any CPU.ActiveCfg = Debug|Any CPU
		{8D4656BC-51D1-4E2D-AE5B-6F530DF69333}.Debug|Any CPU.Build.0 = Debug|Any CPU
		{8D4656BC-51D1-4E2D-AE5B-6F530DF69333}.Debug|x64.ActiveCfg = Debug|x64
		{8D4656BC-51D1-4E2D-AE5B-6F530DF69333}.Debug|x64.Build.0 = Debug|x64
		{8D4656BC-51D1-4E2D-AE5B-6F530DF69333}.Debug|x86.ActiveCfg = Debug|Any CPU
		{8D4656BC-51D1-4E2D-AE5B-6F530DF69333}.Debug|x86.Build.0 = Debug|Any CPU
		{8D4656BC-51D1-4E2D-AE5B-6F530DF69333}.Net4Debug|Any CPU.ActiveCfg = Net4Debug|Any CPU
		{8D4656BC-51D1-4E2D-AE5B-6F530DF69333}.Net4Debug|Any CPU.Build.0 = Net4Debug|Any CPU
		{8D4656BC-51D1-4E2D-AE5B-6F530DF69333}.Net4Debug|x64.ActiveCfg = Net4Debug|x64
		{8D4656BC-51D1-4E2D-AE5B-6F530DF69333}.Net4Debug|x64.Build.0 = Net4Debug|x64
		{8D4656BC-51D1-4E2D-AE5B-6F530DF69333}.Net4Debug|x86.ActiveCfg = Net4Debug|Any CPU
		{8D4656BC-51D1-4E2D-AE5B-6F530DF69333}.Net4Debug|x86.Build.0 = Net4Debug|Any CPU
		{8D4656BC-51D1-4E2D-AE5B-6F530DF69333}.Net4Release|Any CPU.ActiveCfg = Release|Any CPU
		{8D4656BC-51D1-4E2D-AE5B-6F530DF69333}.Net4Release|Any CPU.Build.0 = Release|Any CPU
		{8D4656BC-51D1-4E2D-AE5B-6F530DF69333}.Net4Release|x64.ActiveCfg = Release|x64
		{8D4656BC-51D1-4E2D-AE5B-6F530DF69333}.Net4Release|x64.Build.0 = Release|x64
		{8D4656BC-51D1-4E2D-AE5B-6F530DF69333}.Net4Release|x86.ActiveCfg = Release|Any CPU
		{8D4656BC-51D1-4E2D-AE5B-6F530DF69333}.Net4Release|x86.Build.0 = Release|Any CPU
		{8D4656BC-51D1-4E2D-AE5B-6F530DF69333}.Release|Any CPU.ActiveCfg = Release|Any CPU
		{8D4656BC-51D1-4E2D-AE5B-6F530DF69333}.Release|Any CPU.Build.0 = Release|Any CPU
		{8D4656BC-51D1-4E2D-AE5B-6F530DF69333}.Release|x64.ActiveCfg = Release|x64
		{8D4656BC-51D1-4E2D-AE5B-6F530DF69333}.Release|x64.Build.0 = Release|x64
		{8D4656BC-51D1-4E2D-AE5B-6F530DF69333}.Release|x86.ActiveCfg = Release|Any CPU
		{8D4656BC-51D1-4E2D-AE5B-6F530DF69333}.Release|x86.Build.0 = Release|Any CPU
		{8DFEC0F3-C2EC-4D16-9E1D-09D33199E73F}.Debug|Any CPU.ActiveCfg = Debug|Any CPU
		{8DFEC0F3-C2EC-4D16-9E1D-09D33199E73F}.Debug|Any CPU.Build.0 = Debug|Any CPU
		{8DFEC0F3-C2EC-4D16-9E1D-09D33199E73F}.Debug|x64.ActiveCfg = Debug|Any CPU
		{8DFEC0F3-C2EC-4D16-9E1D-09D33199E73F}.Debug|x64.Build.0 = Debug|Any CPU
		{8DFEC0F3-C2EC-4D16-9E1D-09D33199E73F}.Debug|x86.ActiveCfg = Debug|x86
		{8DFEC0F3-C2EC-4D16-9E1D-09D33199E73F}.Debug|x86.Build.0 = Debug|x86
		{8DFEC0F3-C2EC-4D16-9E1D-09D33199E73F}.Net4Debug|Any CPU.ActiveCfg = Debug|Any CPU
		{8DFEC0F3-C2EC-4D16-9E1D-09D33199E73F}.Net4Debug|Any CPU.Build.0 = Debug|Any CPU
		{8DFEC0F3-C2EC-4D16-9E1D-09D33199E73F}.Net4Debug|x64.ActiveCfg = Debug|Any CPU
		{8DFEC0F3-C2EC-4D16-9E1D-09D33199E73F}.Net4Debug|x64.Build.0 = Debug|Any CPU
		{8DFEC0F3-C2EC-4D16-9E1D-09D33199E73F}.Net4Debug|x86.ActiveCfg = Debug|x86
		{8DFEC0F3-C2EC-4D16-9E1D-09D33199E73F}.Net4Debug|x86.Build.0 = Debug|x86
		{8DFEC0F3-C2EC-4D16-9E1D-09D33199E73F}.Net4Release|Any CPU.ActiveCfg = Release|Any CPU
		{8DFEC0F3-C2EC-4D16-9E1D-09D33199E73F}.Net4Release|Any CPU.Build.0 = Release|Any CPU
		{8DFEC0F3-C2EC-4D16-9E1D-09D33199E73F}.Net4Release|x64.ActiveCfg = Release|Any CPU
		{8DFEC0F3-C2EC-4D16-9E1D-09D33199E73F}.Net4Release|x64.Build.0 = Release|Any CPU
		{8DFEC0F3-C2EC-4D16-9E1D-09D33199E73F}.Net4Release|x86.ActiveCfg = Release|x86
		{8DFEC0F3-C2EC-4D16-9E1D-09D33199E73F}.Net4Release|x86.Build.0 = Release|x86
		{8DFEC0F3-C2EC-4D16-9E1D-09D33199E73F}.Release|Any CPU.ActiveCfg = Release|Any CPU
		{8DFEC0F3-C2EC-4D16-9E1D-09D33199E73F}.Release|Any CPU.Build.0 = Release|Any CPU
		{8DFEC0F3-C2EC-4D16-9E1D-09D33199E73F}.Release|x64.ActiveCfg = Release|Any CPU
		{8DFEC0F3-C2EC-4D16-9E1D-09D33199E73F}.Release|x64.Build.0 = Release|Any CPU
		{8DFEC0F3-C2EC-4D16-9E1D-09D33199E73F}.Release|x86.ActiveCfg = Release|x86
		{8DFEC0F3-C2EC-4D16-9E1D-09D33199E73F}.Release|x86.Build.0 = Release|x86
		{CFEA0A11-F583-4751-BE83-2EA0363B868B}.Debug|Any CPU.ActiveCfg = Debug|Any CPU
		{CFEA0A11-F583-4751-BE83-2EA0363B868B}.Debug|Any CPU.Build.0 = Debug|Any CPU
		{CFEA0A11-F583-4751-BE83-2EA0363B868B}.Debug|x64.ActiveCfg = Debug|Any CPU
		{CFEA0A11-F583-4751-BE83-2EA0363B868B}.Debug|x64.Build.0 = Debug|Any CPU
		{CFEA0A11-F583-4751-BE83-2EA0363B868B}.Debug|x86.ActiveCfg = Debug|Any CPU
		{CFEA0A11-F583-4751-BE83-2EA0363B868B}.Debug|x86.Build.0 = Debug|Any CPU
		{CFEA0A11-F583-4751-BE83-2EA0363B868B}.Net4Debug|Any CPU.ActiveCfg = Net4Debug|Any CPU
		{CFEA0A11-F583-4751-BE83-2EA0363B868B}.Net4Debug|Any CPU.Build.0 = Net4Debug|Any CPU
		{CFEA0A11-F583-4751-BE83-2EA0363B868B}.Net4Debug|x64.ActiveCfg = Net4Debug|Any CPU
		{CFEA0A11-F583-4751-BE83-2EA0363B868B}.Net4Debug|x64.Build.0 = Net4Debug|Any CPU
		{CFEA0A11-F583-4751-BE83-2EA0363B868B}.Net4Debug|x86.ActiveCfg = Net4Debug|Any CPU
		{CFEA0A11-F583-4751-BE83-2EA0363B868B}.Net4Debug|x86.Build.0 = Net4Debug|Any CPU
		{CFEA0A11-F583-4751-BE83-2EA0363B868B}.Net4Release|Any CPU.ActiveCfg = Net4Release|Any CPU
		{CFEA0A11-F583-4751-BE83-2EA0363B868B}.Net4Release|Any CPU.Build.0 = Net4Release|Any CPU
		{CFEA0A11-F583-4751-BE83-2EA0363B868B}.Net4Release|x64.ActiveCfg = Net4Release|Any CPU
		{CFEA0A11-F583-4751-BE83-2EA0363B868B}.Net4Release|x64.Build.0 = Net4Release|Any CPU
		{CFEA0A11-F583-4751-BE83-2EA0363B868B}.Net4Release|x86.ActiveCfg = Net4Release|Any CPU
		{CFEA0A11-F583-4751-BE83-2EA0363B868B}.Net4Release|x86.Build.0 = Net4Release|Any CPU
		{CFEA0A11-F583-4751-BE83-2EA0363B868B}.Release|Any CPU.ActiveCfg = Release|Any CPU
		{CFEA0A11-F583-4751-BE83-2EA0363B868B}.Release|Any CPU.Build.0 = Release|Any CPU
		{CFEA0A11-F583-4751-BE83-2EA0363B868B}.Release|x64.ActiveCfg = Release|Any CPU
		{CFEA0A11-F583-4751-BE83-2EA0363B868B}.Release|x64.Build.0 = Release|Any CPU
		{CFEA0A11-F583-4751-BE83-2EA0363B868B}.Release|x86.ActiveCfg = Release|Any CPU
		{CFEA0A11-F583-4751-BE83-2EA0363B868B}.Release|x86.Build.0 = Release|Any CPU
		{7BBFF192-81B1-474C-856C-391D9012D0E7}.Debug|Any CPU.ActiveCfg = Debug|Any CPU
		{7BBFF192-81B1-474C-856C-391D9012D0E7}.Debug|Any CPU.Build.0 = Debug|Any CPU
		{7BBFF192-81B1-474C-856C-391D9012D0E7}.Debug|x64.ActiveCfg = Debug|x64
		{7BBFF192-81B1-474C-856C-391D9012D0E7}.Debug|x64.Build.0 = Debug|x64
		{7BBFF192-81B1-474C-856C-391D9012D0E7}.Debug|x86.ActiveCfg = Debug|Any CPU
		{7BBFF192-81B1-474C-856C-391D9012D0E7}.Debug|x86.Build.0 = Debug|Any CPU
		{7BBFF192-81B1-474C-856C-391D9012D0E7}.Net4Debug|Any CPU.ActiveCfg = Debug|Any CPU
		{7BBFF192-81B1-474C-856C-391D9012D0E7}.Net4Debug|Any CPU.Build.0 = Debug|Any CPU
		{7BBFF192-81B1-474C-856C-391D9012D0E7}.Net4Debug|x64.ActiveCfg = Debug|x64
		{7BBFF192-81B1-474C-856C-391D9012D0E7}.Net4Debug|x64.Build.0 = Debug|x64
		{7BBFF192-81B1-474C-856C-391D9012D0E7}.Net4Debug|x86.ActiveCfg = Debug|Any CPU
		{7BBFF192-81B1-474C-856C-391D9012D0E7}.Net4Debug|x86.Build.0 = Debug|Any CPU
		{7BBFF192-81B1-474C-856C-391D9012D0E7}.Net4Release|Any CPU.ActiveCfg = Net4Release|Any CPU
		{7BBFF192-81B1-474C-856C-391D9012D0E7}.Net4Release|Any CPU.Build.0 = Net4Release|Any CPU
		{7BBFF192-81B1-474C-856C-391D9012D0E7}.Net4Release|x64.ActiveCfg = Net4Release|x64
		{7BBFF192-81B1-474C-856C-391D9012D0E7}.Net4Release|x64.Build.0 = Net4Release|x64
		{7BBFF192-81B1-474C-856C-391D9012D0E7}.Net4Release|x86.ActiveCfg = Net4Release|Any CPU
		{7BBFF192-81B1-474C-856C-391D9012D0E7}.Net4Release|x86.Build.0 = Net4Release|Any CPU
		{7BBFF192-81B1-474C-856C-391D9012D0E7}.Release|Any CPU.ActiveCfg = Release|Any CPU
		{7BBFF192-81B1-474C-856C-391D9012D0E7}.Release|Any CPU.Build.0 = Release|Any CPU
		{7BBFF192-81B1-474C-856C-391D9012D0E7}.Release|x64.ActiveCfg = Release|x64
		{7BBFF192-81B1-474C-856C-391D9012D0E7}.Release|x64.Build.0 = Release|x64
		{7BBFF192-81B1-474C-856C-391D9012D0E7}.Release|x86.ActiveCfg = Release|Any CPU
		{7BBFF192-81B1-474C-856C-391D9012D0E7}.Release|x86.Build.0 = Release|Any CPU
		{1D685176-89DB-4086-A084-48D487506390}.Debug|Any CPU.ActiveCfg = Debug|Any CPU
		{1D685176-89DB-4086-A084-48D487506390}.Debug|Any CPU.Build.0 = Debug|Any CPU
		{1D685176-89DB-4086-A084-48D487506390}.Debug|x64.ActiveCfg = Debug|x64
		{1D685176-89DB-4086-A084-48D487506390}.Debug|x64.Build.0 = Debug|x64
		{1D685176-89DB-4086-A084-48D487506390}.Debug|x86.ActiveCfg = Debug|Any CPU
		{1D685176-89DB-4086-A084-48D487506390}.Debug|x86.Build.0 = Debug|Any CPU
		{1D685176-89DB-4086-A084-48D487506390}.Net4Debug|Any CPU.ActiveCfg = Net4Debug|Any CPU
		{1D685176-89DB-4086-A084-48D487506390}.Net4Debug|Any CPU.Build.0 = Net4Debug|Any CPU
		{1D685176-89DB-4086-A084-48D487506390}.Net4Debug|x64.ActiveCfg = Net4Debug|x64
		{1D685176-89DB-4086-A084-48D487506390}.Net4Debug|x64.Build.0 = Net4Debug|x64
		{1D685176-89DB-4086-A084-48D487506390}.Net4Debug|x86.ActiveCfg = Net4Debug|Any CPU
		{1D685176-89DB-4086-A084-48D487506390}.Net4Debug|x86.Build.0 = Net4Debug|Any CPU
		{1D685176-89DB-4086-A084-48D487506390}.Net4Release|Any CPU.ActiveCfg = Net4Release|Any CPU
		{1D685176-89DB-4086-A084-48D487506390}.Net4Release|Any CPU.Build.0 = Net4Release|Any CPU
		{1D685176-89DB-4086-A084-48D487506390}.Net4Release|x64.ActiveCfg = Net4Release|x64
		{1D685176-89DB-4086-A084-48D487506390}.Net4Release|x64.Build.0 = Net4Release|x64
		{1D685176-89DB-4086-A084-48D487506390}.Net4Release|x86.ActiveCfg = Net4Release|Any CPU
		{1D685176-89DB-4086-A084-48D487506390}.Net4Release|x86.Build.0 = Net4Release|Any CPU
		{1D685176-89DB-4086-A084-48D487506390}.Release|Any CPU.ActiveCfg = Release|Any CPU
		{1D685176-89DB-4086-A084-48D487506390}.Release|Any CPU.Build.0 = Release|Any CPU
		{1D685176-89DB-4086-A084-48D487506390}.Release|x64.ActiveCfg = Release|x64
		{1D685176-89DB-4086-A084-48D487506390}.Release|x64.Build.0 = Release|x64
		{1D685176-89DB-4086-A084-48D487506390}.Release|x86.ActiveCfg = Release|Any CPU
		{1D685176-89DB-4086-A084-48D487506390}.Release|x86.Build.0 = Release|Any CPU
		{535EF442-4F9B-4B5B-B2E2-3939CFF13C58}.Debug|Any CPU.ActiveCfg = Debug|Any CPU
		{535EF442-4F9B-4B5B-B2E2-3939CFF13C58}.Debug|Any CPU.Build.0 = Debug|Any CPU
		{535EF442-4F9B-4B5B-B2E2-3939CFF13C58}.Debug|x64.ActiveCfg = Debug|Any CPU
		{535EF442-4F9B-4B5B-B2E2-3939CFF13C58}.Debug|x64.Build.0 = Debug|Any CPU
		{535EF442-4F9B-4B5B-B2E2-3939CFF13C58}.Debug|x86.ActiveCfg = Debug|Any CPU
		{535EF442-4F9B-4B5B-B2E2-3939CFF13C58}.Debug|x86.Build.0 = Debug|Any CPU
		{535EF442-4F9B-4B5B-B2E2-3939CFF13C58}.Net4Debug|Any CPU.ActiveCfg = Net4Debug|Any CPU
		{535EF442-4F9B-4B5B-B2E2-3939CFF13C58}.Net4Debug|Any CPU.Build.0 = Net4Debug|Any CPU
		{535EF442-4F9B-4B5B-B2E2-3939CFF13C58}.Net4Debug|x64.ActiveCfg = Net4Debug|Any CPU
		{535EF442-4F9B-4B5B-B2E2-3939CFF13C58}.Net4Debug|x64.Build.0 = Net4Debug|Any CPU
		{535EF442-4F9B-4B5B-B2E2-3939CFF13C58}.Net4Debug|x86.ActiveCfg = Net4Debug|Any CPU
		{535EF442-4F9B-4B5B-B2E2-3939CFF13C58}.Net4Debug|x86.Build.0 = Net4Debug|Any CPU
		{535EF442-4F9B-4B5B-B2E2-3939CFF13C58}.Net4Release|Any CPU.ActiveCfg = Net4Release|Any CPU
		{535EF442-4F9B-4B5B-B2E2-3939CFF13C58}.Net4Release|Any CPU.Build.0 = Net4Release|Any CPU
		{535EF442-4F9B-4B5B-B2E2-3939CFF13C58}.Net4Release|x64.ActiveCfg = Net4Release|Any CPU
		{535EF442-4F9B-4B5B-B2E2-3939CFF13C58}.Net4Release|x64.Build.0 = Net4Release|Any CPU
		{535EF442-4F9B-4B5B-B2E2-3939CFF13C58}.Net4Release|x86.ActiveCfg = Net4Release|Any CPU
		{535EF442-4F9B-4B5B-B2E2-3939CFF13C58}.Net4Release|x86.Build.0 = Net4Release|Any CPU
		{535EF442-4F9B-4B5B-B2E2-3939CFF13C58}.Release|Any CPU.ActiveCfg = Release|Any CPU
		{535EF442-4F9B-4B5B-B2E2-3939CFF13C58}.Release|Any CPU.Build.0 = Release|Any CPU
		{535EF442-4F9B-4B5B-B2E2-3939CFF13C58}.Release|x64.ActiveCfg = Release|Any CPU
		{535EF442-4F9B-4B5B-B2E2-3939CFF13C58}.Release|x64.Build.0 = Release|Any CPU
		{535EF442-4F9B-4B5B-B2E2-3939CFF13C58}.Release|x86.ActiveCfg = Release|Any CPU
		{535EF442-4F9B-4B5B-B2E2-3939CFF13C58}.Release|x86.Build.0 = Release|Any CPU
		{F3823B06-8FB8-4B69-828F-18D2BE232DF8}.Debug|Any CPU.ActiveCfg = Debug|Any CPU
		{F3823B06-8FB8-4B69-828F-18D2BE232DF8}.Debug|Any CPU.Build.0 = Debug|Any CPU
		{F3823B06-8FB8-4B69-828F-18D2BE232DF8}.Debug|x64.ActiveCfg = Debug|Any CPU
		{F3823B06-8FB8-4B69-828F-18D2BE232DF8}.Debug|x64.Build.0 = Debug|Any CPU
		{F3823B06-8FB8-4B69-828F-18D2BE232DF8}.Debug|x86.ActiveCfg = Debug|Any CPU
		{F3823B06-8FB8-4B69-828F-18D2BE232DF8}.Debug|x86.Build.0 = Debug|Any CPU
		{F3823B06-8FB8-4B69-828F-18D2BE232DF8}.Net4Debug|Any CPU.ActiveCfg = Debug|Any CPU
		{F3823B06-8FB8-4B69-828F-18D2BE232DF8}.Net4Debug|Any CPU.Build.0 = Debug|Any CPU
		{F3823B06-8FB8-4B69-828F-18D2BE232DF8}.Net4Debug|x64.ActiveCfg = Debug|Any CPU
		{F3823B06-8FB8-4B69-828F-18D2BE232DF8}.Net4Debug|x64.Build.0 = Debug|Any CPU
		{F3823B06-8FB8-4B69-828F-18D2BE232DF8}.Net4Debug|x86.ActiveCfg = Debug|Any CPU
		{F3823B06-8FB8-4B69-828F-18D2BE232DF8}.Net4Debug|x86.Build.0 = Debug|Any CPU
		{F3823B06-8FB8-4B69-828F-18D2BE232DF8}.Net4Release|Any CPU.ActiveCfg = Net4Release|Any CPU
		{F3823B06-8FB8-4B69-828F-18D2BE232DF8}.Net4Release|Any CPU.Build.0 = Net4Release|Any CPU
		{F3823B06-8FB8-4B69-828F-18D2BE232DF8}.Net4Release|x64.ActiveCfg = Net4Release|Any CPU
		{F3823B06-8FB8-4B69-828F-18D2BE232DF8}.Net4Release|x64.Build.0 = Net4Release|Any CPU
		{F3823B06-8FB8-4B69-828F-18D2BE232DF8}.Net4Release|x86.ActiveCfg = Net4Release|Any CPU
		{F3823B06-8FB8-4B69-828F-18D2BE232DF8}.Net4Release|x86.Build.0 = Net4Release|Any CPU
		{F3823B06-8FB8-4B69-828F-18D2BE232DF8}.Release|Any CPU.ActiveCfg = Release|Any CPU
		{F3823B06-8FB8-4B69-828F-18D2BE232DF8}.Release|Any CPU.Build.0 = Release|Any CPU
		{F3823B06-8FB8-4B69-828F-18D2BE232DF8}.Release|x64.ActiveCfg = Release|Any CPU
		{F3823B06-8FB8-4B69-828F-18D2BE232DF8}.Release|x64.Build.0 = Release|Any CPU
		{F3823B06-8FB8-4B69-828F-18D2BE232DF8}.Release|x86.ActiveCfg = Release|Any CPU
		{F3823B06-8FB8-4B69-828F-18D2BE232DF8}.Release|x86.Build.0 = Release|Any CPU
		{332C008B-4EEB-422B-A694-04C915F6769D}.Debug|Any CPU.ActiveCfg = Debug|Any CPU
		{332C008B-4EEB-422B-A694-04C915F6769D}.Debug|Any CPU.Build.0 = Debug|Any CPU
		{332C008B-4EEB-422B-A694-04C915F6769D}.Debug|x64.ActiveCfg = Debug|x64
		{332C008B-4EEB-422B-A694-04C915F6769D}.Debug|x64.Build.0 = Debug|x64
		{332C008B-4EEB-422B-A694-04C915F6769D}.Debug|x86.ActiveCfg = Debug|Any CPU
		{332C008B-4EEB-422B-A694-04C915F6769D}.Debug|x86.Build.0 = Debug|Any CPU
		{332C008B-4EEB-422B-A694-04C915F6769D}.Net4Debug|Any CPU.ActiveCfg = Net4Debug|Any CPU
		{332C008B-4EEB-422B-A694-04C915F6769D}.Net4Debug|Any CPU.Build.0 = Net4Debug|Any CPU
		{332C008B-4EEB-422B-A694-04C915F6769D}.Net4Debug|x64.ActiveCfg = Net4Debug|x64
		{332C008B-4EEB-422B-A694-04C915F6769D}.Net4Debug|x64.Build.0 = Net4Debug|x64
		{332C008B-4EEB-422B-A694-04C915F6769D}.Net4Debug|x86.ActiveCfg = Net4Debug|Any CPU
		{332C008B-4EEB-422B-A694-04C915F6769D}.Net4Debug|x86.Build.0 = Net4Debug|Any CPU
		{332C008B-4EEB-422B-A694-04C915F6769D}.Net4Release|Any CPU.ActiveCfg = Net4Release|Any CPU
		{332C008B-4EEB-422B-A694-04C915F6769D}.Net4Release|Any CPU.Build.0 = Net4Release|Any CPU
		{332C008B-4EEB-422B-A694-04C915F6769D}.Net4Release|x64.ActiveCfg = Net4Release|x64
		{332C008B-4EEB-422B-A694-04C915F6769D}.Net4Release|x64.Build.0 = Net4Release|x64
		{332C008B-4EEB-422B-A694-04C915F6769D}.Net4Release|x86.ActiveCfg = Net4Release|Any CPU
		{332C008B-4EEB-422B-A694-04C915F6769D}.Net4Release|x86.Build.0 = Net4Release|Any CPU
		{332C008B-4EEB-422B-A694-04C915F6769D}.Release|Any CPU.ActiveCfg = Release|Any CPU
		{332C008B-4EEB-422B-A694-04C915F6769D}.Release|Any CPU.Build.0 = Release|Any CPU
		{332C008B-4EEB-422B-A694-04C915F6769D}.Release|x64.ActiveCfg = Release|x64
		{332C008B-4EEB-422B-A694-04C915F6769D}.Release|x64.Build.0 = Release|x64
		{332C008B-4EEB-422B-A694-04C915F6769D}.Release|x86.ActiveCfg = Release|Any CPU
		{332C008B-4EEB-422B-A694-04C915F6769D}.Release|x86.Build.0 = Release|Any CPU
		{D535BD18-2401-427C-85FF-3BCD147A17D6}.Debug|Any CPU.ActiveCfg = Debug|Any CPU
		{D535BD18-2401-427C-85FF-3BCD147A17D6}.Debug|Any CPU.Build.0 = Debug|Any CPU
		{D535BD18-2401-427C-85FF-3BCD147A17D6}.Debug|x64.ActiveCfg = Debug|Any CPU
		{D535BD18-2401-427C-85FF-3BCD147A17D6}.Debug|x64.Build.0 = Debug|Any CPU
		{D535BD18-2401-427C-85FF-3BCD147A17D6}.Debug|x86.ActiveCfg = Debug|Any CPU
		{D535BD18-2401-427C-85FF-3BCD147A17D6}.Debug|x86.Build.0 = Debug|Any CPU
		{D535BD18-2401-427C-85FF-3BCD147A17D6}.Net4Debug|Any CPU.ActiveCfg = Debug|Any CPU
		{D535BD18-2401-427C-85FF-3BCD147A17D6}.Net4Debug|Any CPU.Build.0 = Debug|Any CPU
		{D535BD18-2401-427C-85FF-3BCD147A17D6}.Net4Debug|x64.ActiveCfg = Debug|Any CPU
		{D535BD18-2401-427C-85FF-3BCD147A17D6}.Net4Debug|x64.Build.0 = Debug|Any CPU
		{D535BD18-2401-427C-85FF-3BCD147A17D6}.Net4Debug|x86.ActiveCfg = Debug|Any CPU
		{D535BD18-2401-427C-85FF-3BCD147A17D6}.Net4Debug|x86.Build.0 = Debug|Any CPU
		{D535BD18-2401-427C-85FF-3BCD147A17D6}.Net4Release|Any CPU.ActiveCfg = Release|Any CPU
		{D535BD18-2401-427C-85FF-3BCD147A17D6}.Net4Release|Any CPU.Build.0 = Release|Any CPU
		{D535BD18-2401-427C-85FF-3BCD147A17D6}.Net4Release|x64.ActiveCfg = Release|Any CPU
		{D535BD18-2401-427C-85FF-3BCD147A17D6}.Net4Release|x64.Build.0 = Release|Any CPU
		{D535BD18-2401-427C-85FF-3BCD147A17D6}.Net4Release|x86.ActiveCfg = Release|Any CPU
		{D535BD18-2401-427C-85FF-3BCD147A17D6}.Net4Release|x86.Build.0 = Release|Any CPU
		{D535BD18-2401-427C-85FF-3BCD147A17D6}.Release|Any CPU.ActiveCfg = Release|Any CPU
		{D535BD18-2401-427C-85FF-3BCD147A17D6}.Release|Any CPU.Build.0 = Release|Any CPU
		{D535BD18-2401-427C-85FF-3BCD147A17D6}.Release|x64.ActiveCfg = Release|Any CPU
		{D535BD18-2401-427C-85FF-3BCD147A17D6}.Release|x64.Build.0 = Release|Any CPU
		{D535BD18-2401-427C-85FF-3BCD147A17D6}.Release|x86.ActiveCfg = Release|Any CPU
		{D535BD18-2401-427C-85FF-3BCD147A17D6}.Release|x86.Build.0 = Release|Any CPU
		{10976AE6-CE89-4AFE-A156-4DEFE88AEFCB}.Debug|Any CPU.ActiveCfg = Debug|Any CPU
		{10976AE6-CE89-4AFE-A156-4DEFE88AEFCB}.Debug|Any CPU.Build.0 = Debug|Any CPU
		{10976AE6-CE89-4AFE-A156-4DEFE88AEFCB}.Debug|x64.ActiveCfg = Debug|Any CPU
		{10976AE6-CE89-4AFE-A156-4DEFE88AEFCB}.Debug|x64.Build.0 = Debug|Any CPU
		{10976AE6-CE89-4AFE-A156-4DEFE88AEFCB}.Debug|x86.ActiveCfg = Debug|Any CPU
		{10976AE6-CE89-4AFE-A156-4DEFE88AEFCB}.Debug|x86.Build.0 = Debug|Any CPU
		{10976AE6-CE89-4AFE-A156-4DEFE88AEFCB}.Net4Debug|Any CPU.ActiveCfg = Debug|Any CPU
		{10976AE6-CE89-4AFE-A156-4DEFE88AEFCB}.Net4Debug|Any CPU.Build.0 = Debug|Any CPU
		{10976AE6-CE89-4AFE-A156-4DEFE88AEFCB}.Net4Debug|x64.ActiveCfg = Debug|Any CPU
		{10976AE6-CE89-4AFE-A156-4DEFE88AEFCB}.Net4Debug|x64.Build.0 = Debug|Any CPU
		{10976AE6-CE89-4AFE-A156-4DEFE88AEFCB}.Net4Debug|x86.ActiveCfg = Debug|Any CPU
		{10976AE6-CE89-4AFE-A156-4DEFE88AEFCB}.Net4Debug|x86.Build.0 = Debug|Any CPU
		{10976AE6-CE89-4AFE-A156-4DEFE88AEFCB}.Net4Release|Any CPU.ActiveCfg = Release|Any CPU
		{10976AE6-CE89-4AFE-A156-4DEFE88AEFCB}.Net4Release|Any CPU.Build.0 = Release|Any CPU
		{10976AE6-CE89-4AFE-A156-4DEFE88AEFCB}.Net4Release|x64.ActiveCfg = Release|Any CPU
		{10976AE6-CE89-4AFE-A156-4DEFE88AEFCB}.Net4Release|x64.Build.0 = Release|Any CPU
		{10976AE6-CE89-4AFE-A156-4DEFE88AEFCB}.Net4Release|x86.ActiveCfg = Release|Any CPU
		{10976AE6-CE89-4AFE-A156-4DEFE88AEFCB}.Net4Release|x86.Build.0 = Release|Any CPU
		{10976AE6-CE89-4AFE-A156-4DEFE88AEFCB}.Release|Any CPU.ActiveCfg = Release|Any CPU
		{10976AE6-CE89-4AFE-A156-4DEFE88AEFCB}.Release|Any CPU.Build.0 = Release|Any CPU
		{10976AE6-CE89-4AFE-A156-4DEFE88AEFCB}.Release|x64.ActiveCfg = Release|Any CPU
		{10976AE6-CE89-4AFE-A156-4DEFE88AEFCB}.Release|x64.Build.0 = Release|Any CPU
		{10976AE6-CE89-4AFE-A156-4DEFE88AEFCB}.Release|x86.ActiveCfg = Release|Any CPU
		{10976AE6-CE89-4AFE-A156-4DEFE88AEFCB}.Release|x86.Build.0 = Release|Any CPU
		{FCC629D5-5FB1-4D5B-9599-CA5483E453DC}.Debug|Any CPU.ActiveCfg = Debug|Any CPU
		{FCC629D5-5FB1-4D5B-9599-CA5483E453DC}.Debug|Any CPU.Build.0 = Debug|Any CPU
		{FCC629D5-5FB1-4D5B-9599-CA5483E453DC}.Debug|x64.ActiveCfg = Debug|Any CPU
		{FCC629D5-5FB1-4D5B-9599-CA5483E453DC}.Debug|x64.Build.0 = Debug|Any CPU
		{FCC629D5-5FB1-4D5B-9599-CA5483E453DC}.Debug|x86.ActiveCfg = Debug|Any CPU
		{FCC629D5-5FB1-4D5B-9599-CA5483E453DC}.Debug|x86.Build.0 = Debug|Any CPU
		{FCC629D5-5FB1-4D5B-9599-CA5483E453DC}.Net4Debug|Any CPU.ActiveCfg = Debug|Any CPU
		{FCC629D5-5FB1-4D5B-9599-CA5483E453DC}.Net4Debug|Any CPU.Build.0 = Debug|Any CPU
		{FCC629D5-5FB1-4D5B-9599-CA5483E453DC}.Net4Debug|x64.ActiveCfg = Debug|Any CPU
		{FCC629D5-5FB1-4D5B-9599-CA5483E453DC}.Net4Debug|x64.Build.0 = Debug|Any CPU
		{FCC629D5-5FB1-4D5B-9599-CA5483E453DC}.Net4Debug|x86.ActiveCfg = Debug|Any CPU
		{FCC629D5-5FB1-4D5B-9599-CA5483E453DC}.Net4Debug|x86.Build.0 = Debug|Any CPU
		{FCC629D5-5FB1-4D5B-9599-CA5483E453DC}.Net4Release|Any CPU.ActiveCfg = Release|Any CPU
		{FCC629D5-5FB1-4D5B-9599-CA5483E453DC}.Net4Release|Any CPU.Build.0 = Release|Any CPU
		{FCC629D5-5FB1-4D5B-9599-CA5483E453DC}.Net4Release|x64.ActiveCfg = Release|Any CPU
		{FCC629D5-5FB1-4D5B-9599-CA5483E453DC}.Net4Release|x64.Build.0 = Release|Any CPU
		{FCC629D5-5FB1-4D5B-9599-CA5483E453DC}.Net4Release|x86.ActiveCfg = Release|Any CPU
		{FCC629D5-5FB1-4D5B-9599-CA5483E453DC}.Net4Release|x86.Build.0 = Release|Any CPU
		{FCC629D5-5FB1-4D5B-9599-CA5483E453DC}.Release|Any CPU.ActiveCfg = Release|Any CPU
		{FCC629D5-5FB1-4D5B-9599-CA5483E453DC}.Release|Any CPU.Build.0 = Release|Any CPU
		{FCC629D5-5FB1-4D5B-9599-CA5483E453DC}.Release|x64.ActiveCfg = Release|Any CPU
		{FCC629D5-5FB1-4D5B-9599-CA5483E453DC}.Release|x64.Build.0 = Release|Any CPU
		{FCC629D5-5FB1-4D5B-9599-CA5483E453DC}.Release|x86.ActiveCfg = Release|Any CPU
		{FCC629D5-5FB1-4D5B-9599-CA5483E453DC}.Release|x86.Build.0 = Release|Any CPU
		{CEB65441-0A94-444A-AF99-5E4850AE623C}.Debug|Any CPU.ActiveCfg = Debug|Any CPU
		{CEB65441-0A94-444A-AF99-5E4850AE623C}.Debug|Any CPU.Build.0 = Debug|Any CPU
		{CEB65441-0A94-444A-AF99-5E4850AE623C}.Debug|x64.ActiveCfg = Debug|Any CPU
		{CEB65441-0A94-444A-AF99-5E4850AE623C}.Debug|x64.Build.0 = Debug|Any CPU
		{CEB65441-0A94-444A-AF99-5E4850AE623C}.Debug|x86.ActiveCfg = Debug|Any CPU
		{CEB65441-0A94-444A-AF99-5E4850AE623C}.Debug|x86.Build.0 = Debug|Any CPU
		{CEB65441-0A94-444A-AF99-5E4850AE623C}.Net4Debug|Any CPU.ActiveCfg = Debug|Any CPU
		{CEB65441-0A94-444A-AF99-5E4850AE623C}.Net4Debug|Any CPU.Build.0 = Debug|Any CPU
		{CEB65441-0A94-444A-AF99-5E4850AE623C}.Net4Debug|x64.ActiveCfg = Debug|Any CPU
		{CEB65441-0A94-444A-AF99-5E4850AE623C}.Net4Debug|x64.Build.0 = Debug|Any CPU
		{CEB65441-0A94-444A-AF99-5E4850AE623C}.Net4Debug|x86.ActiveCfg = Debug|Any CPU
		{CEB65441-0A94-444A-AF99-5E4850AE623C}.Net4Debug|x86.Build.0 = Debug|Any CPU
		{CEB65441-0A94-444A-AF99-5E4850AE623C}.Net4Release|Any CPU.ActiveCfg = Release|Any CPU
		{CEB65441-0A94-444A-AF99-5E4850AE623C}.Net4Release|Any CPU.Build.0 = Release|Any CPU
		{CEB65441-0A94-444A-AF99-5E4850AE623C}.Net4Release|x64.ActiveCfg = Release|Any CPU
		{CEB65441-0A94-444A-AF99-5E4850AE623C}.Net4Release|x64.Build.0 = Release|Any CPU
		{CEB65441-0A94-444A-AF99-5E4850AE623C}.Net4Release|x86.ActiveCfg = Release|Any CPU
		{CEB65441-0A94-444A-AF99-5E4850AE623C}.Net4Release|x86.Build.0 = Release|Any CPU
		{CEB65441-0A94-444A-AF99-5E4850AE623C}.Release|Any CPU.ActiveCfg = Release|Any CPU
		{CEB65441-0A94-444A-AF99-5E4850AE623C}.Release|Any CPU.Build.0 = Release|Any CPU
		{CEB65441-0A94-444A-AF99-5E4850AE623C}.Release|x64.ActiveCfg = Release|Any CPU
		{CEB65441-0A94-444A-AF99-5E4850AE623C}.Release|x64.Build.0 = Release|Any CPU
		{CEB65441-0A94-444A-AF99-5E4850AE623C}.Release|x86.ActiveCfg = Release|Any CPU
		{CEB65441-0A94-444A-AF99-5E4850AE623C}.Release|x86.Build.0 = Release|Any CPU
		{E58D9F23-6236-4587-913C-F5FADCF11C9C}.Debug|Any CPU.ActiveCfg = Debug|Any CPU
		{E58D9F23-6236-4587-913C-F5FADCF11C9C}.Debug|Any CPU.Build.0 = Debug|Any CPU
		{E58D9F23-6236-4587-913C-F5FADCF11C9C}.Debug|x64.ActiveCfg = Debug|Any CPU
		{E58D9F23-6236-4587-913C-F5FADCF11C9C}.Debug|x64.Build.0 = Debug|Any CPU
		{E58D9F23-6236-4587-913C-F5FADCF11C9C}.Debug|x86.ActiveCfg = Debug|Any CPU
		{E58D9F23-6236-4587-913C-F5FADCF11C9C}.Debug|x86.Build.0 = Debug|Any CPU
		{E58D9F23-6236-4587-913C-F5FADCF11C9C}.Net4Debug|Any CPU.ActiveCfg = Debug|Any CPU
		{E58D9F23-6236-4587-913C-F5FADCF11C9C}.Net4Debug|Any CPU.Build.0 = Debug|Any CPU
		{E58D9F23-6236-4587-913C-F5FADCF11C9C}.Net4Debug|x64.ActiveCfg = Debug|Any CPU
		{E58D9F23-6236-4587-913C-F5FADCF11C9C}.Net4Debug|x64.Build.0 = Debug|Any CPU
		{E58D9F23-6236-4587-913C-F5FADCF11C9C}.Net4Debug|x86.ActiveCfg = Debug|Any CPU
		{E58D9F23-6236-4587-913C-F5FADCF11C9C}.Net4Debug|x86.Build.0 = Debug|Any CPU
		{E58D9F23-6236-4587-913C-F5FADCF11C9C}.Net4Release|Any CPU.ActiveCfg = Release|Any CPU
		{E58D9F23-6236-4587-913C-F5FADCF11C9C}.Net4Release|Any CPU.Build.0 = Release|Any CPU
		{E58D9F23-6236-4587-913C-F5FADCF11C9C}.Net4Release|x64.ActiveCfg = Release|Any CPU
		{E58D9F23-6236-4587-913C-F5FADCF11C9C}.Net4Release|x64.Build.0 = Release|Any CPU
		{E58D9F23-6236-4587-913C-F5FADCF11C9C}.Net4Release|x86.ActiveCfg = Release|Any CPU
		{E58D9F23-6236-4587-913C-F5FADCF11C9C}.Net4Release|x86.Build.0 = Release|Any CPU
		{E58D9F23-6236-4587-913C-F5FADCF11C9C}.Release|Any CPU.ActiveCfg = Release|Any CPU
		{E58D9F23-6236-4587-913C-F5FADCF11C9C}.Release|Any CPU.Build.0 = Release|Any CPU
		{E58D9F23-6236-4587-913C-F5FADCF11C9C}.Release|x64.ActiveCfg = Release|Any CPU
		{E58D9F23-6236-4587-913C-F5FADCF11C9C}.Release|x64.Build.0 = Release|Any CPU
		{E58D9F23-6236-4587-913C-F5FADCF11C9C}.Release|x86.ActiveCfg = Release|Any CPU
		{E58D9F23-6236-4587-913C-F5FADCF11C9C}.Release|x86.Build.0 = Release|Any CPU
		{15EA05E4-0BCF-4A35-B177-59B932869414}.Debug|Any CPU.ActiveCfg = Debug|Any CPU
		{15EA05E4-0BCF-4A35-B177-59B932869414}.Debug|Any CPU.Build.0 = Debug|Any CPU
		{15EA05E4-0BCF-4A35-B177-59B932869414}.Debug|x64.ActiveCfg = Debug|Any CPU
		{15EA05E4-0BCF-4A35-B177-59B932869414}.Debug|x64.Build.0 = Debug|Any CPU
		{15EA05E4-0BCF-4A35-B177-59B932869414}.Debug|x86.ActiveCfg = Debug|Any CPU
		{15EA05E4-0BCF-4A35-B177-59B932869414}.Debug|x86.Build.0 = Debug|Any CPU
		{15EA05E4-0BCF-4A35-B177-59B932869414}.Net4Debug|Any CPU.ActiveCfg = Debug|Any CPU
		{15EA05E4-0BCF-4A35-B177-59B932869414}.Net4Debug|Any CPU.Build.0 = Debug|Any CPU
		{15EA05E4-0BCF-4A35-B177-59B932869414}.Net4Debug|x64.ActiveCfg = Debug|Any CPU
		{15EA05E4-0BCF-4A35-B177-59B932869414}.Net4Debug|x64.Build.0 = Debug|Any CPU
		{15EA05E4-0BCF-4A35-B177-59B932869414}.Net4Debug|x86.ActiveCfg = Debug|Any CPU
		{15EA05E4-0BCF-4A35-B177-59B932869414}.Net4Debug|x86.Build.0 = Debug|Any CPU
		{15EA05E4-0BCF-4A35-B177-59B932869414}.Net4Release|Any CPU.ActiveCfg = Release|Any CPU
		{15EA05E4-0BCF-4A35-B177-59B932869414}.Net4Release|Any CPU.Build.0 = Release|Any CPU
		{15EA05E4-0BCF-4A35-B177-59B932869414}.Net4Release|x64.ActiveCfg = Release|Any CPU
		{15EA05E4-0BCF-4A35-B177-59B932869414}.Net4Release|x64.Build.0 = Release|Any CPU
		{15EA05E4-0BCF-4A35-B177-59B932869414}.Net4Release|x86.ActiveCfg = Release|Any CPU
		{15EA05E4-0BCF-4A35-B177-59B932869414}.Net4Release|x86.Build.0 = Release|Any CPU
		{15EA05E4-0BCF-4A35-B177-59B932869414}.Release|Any CPU.ActiveCfg = Release|Any CPU
		{15EA05E4-0BCF-4A35-B177-59B932869414}.Release|Any CPU.Build.0 = Release|Any CPU
		{15EA05E4-0BCF-4A35-B177-59B932869414}.Release|x64.ActiveCfg = Release|Any CPU
		{15EA05E4-0BCF-4A35-B177-59B932869414}.Release|x64.Build.0 = Release|Any CPU
		{15EA05E4-0BCF-4A35-B177-59B932869414}.Release|x86.ActiveCfg = Release|Any CPU
		{15EA05E4-0BCF-4A35-B177-59B932869414}.Release|x86.Build.0 = Release|Any CPU
		{BC023782-2913-447E-90C1-AF934F8F2CE1}.Debug|Any CPU.ActiveCfg = Debug|Any CPU
		{BC023782-2913-447E-90C1-AF934F8F2CE1}.Debug|Any CPU.Build.0 = Debug|Any CPU
		{BC023782-2913-447E-90C1-AF934F8F2CE1}.Debug|x64.ActiveCfg = Debug|Any CPU
		{BC023782-2913-447E-90C1-AF934F8F2CE1}.Debug|x64.Build.0 = Debug|Any CPU
		{BC023782-2913-447E-90C1-AF934F8F2CE1}.Debug|x86.ActiveCfg = Debug|Any CPU
		{BC023782-2913-447E-90C1-AF934F8F2CE1}.Debug|x86.Build.0 = Debug|Any CPU
		{BC023782-2913-447E-90C1-AF934F8F2CE1}.Net4Debug|Any CPU.ActiveCfg = Debug|Any CPU
		{BC023782-2913-447E-90C1-AF934F8F2CE1}.Net4Debug|Any CPU.Build.0 = Debug|Any CPU
		{BC023782-2913-447E-90C1-AF934F8F2CE1}.Net4Debug|x64.ActiveCfg = Debug|Any CPU
		{BC023782-2913-447E-90C1-AF934F8F2CE1}.Net4Debug|x64.Build.0 = Debug|Any CPU
		{BC023782-2913-447E-90C1-AF934F8F2CE1}.Net4Debug|x86.ActiveCfg = Debug|Any CPU
		{BC023782-2913-447E-90C1-AF934F8F2CE1}.Net4Debug|x86.Build.0 = Debug|Any CPU
		{BC023782-2913-447E-90C1-AF934F8F2CE1}.Net4Release|Any CPU.ActiveCfg = Release|Any CPU
		{BC023782-2913-447E-90C1-AF934F8F2CE1}.Net4Release|Any CPU.Build.0 = Release|Any CPU
		{BC023782-2913-447E-90C1-AF934F8F2CE1}.Net4Release|x64.ActiveCfg = Release|Any CPU
		{BC023782-2913-447E-90C1-AF934F8F2CE1}.Net4Release|x64.Build.0 = Release|Any CPU
		{BC023782-2913-447E-90C1-AF934F8F2CE1}.Net4Release|x86.ActiveCfg = Release|Any CPU
		{BC023782-2913-447E-90C1-AF934F8F2CE1}.Net4Release|x86.Build.0 = Release|Any CPU
		{BC023782-2913-447E-90C1-AF934F8F2CE1}.Release|Any CPU.ActiveCfg = Release|Any CPU
		{BC023782-2913-447E-90C1-AF934F8F2CE1}.Release|Any CPU.Build.0 = Release|Any CPU
		{BC023782-2913-447E-90C1-AF934F8F2CE1}.Release|x64.ActiveCfg = Release|Any CPU
		{BC023782-2913-447E-90C1-AF934F8F2CE1}.Release|x64.Build.0 = Release|Any CPU
		{BC023782-2913-447E-90C1-AF934F8F2CE1}.Release|x86.ActiveCfg = Release|Any CPU
		{BC023782-2913-447E-90C1-AF934F8F2CE1}.Release|x86.Build.0 = Release|Any CPU
		{40F1D627-8E66-43D5-923E-318A5D67E3C1}.Debug|Any CPU.ActiveCfg = Debug|Any CPU
		{40F1D627-8E66-43D5-923E-318A5D67E3C1}.Debug|Any CPU.Build.0 = Debug|Any CPU
		{40F1D627-8E66-43D5-923E-318A5D67E3C1}.Debug|x64.ActiveCfg = Debug|Any CPU
		{40F1D627-8E66-43D5-923E-318A5D67E3C1}.Debug|x64.Build.0 = Debug|Any CPU
		{40F1D627-8E66-43D5-923E-318A5D67E3C1}.Debug|x86.ActiveCfg = Debug|Any CPU
		{40F1D627-8E66-43D5-923E-318A5D67E3C1}.Debug|x86.Build.0 = Debug|Any CPU
		{40F1D627-8E66-43D5-923E-318A5D67E3C1}.Net4Debug|Any CPU.ActiveCfg = Debug|Any CPU
		{40F1D627-8E66-43D5-923E-318A5D67E3C1}.Net4Debug|Any CPU.Build.0 = Debug|Any CPU
		{40F1D627-8E66-43D5-923E-318A5D67E3C1}.Net4Debug|x64.ActiveCfg = Debug|Any CPU
		{40F1D627-8E66-43D5-923E-318A5D67E3C1}.Net4Debug|x64.Build.0 = Debug|Any CPU
		{40F1D627-8E66-43D5-923E-318A5D67E3C1}.Net4Debug|x86.ActiveCfg = Debug|Any CPU
		{40F1D627-8E66-43D5-923E-318A5D67E3C1}.Net4Debug|x86.Build.0 = Debug|Any CPU
		{40F1D627-8E66-43D5-923E-318A5D67E3C1}.Net4Release|Any CPU.ActiveCfg = Release|Any CPU
		{40F1D627-8E66-43D5-923E-318A5D67E3C1}.Net4Release|Any CPU.Build.0 = Release|Any CPU
		{40F1D627-8E66-43D5-923E-318A5D67E3C1}.Net4Release|x64.ActiveCfg = Release|Any CPU
		{40F1D627-8E66-43D5-923E-318A5D67E3C1}.Net4Release|x64.Build.0 = Release|Any CPU
		{40F1D627-8E66-43D5-923E-318A5D67E3C1}.Net4Release|x86.ActiveCfg = Release|Any CPU
		{40F1D627-8E66-43D5-923E-318A5D67E3C1}.Net4Release|x86.Build.0 = Release|Any CPU
		{40F1D627-8E66-43D5-923E-318A5D67E3C1}.Release|Any CPU.ActiveCfg = Release|Any CPU
		{40F1D627-8E66-43D5-923E-318A5D67E3C1}.Release|Any CPU.Build.0 = Release|Any CPU
		{40F1D627-8E66-43D5-923E-318A5D67E3C1}.Release|x64.ActiveCfg = Release|Any CPU
		{40F1D627-8E66-43D5-923E-318A5D67E3C1}.Release|x64.Build.0 = Release|Any CPU
		{40F1D627-8E66-43D5-923E-318A5D67E3C1}.Release|x86.ActiveCfg = Release|Any CPU
		{40F1D627-8E66-43D5-923E-318A5D67E3C1}.Release|x86.Build.0 = Release|Any CPU
		{3ECE3C45-143E-40FE-9C9E-A21FA57FC421}.Debug|Any CPU.ActiveCfg = Debug|Any CPU
		{3ECE3C45-143E-40FE-9C9E-A21FA57FC421}.Debug|Any CPU.Build.0 = Debug|Any CPU
		{3ECE3C45-143E-40FE-9C9E-A21FA57FC421}.Debug|x64.ActiveCfg = Debug|Any CPU
		{3ECE3C45-143E-40FE-9C9E-A21FA57FC421}.Debug|x64.Build.0 = Debug|Any CPU
		{3ECE3C45-143E-40FE-9C9E-A21FA57FC421}.Debug|x86.ActiveCfg = Debug|Any CPU
		{3ECE3C45-143E-40FE-9C9E-A21FA57FC421}.Debug|x86.Build.0 = Debug|Any CPU
		{3ECE3C45-143E-40FE-9C9E-A21FA57FC421}.Net4Debug|Any CPU.ActiveCfg = Debug|Any CPU
		{3ECE3C45-143E-40FE-9C9E-A21FA57FC421}.Net4Debug|Any CPU.Build.0 = Debug|Any CPU
		{3ECE3C45-143E-40FE-9C9E-A21FA57FC421}.Net4Debug|x64.ActiveCfg = Debug|Any CPU
		{3ECE3C45-143E-40FE-9C9E-A21FA57FC421}.Net4Debug|x64.Build.0 = Debug|Any CPU
		{3ECE3C45-143E-40FE-9C9E-A21FA57FC421}.Net4Debug|x86.ActiveCfg = Debug|Any CPU
		{3ECE3C45-143E-40FE-9C9E-A21FA57FC421}.Net4Debug|x86.Build.0 = Debug|Any CPU
		{3ECE3C45-143E-40FE-9C9E-A21FA57FC421}.Net4Release|Any CPU.ActiveCfg = Release|Any CPU
		{3ECE3C45-143E-40FE-9C9E-A21FA57FC421}.Net4Release|Any CPU.Build.0 = Release|Any CPU
		{3ECE3C45-143E-40FE-9C9E-A21FA57FC421}.Net4Release|x64.ActiveCfg = Release|Any CPU
		{3ECE3C45-143E-40FE-9C9E-A21FA57FC421}.Net4Release|x64.Build.0 = Release|Any CPU
		{3ECE3C45-143E-40FE-9C9E-A21FA57FC421}.Net4Release|x86.ActiveCfg = Release|Any CPU
		{3ECE3C45-143E-40FE-9C9E-A21FA57FC421}.Net4Release|x86.Build.0 = Release|Any CPU
		{3ECE3C45-143E-40FE-9C9E-A21FA57FC421}.Release|Any CPU.ActiveCfg = Release|Any CPU
		{3ECE3C45-143E-40FE-9C9E-A21FA57FC421}.Release|Any CPU.Build.0 = Release|Any CPU
		{3ECE3C45-143E-40FE-9C9E-A21FA57FC421}.Release|x64.ActiveCfg = Release|Any CPU
		{3ECE3C45-143E-40FE-9C9E-A21FA57FC421}.Release|x64.Build.0 = Release|Any CPU
		{3ECE3C45-143E-40FE-9C9E-A21FA57FC421}.Release|x86.ActiveCfg = Release|Any CPU
		{3ECE3C45-143E-40FE-9C9E-A21FA57FC421}.Release|x86.Build.0 = Release|Any CPU
		{D85BE368-8C63-4BAC-A287-B111A5D25EFF}.Debug|Any CPU.ActiveCfg = Debug|Any CPU
		{D85BE368-8C63-4BAC-A287-B111A5D25EFF}.Debug|Any CPU.Build.0 = Debug|Any CPU
		{D85BE368-8C63-4BAC-A287-B111A5D25EFF}.Debug|x64.ActiveCfg = Debug|Any CPU
		{D85BE368-8C63-4BAC-A287-B111A5D25EFF}.Debug|x64.Build.0 = Debug|Any CPU
		{D85BE368-8C63-4BAC-A287-B111A5D25EFF}.Debug|x86.ActiveCfg = Debug|Any CPU
		{D85BE368-8C63-4BAC-A287-B111A5D25EFF}.Debug|x86.Build.0 = Debug|Any CPU
		{D85BE368-8C63-4BAC-A287-B111A5D25EFF}.Net4Debug|Any CPU.ActiveCfg = Debug|Any CPU
		{D85BE368-8C63-4BAC-A287-B111A5D25EFF}.Net4Debug|Any CPU.Build.0 = Debug|Any CPU
		{D85BE368-8C63-4BAC-A287-B111A5D25EFF}.Net4Debug|x64.ActiveCfg = Debug|Any CPU
		{D85BE368-8C63-4BAC-A287-B111A5D25EFF}.Net4Debug|x64.Build.0 = Debug|Any CPU
		{D85BE368-8C63-4BAC-A287-B111A5D25EFF}.Net4Debug|x86.ActiveCfg = Debug|Any CPU
		{D85BE368-8C63-4BAC-A287-B111A5D25EFF}.Net4Debug|x86.Build.0 = Debug|Any CPU
		{D85BE368-8C63-4BAC-A287-B111A5D25EFF}.Net4Release|Any CPU.ActiveCfg = Release|Any CPU
		{D85BE368-8C63-4BAC-A287-B111A5D25EFF}.Net4Release|Any CPU.Build.0 = Release|Any CPU
		{D85BE368-8C63-4BAC-A287-B111A5D25EFF}.Net4Release|x64.ActiveCfg = Release|Any CPU
		{D85BE368-8C63-4BAC-A287-B111A5D25EFF}.Net4Release|x64.Build.0 = Release|Any CPU
		{D85BE368-8C63-4BAC-A287-B111A5D25EFF}.Net4Release|x86.ActiveCfg = Release|Any CPU
		{D85BE368-8C63-4BAC-A287-B111A5D25EFF}.Net4Release|x86.Build.0 = Release|Any CPU
		{D85BE368-8C63-4BAC-A287-B111A5D25EFF}.Release|Any CPU.ActiveCfg = Release|Any CPU
		{D85BE368-8C63-4BAC-A287-B111A5D25EFF}.Release|Any CPU.Build.0 = Release|Any CPU
		{D85BE368-8C63-4BAC-A287-B111A5D25EFF}.Release|x64.ActiveCfg = Release|Any CPU
		{D85BE368-8C63-4BAC-A287-B111A5D25EFF}.Release|x64.Build.0 = Release|Any CPU
		{D85BE368-8C63-4BAC-A287-B111A5D25EFF}.Release|x86.ActiveCfg = Release|Any CPU
		{D85BE368-8C63-4BAC-A287-B111A5D25EFF}.Release|x86.Build.0 = Release|Any CPU
		{0111E912-93A7-4E95-81C6-1F565684336A}.Debug|Any CPU.ActiveCfg = Debug|Any CPU
		{0111E912-93A7-4E95-81C6-1F565684336A}.Debug|Any CPU.Build.0 = Debug|Any CPU
		{0111E912-93A7-4E95-81C6-1F565684336A}.Debug|x64.ActiveCfg = Debug|Any CPU
		{0111E912-93A7-4E95-81C6-1F565684336A}.Debug|x64.Build.0 = Debug|Any CPU
		{0111E912-93A7-4E95-81C6-1F565684336A}.Debug|x86.ActiveCfg = Debug|Any CPU
		{0111E912-93A7-4E95-81C6-1F565684336A}.Debug|x86.Build.0 = Debug|Any CPU
		{0111E912-93A7-4E95-81C6-1F565684336A}.Net4Debug|Any CPU.ActiveCfg = Debug|Any CPU
		{0111E912-93A7-4E95-81C6-1F565684336A}.Net4Debug|Any CPU.Build.0 = Debug|Any CPU
		{0111E912-93A7-4E95-81C6-1F565684336A}.Net4Debug|x64.ActiveCfg = Debug|Any CPU
		{0111E912-93A7-4E95-81C6-1F565684336A}.Net4Debug|x64.Build.0 = Debug|Any CPU
		{0111E912-93A7-4E95-81C6-1F565684336A}.Net4Debug|x86.ActiveCfg = Debug|Any CPU
		{0111E912-93A7-4E95-81C6-1F565684336A}.Net4Debug|x86.Build.0 = Debug|Any CPU
		{0111E912-93A7-4E95-81C6-1F565684336A}.Net4Release|Any CPU.ActiveCfg = Release|Any CPU
		{0111E912-93A7-4E95-81C6-1F565684336A}.Net4Release|Any CPU.Build.0 = Release|Any CPU
		{0111E912-93A7-4E95-81C6-1F565684336A}.Net4Release|x64.ActiveCfg = Release|Any CPU
		{0111E912-93A7-4E95-81C6-1F565684336A}.Net4Release|x64.Build.0 = Release|Any CPU
		{0111E912-93A7-4E95-81C6-1F565684336A}.Net4Release|x86.ActiveCfg = Release|Any CPU
		{0111E912-93A7-4E95-81C6-1F565684336A}.Net4Release|x86.Build.0 = Release|Any CPU
		{0111E912-93A7-4E95-81C6-1F565684336A}.Release|Any CPU.ActiveCfg = Release|Any CPU
		{0111E912-93A7-4E95-81C6-1F565684336A}.Release|Any CPU.Build.0 = Release|Any CPU
		{0111E912-93A7-4E95-81C6-1F565684336A}.Release|x64.ActiveCfg = Release|Any CPU
		{0111E912-93A7-4E95-81C6-1F565684336A}.Release|x64.Build.0 = Release|Any CPU
		{0111E912-93A7-4E95-81C6-1F565684336A}.Release|x86.ActiveCfg = Release|Any CPU
		{0111E912-93A7-4E95-81C6-1F565684336A}.Release|x86.Build.0 = Release|Any CPU
		{F20E4565-5DDB-4E1E-A343-369927C01277}.Debug|Any CPU.ActiveCfg = Debug|Any CPU
		{F20E4565-5DDB-4E1E-A343-369927C01277}.Debug|Any CPU.Build.0 = Debug|Any CPU
		{F20E4565-5DDB-4E1E-A343-369927C01277}.Debug|x64.ActiveCfg = Debug|Any CPU
		{F20E4565-5DDB-4E1E-A343-369927C01277}.Debug|x64.Build.0 = Debug|Any CPU
		{F20E4565-5DDB-4E1E-A343-369927C01277}.Debug|x86.ActiveCfg = Debug|Any CPU
		{F20E4565-5DDB-4E1E-A343-369927C01277}.Debug|x86.Build.0 = Debug|Any CPU
		{F20E4565-5DDB-4E1E-A343-369927C01277}.Net4Debug|Any CPU.ActiveCfg = Debug|Any CPU
		{F20E4565-5DDB-4E1E-A343-369927C01277}.Net4Debug|Any CPU.Build.0 = Debug|Any CPU
		{F20E4565-5DDB-4E1E-A343-369927C01277}.Net4Debug|x64.ActiveCfg = Debug|Any CPU
		{F20E4565-5DDB-4E1E-A343-369927C01277}.Net4Debug|x64.Build.0 = Debug|Any CPU
		{F20E4565-5DDB-4E1E-A343-369927C01277}.Net4Debug|x86.ActiveCfg = Debug|Any CPU
		{F20E4565-5DDB-4E1E-A343-369927C01277}.Net4Debug|x86.Build.0 = Debug|Any CPU
		{F20E4565-5DDB-4E1E-A343-369927C01277}.Net4Release|Any CPU.ActiveCfg = Release|Any CPU
		{F20E4565-5DDB-4E1E-A343-369927C01277}.Net4Release|Any CPU.Build.0 = Release|Any CPU
		{F20E4565-5DDB-4E1E-A343-369927C01277}.Net4Release|x64.ActiveCfg = Release|Any CPU
		{F20E4565-5DDB-4E1E-A343-369927C01277}.Net4Release|x64.Build.0 = Release|Any CPU
		{F20E4565-5DDB-4E1E-A343-369927C01277}.Net4Release|x86.ActiveCfg = Release|Any CPU
		{F20E4565-5DDB-4E1E-A343-369927C01277}.Net4Release|x86.Build.0 = Release|Any CPU
		{F20E4565-5DDB-4E1E-A343-369927C01277}.Release|Any CPU.ActiveCfg = Release|Any CPU
		{F20E4565-5DDB-4E1E-A343-369927C01277}.Release|Any CPU.Build.0 = Release|Any CPU
		{F20E4565-5DDB-4E1E-A343-369927C01277}.Release|x64.ActiveCfg = Release|Any CPU
		{F20E4565-5DDB-4E1E-A343-369927C01277}.Release|x64.Build.0 = Release|Any CPU
		{F20E4565-5DDB-4E1E-A343-369927C01277}.Release|x86.ActiveCfg = Release|Any CPU
		{F20E4565-5DDB-4E1E-A343-369927C01277}.Release|x86.Build.0 = Release|Any CPU
		{E34DF33A-4755-43AC-A652-11AF8ED6ABB0}.Debug|Any CPU.ActiveCfg = Debug|Any CPU
		{E34DF33A-4755-43AC-A652-11AF8ED6ABB0}.Debug|Any CPU.Build.0 = Debug|Any CPU
		{E34DF33A-4755-43AC-A652-11AF8ED6ABB0}.Debug|x64.ActiveCfg = Debug|Any CPU
		{E34DF33A-4755-43AC-A652-11AF8ED6ABB0}.Debug|x64.Build.0 = Debug|Any CPU
		{E34DF33A-4755-43AC-A652-11AF8ED6ABB0}.Debug|x86.ActiveCfg = Debug|Any CPU
		{E34DF33A-4755-43AC-A652-11AF8ED6ABB0}.Debug|x86.Build.0 = Debug|Any CPU
		{E34DF33A-4755-43AC-A652-11AF8ED6ABB0}.Net4Debug|Any CPU.ActiveCfg = Debug|Any CPU
		{E34DF33A-4755-43AC-A652-11AF8ED6ABB0}.Net4Debug|Any CPU.Build.0 = Debug|Any CPU
		{E34DF33A-4755-43AC-A652-11AF8ED6ABB0}.Net4Debug|x64.ActiveCfg = Debug|Any CPU
		{E34DF33A-4755-43AC-A652-11AF8ED6ABB0}.Net4Debug|x64.Build.0 = Debug|Any CPU
		{E34DF33A-4755-43AC-A652-11AF8ED6ABB0}.Net4Debug|x86.ActiveCfg = Debug|Any CPU
		{E34DF33A-4755-43AC-A652-11AF8ED6ABB0}.Net4Debug|x86.Build.0 = Debug|Any CPU
		{E34DF33A-4755-43AC-A652-11AF8ED6ABB0}.Net4Release|Any CPU.ActiveCfg = Release|Any CPU
		{E34DF33A-4755-43AC-A652-11AF8ED6ABB0}.Net4Release|Any CPU.Build.0 = Release|Any CPU
		{E34DF33A-4755-43AC-A652-11AF8ED6ABB0}.Net4Release|x64.ActiveCfg = Release|Any CPU
		{E34DF33A-4755-43AC-A652-11AF8ED6ABB0}.Net4Release|x64.Build.0 = Release|Any CPU
		{E34DF33A-4755-43AC-A652-11AF8ED6ABB0}.Net4Release|x86.ActiveCfg = Release|Any CPU
		{E34DF33A-4755-43AC-A652-11AF8ED6ABB0}.Net4Release|x86.Build.0 = Release|Any CPU
		{E34DF33A-4755-43AC-A652-11AF8ED6ABB0}.Release|Any CPU.ActiveCfg = Release|Any CPU
		{E34DF33A-4755-43AC-A652-11AF8ED6ABB0}.Release|Any CPU.Build.0 = Release|Any CPU
		{E34DF33A-4755-43AC-A652-11AF8ED6ABB0}.Release|x64.ActiveCfg = Release|Any CPU
		{E34DF33A-4755-43AC-A652-11AF8ED6ABB0}.Release|x64.Build.0 = Release|Any CPU
		{E34DF33A-4755-43AC-A652-11AF8ED6ABB0}.Release|x86.ActiveCfg = Release|Any CPU
		{E34DF33A-4755-43AC-A652-11AF8ED6ABB0}.Release|x86.Build.0 = Release|Any CPU
		{1E9121AA-49AF-4D28-8C5A-DB8F417B7786}.Debug|Any CPU.ActiveCfg = Debug|Any CPU
		{1E9121AA-49AF-4D28-8C5A-DB8F417B7786}.Debug|Any CPU.Build.0 = Debug|Any CPU
		{1E9121AA-49AF-4D28-8C5A-DB8F417B7786}.Debug|x64.ActiveCfg = Debug|Any CPU
		{1E9121AA-49AF-4D28-8C5A-DB8F417B7786}.Debug|x64.Build.0 = Debug|Any CPU
		{1E9121AA-49AF-4D28-8C5A-DB8F417B7786}.Debug|x86.ActiveCfg = Debug|Any CPU
		{1E9121AA-49AF-4D28-8C5A-DB8F417B7786}.Debug|x86.Build.0 = Debug|Any CPU
		{1E9121AA-49AF-4D28-8C5A-DB8F417B7786}.Net4Debug|Any CPU.ActiveCfg = Debug|Any CPU
		{1E9121AA-49AF-4D28-8C5A-DB8F417B7786}.Net4Debug|Any CPU.Build.0 = Debug|Any CPU
		{1E9121AA-49AF-4D28-8C5A-DB8F417B7786}.Net4Debug|x64.ActiveCfg = Debug|Any CPU
		{1E9121AA-49AF-4D28-8C5A-DB8F417B7786}.Net4Debug|x64.Build.0 = Debug|Any CPU
		{1E9121AA-49AF-4D28-8C5A-DB8F417B7786}.Net4Debug|x86.ActiveCfg = Debug|Any CPU
		{1E9121AA-49AF-4D28-8C5A-DB8F417B7786}.Net4Debug|x86.Build.0 = Debug|Any CPU
		{1E9121AA-49AF-4D28-8C5A-DB8F417B7786}.Net4Release|Any CPU.ActiveCfg = Release|Any CPU
		{1E9121AA-49AF-4D28-8C5A-DB8F417B7786}.Net4Release|Any CPU.Build.0 = Release|Any CPU
		{1E9121AA-49AF-4D28-8C5A-DB8F417B7786}.Net4Release|x64.ActiveCfg = Release|Any CPU
		{1E9121AA-49AF-4D28-8C5A-DB8F417B7786}.Net4Release|x64.Build.0 = Release|Any CPU
		{1E9121AA-49AF-4D28-8C5A-DB8F417B7786}.Net4Release|x86.ActiveCfg = Release|Any CPU
		{1E9121AA-49AF-4D28-8C5A-DB8F417B7786}.Net4Release|x86.Build.0 = Release|Any CPU
		{1E9121AA-49AF-4D28-8C5A-DB8F417B7786}.Release|Any CPU.ActiveCfg = Release|Any CPU
		{1E9121AA-49AF-4D28-8C5A-DB8F417B7786}.Release|Any CPU.Build.0 = Release|Any CPU
		{1E9121AA-49AF-4D28-8C5A-DB8F417B7786}.Release|x64.ActiveCfg = Release|Any CPU
		{1E9121AA-49AF-4D28-8C5A-DB8F417B7786}.Release|x64.Build.0 = Release|Any CPU
		{1E9121AA-49AF-4D28-8C5A-DB8F417B7786}.Release|x86.ActiveCfg = Release|Any CPU
		{1E9121AA-49AF-4D28-8C5A-DB8F417B7786}.Release|x86.Build.0 = Release|Any CPU
	EndGlobalSection
	GlobalSection(SolutionProperties) = preSolution
		HideSolutionNode = FALSE
	EndGlobalSection
	GlobalSection(ExtensibilityGlobals) = postSolution
		SolutionGuid = {8179DE31-A058-4010-8162-B0C41C2851E5}
	EndGlobalSection
EndGlobal
