
Microsoft Visual Studio Solution File, Format Version 12.00
# Visual Studio Version 17
VisualStudioVersion = 17.4.33110.190
MinimumVisualStudioVersion = 10.0.40219.1
Project("{CC5FD16D-436D-48AD-A40C-5A424C6E3E79}") = "AzureCloudService1", "AzureCloudService1\AzureCloudService1.ccproj", "{C94ACDAE-12F1-494F-8CD3-6ED0694A2082}"
EndProject
Project("{FAE04EC0-301F-11D3-BF4B-00C04F79EFBC}") = "WorkerRole1", "WorkerRole1\WorkerRole1.csproj", "{33C7034E-5D77-4BC6-9DC1-1703EA782418}"
EndProject
Global
	GlobalSection(SolutionConfigurationPlatforms) = preSolution
		Debug|Any CPU = Debug|Any CPU
		Release|Any CPU = Release|Any CPU
	EndGlobalSection
	GlobalSection(ProjectConfigurationPlatforms) = postSolution
		{C94ACDAE-12F1-494F-8CD3-6ED0694A2082}.Debug|Any CPU.ActiveCfg = Debug|Any CPU
		{C94ACDAE-12F1-494F-8CD3-6ED0694A2082}.Debug|Any CPU.Build.0 = Debug|Any CPU
		{C94ACDAE-12F1-494F-8CD3-6ED0694A2082}.Release|Any CPU.ActiveCfg = Release|Any CPU
		{C94ACDAE-12F1-494F-8CD3-6ED0694A2082}.Release|Any CPU.Build.0 = Release|Any CPU
		{33C7034E-5D77-4BC6-9DC1-1703EA782418}.Debug|Any CPU.ActiveCfg = Debug|Any CPU
		{33C7034E-5D77-4BC6-9DC1-1703EA782418}.Debug|Any CPU.Build.0 = Debug|Any CPU
		{33C7034E-5D77-4BC6-9DC1-1703EA782418}.Release|Any CPU.ActiveCfg = Release|Any CPU
		{33C7034E-5D77-4BC6-9DC1-1703EA782418}.Release|Any CPU.Build.0 = Release|Any CPU
	EndGlobalSection
	GlobalSection(SolutionProperties) = preSolution
		HideSolutionNode = FALSE
	EndGlobalSection
	GlobalSection(ExtensibilityGlobals) = postSolution
		SolutionGuid = {F3BCD624-F9EF-4A2C-9FB7-DFEE8F343B15}
	EndGlobalSection
EndGlobal
